// !$*UTF8*$!
{
	archiveVersion = 1;
	classes = {
	};
	objectVersion = 46;
	objects = {

/* Begin PBXBuildFile section */
		0770A98F1BC4EEB8007080F1 /* OnMapH.png in Resources */ = {isa = PBXBuildFile; fileRef = 0770A98E1BC4EEB8007080F1 /* OnMapH.png */; };
		0770A9931BC4F157007080F1 /* OnMapMajor.png in Resources */ = {isa = PBXBuildFile; fileRef = 0770A9901BC4F157007080F1 /* OnMapMajor.png */; };
		0770A9941BC4F157007080F1 /* OnMapMinor.png in Resources */ = {isa = PBXBuildFile; fileRef = 0770A9911BC4F157007080F1 /* OnMapMinor.png */; };
		0770A9951BC4F157007080F1 /* OnMapCons.png in Resources */ = {isa = PBXBuildFile; fileRef = 0770A9921BC4F157007080F1 /* OnMapCons.png */; };
		0770A9971BC4F53C007080F1 /* OnMapModerate.png in Resources */ = {isa = PBXBuildFile; fileRef = 0770A9961BC4F53C007080F1 /* OnMapModerate.png */; };
		0770A9991BC4F542007080F1 /* OnMapOther.png in Resources */ = {isa = PBXBuildFile; fileRef = 0770A9981BC4F542007080F1 /* OnMapOther.png */; };
		0770A99B1BC4F54B007080F1 /* OnMapStand.png in Resources */ = {isa = PBXBuildFile; fileRef = 0770A99A1BC4F54B007080F1 /* OnMapStand.png */; };
		0770A99D1BC4F578007080F1 /* OnMapHeavy.png in Resources */ = {isa = PBXBuildFile; fileRef = 0770A99C1BC4F578007080F1 /* OnMapHeavy.png */; };
		077919321BBBF41900AB0DB1 /* AllVC.swift in Sources */ = {isa = PBXBuildFile; fileRef = 0779192E1BBBF41900AB0DB1 /* AllVC.swift */; };
		077919331BBBF41900AB0DB1 /* LocationFilteration.swift in Sources */ = {isa = PBXBuildFile; fileRef = 0779192F1BBBF41900AB0DB1 /* LocationFilteration.swift */; };
		077919341BBBF41900AB0DB1 /* Main_4.storyboard in Resources */ = {isa = PBXBuildFile; fileRef = 077919301BBBF41900AB0DB1 /* Main_4.storyboard */; };
		077919351BBBF41900AB0DB1 /* ReportsMainVC.swift in Sources */ = {isa = PBXBuildFile; fileRef = 077919311BBBF41900AB0DB1 /* ReportsMainVC.swift */; };
		0779194A1BBBF46200AB0DB1 /* OnRoad.png in Resources */ = {isa = PBXBuildFile; fileRef = 077919371BBBF46200AB0DB1 /* OnRoad.png */; };
		0779194B1BBBF46200AB0DB1 /* OnRoadG.png in Resources */ = {isa = PBXBuildFile; fileRef = 077919381BBBF46200AB0DB1 /* OnRoadG.png */; };
		0779194C1BBBF46200AB0DB1 /* Major.png in Resources */ = {isa = PBXBuildFile; fileRef = 077919391BBBF46200AB0DB1 /* Major.png */; };
		0779194D1BBBF46200AB0DB1 /* MajorG.png in Resources */ = {isa = PBXBuildFile; fileRef = 0779193A1BBBF46200AB0DB1 /* MajorG.png */; };
		0779194E1BBBF46200AB0DB1 /* Minor.png in Resources */ = {isa = PBXBuildFile; fileRef = 0779193B1BBBF46200AB0DB1 /* Minor.png */; };
		0779194F1BBBF46200AB0DB1 /* MinorG.png in Resources */ = {isa = PBXBuildFile; fileRef = 0779193C1BBBF46200AB0DB1 /* MinorG.png */; };
		077919501BBBF46200AB0DB1 /* accidents.png in Resources */ = {isa = PBXBuildFile; fileRef = 0779193D1BBBF46200AB0DB1 /* accidents.png */; };
		077919511BBBF46200AB0DB1 /* construction.png in Resources */ = {isa = PBXBuildFile; fileRef = 0779193E1BBBF46200AB0DB1 /* construction.png */; };
		077919521BBBF46200AB0DB1 /* constructionG.png in Resources */ = {isa = PBXBuildFile; fileRef = 0779193F1BBBF46200AB0DB1 /* constructionG.png */; };
		077919531BBBF46200AB0DB1 /* hazard.png in Resources */ = {isa = PBXBuildFile; fileRef = 077919401BBBF46200AB0DB1 /* hazard.png */; };
		077919541BBBF46200AB0DB1 /* heavy.png in Resources */ = {isa = PBXBuildFile; fileRef = 077919411BBBF46200AB0DB1 /* heavy.png */; };
		077919551BBBF46200AB0DB1 /* heavyG.png in Resources */ = {isa = PBXBuildFile; fileRef = 077919421BBBF46200AB0DB1 /* heavyG.png */; };
		077919561BBBF46200AB0DB1 /* moderate.png in Resources */ = {isa = PBXBuildFile; fileRef = 077919431BBBF46200AB0DB1 /* moderate.png */; };
		077919571BBBF46200AB0DB1 /* moderateG.png in Resources */ = {isa = PBXBuildFile; fileRef = 077919441BBBF46200AB0DB1 /* moderateG.png */; };
		077919581BBBF46200AB0DB1 /* other.png in Resources */ = {isa = PBXBuildFile; fileRef = 077919451BBBF46200AB0DB1 /* other.png */; };
		077919591BBBF46200AB0DB1 /* otherG.png in Resources */ = {isa = PBXBuildFile; fileRef = 077919461BBBF46200AB0DB1 /* otherG.png */; };
		0779195B1BBBF46200AB0DB1 /* standStillG.png in Resources */ = {isa = PBXBuildFile; fileRef = 077919481BBBF46200AB0DB1 /* standStillG.png */; };
		0779195C1BBBF46200AB0DB1 /* traffic.png in Resources */ = {isa = PBXBuildFile; fileRef = 077919491BBBF46200AB0DB1 /* traffic.png */; };
		077919621BBBF48400AB0DB1 /* accidentVC.swift in Sources */ = {isa = PBXBuildFile; fileRef = 0779195E1BBBF48400AB0DB1 /* accidentVC.swift */; };
		0779196C1BBBF4B100AB0DB1 /* trafficVC.swift in Sources */ = {isa = PBXBuildFile; fileRef = 077919671BBBF4B100AB0DB1 /* trafficVC.swift */; };
		077919761BBBF4CD00AB0DB1 /* hazardVC.swift in Sources */ = {isa = PBXBuildFile; fileRef = 077919721BBBF4CD00AB0DB1 /* hazardVC.swift */; };
		0779197E1BBBF4EB00AB0DB1 /* otherVC.swift in Sources */ = {isa = PBXBuildFile; fileRef = 0779197B1BBBF4EB00AB0DB1 /* otherVC.swift */; };
		0787800B1BBD1F9F00B7CF93 /* KhalidViewController.swift in Sources */ = {isa = PBXBuildFile; fileRef = 078780081BBD1F9F00B7CF93 /* KhalidViewController.swift */; };
		0787800C1BBD1F9F00B7CF93 /* KhalidMapTasks.swift in Sources */ = {isa = PBXBuildFile; fileRef = 078780091BBD1F9F00B7CF93 /* KhalidMapTasks.swift */; };
		0793071F1BC27D0700F24080 /* ListAllReports.swift in Sources */ = {isa = PBXBuildFile; fileRef = 0793071E1BC27D0700F24080 /* ListAllReports.swift */; };
		141092691B8CB71F00CD3114 /* POI.storyboard in Resources */ = {isa = PBXBuildFile; fileRef = 141092681B8CB71F00CD3114 /* POI.storyboard */; };
		141092721B8CB76300CD3114 /* MapViewController.swift in Sources */ = {isa = PBXBuildFile; fileRef = 1410926A1B8CB76300CD3114 /* MapViewController.swift */; };
		141092731B8CB76300CD3114 /* TypesTableViewController.swift in Sources */ = {isa = PBXBuildFile; fileRef = 1410926B1B8CB76300CD3114 /* TypesTableViewController.swift */; };
		141092741B8CB76300CD3114 /* GoogleDataProvider.swift in Sources */ = {isa = PBXBuildFile; fileRef = 1410926C1B8CB76300CD3114 /* GoogleDataProvider.swift */; };
		141092751B8CB76300CD3114 /* GooglePlace.swift in Sources */ = {isa = PBXBuildFile; fileRef = 1410926D1B8CB76300CD3114 /* GooglePlace.swift */; };
		141092761B8CB76300CD3114 /* PlaceMarker.swift in Sources */ = {isa = PBXBuildFile; fileRef = 1410926E1B8CB76300CD3114 /* PlaceMarker.swift */; };
		141092771B8CB76300CD3114 /* MarkerInfoView.swift in Sources */ = {isa = PBXBuildFile; fileRef = 1410926F1B8CB76300CD3114 /* MarkerInfoView.swift */; };
		141092781B8CB76300CD3114 /* MarkerInfoView.xib in Resources */ = {isa = PBXBuildFile; fileRef = 141092701B8CB76300CD3114 /* MarkerInfoView.xib */; };
		141092791B8CB76300CD3114 /* UIViewExtension.swift in Sources */ = {isa = PBXBuildFile; fileRef = 141092711B8CB76300CD3114 /* UIViewExtension.swift */; };
		1429137D19D97A4F0025188A /* MyMenuTableViewController.swift in Sources */ = {isa = PBXBuildFile; fileRef = 1429137C19D97A4F0025188A /* MyMenuTableViewController.swift */; };
		1429139319DA9F4D0025188A /* MyNavigationController.swift in Sources */ = {isa = PBXBuildFile; fileRef = 1429139219DA9F4D0025188A /* MyNavigationController.swift */; };
		142AAA7B1BC12D220089F62F /* BluePushpin.png in Resources */ = {isa = PBXBuildFile; fileRef = 142AAA701BC12D220089F62F /* BluePushpin.png */; };
		143615651B8F1A34003FD356 /* defaultPoint.jpg in Resources */ = {isa = PBXBuildFile; fileRef = 143615641B8F1A34003FD356 /* defaultPoint.jpg */; };
		143615671B8F1A62003FD356 /* AddNewPOI.swift in Sources */ = {isa = PBXBuildFile; fileRef = 143615661B8F1A62003FD356 /* AddNewPOI.swift */; };
		143615691B8F1A8F003FD356 /* Team3.storyboard in Resources */ = {isa = PBXBuildFile; fileRef = 143615681B8F1A8F003FD356 /* Team3.storyboard */; };
		1436156B1B8F1AC7003FD356 /* TypesOfPOI.swift in Sources */ = {isa = PBXBuildFile; fileRef = 1436156A1B8F1AC7003FD356 /* TypesOfPOI.swift */; };
		1436156D1B8F1AD4003FD356 /* SubTypesOfPOI.swift in Sources */ = {isa = PBXBuildFile; fileRef = 1436156C1B8F1AD4003FD356 /* SubTypesOfPOI.swift */; };
		1436156F1B8F1AF6003FD356 /* MoreInfoOfPOI.swift in Sources */ = {isa = PBXBuildFile; fileRef = 1436156E1B8F1AF6003FD356 /* MoreInfoOfPOI.swift */; };
		143615711B8F1CC3003FD356 /* GetLocationVC.swift in Sources */ = {isa = PBXBuildFile; fileRef = 143615701B8F1CC3003FD356 /* GetLocationVC.swift */; };
		14674B711BBBCFEE00D20067 /* SystemConfiguration.framework in Frameworks */ = {isa = PBXBuildFile; fileRef = 14674B701BBBCFEE00D20067 /* SystemConfiguration.framework */; };
		14DC31C01BCEB31800DB3B62 /* GooglePlacesSearchController.swift in Sources */ = {isa = PBXBuildFile; fileRef = 14DC31BD1BCEB31800DB3B62 /* GooglePlacesSearchController.swift */; };
		14DC31C11BCEB31800DB3B62 /* PlaceSearchController.swift in Sources */ = {isa = PBXBuildFile; fileRef = 14DC31BE1BCEB31800DB3B62 /* PlaceSearchController.swift */; };
		14DC31C21BCEB31800DB3B62 /* GooglePlaceSearch.storyboard in Resources */ = {isa = PBXBuildFile; fileRef = 14DC31BF1BCEB31800DB3B62 /* GooglePlaceSearch.storyboard */; };
		49A961F51BC18F0100622F8D /* AddNewFavoriteVC.swift in Sources */ = {isa = PBXBuildFile; fileRef = 49A961F41BC18F0000622F8D /* AddNewFavoriteVC.swift */; };
		49A961F71BC18F3400622F8D /* Favorite.swift in Sources */ = {isa = PBXBuildFile; fileRef = 49A961F61BC18F3400622F8D /* Favorite.swift */; };
		49A961F91BC18F4700622F8D /* FavoritesViewController.swift in Sources */ = {isa = PBXBuildFile; fileRef = 49A961F81BC18F4700622F8D /* FavoritesViewController.swift */; };
		49A961FB1BC18F5F00622F8D /* ManageFavorites.swift in Sources */ = {isa = PBXBuildFile; fileRef = 49A961FA1BC18F5F00622F8D /* ManageFavorites.swift */; };
		49A961FD1BC18F7500622F8D /* RetrieveFavoritesInterface.swift in Sources */ = {isa = PBXBuildFile; fileRef = 49A961FC1BC18F7500622F8D /* RetrieveFavoritesInterface.swift */; };
		49A961FF1BC18F8600622F8D /* Team3.storyboard.favorites.storyboard in Resources */ = {isa = PBXBuildFile; fileRef = 49A961FE1BC18F8600622F8D /* Team3.storyboard.favorites.storyboard */; };
		49A962011BC18F9900622F8D /* Share.swift in Sources */ = {isa = PBXBuildFile; fileRef = 49A962001BC18F9900622F8D /* Share.swift */; };
		49DBC8C91BCA227800BF0C0C /* DatesTVC.swift in Sources */ = {isa = PBXBuildFile; fileRef = 49DBC8C81BCA227800BF0C0C /* DatesTVC.swift */; };
		49EEC6001BCE667A001E365C /* AddFavorite.swift in Sources */ = {isa = PBXBuildFile; fileRef = 49EEC5FF1BCE667A001E365C /* AddFavorite.swift */; };
		49EEC6021BCE6CF5001E365C /* DeleteFavorite.swift in Sources */ = {isa = PBXBuildFile; fileRef = 49EEC6011BCE6CF5001E365C /* DeleteFavorite.swift */; };
		522B7E921B86253C000A5678 /* ENSideMenu.swift in Sources */ = {isa = PBXBuildFile; fileRef = 522B7E901B86253C000A5678 /* ENSideMenu.swift */; };
		522B7E931B86253C000A5678 /* ENSideMenuNavigationController.swift in Sources */ = {isa = PBXBuildFile; fileRef = 522B7E911B86253C000A5678 /* ENSideMenuNavigationController.swift */; };
		526014461B81CB1600498D3F /* MenuItem.swift in Sources */ = {isa = PBXBuildFile; fileRef = 526014451B81CB1500498D3F /* MenuItem.swift */; };
		52ECD6D71B8643DE00718350 /* AHKActionSheet.m in Sources */ = {isa = PBXBuildFile; fileRef = 52ECD6D01B8643DE00718350 /* AHKActionSheet.m */; };
		52ECD6D81B8643DE00718350 /* AHKActionSheetViewController.m in Sources */ = {isa = PBXBuildFile; fileRef = 52ECD6D21B8643DE00718350 /* AHKActionSheetViewController.m */; };
		52ECD6D91B8643DE00718350 /* UIImage+AHKAdditions.m in Sources */ = {isa = PBXBuildFile; fileRef = 52ECD6D41B8643DE00718350 /* UIImage+AHKAdditions.m */; };
		52ECD6DA1B8643DE00718350 /* UIWindow+AHKAdditions.m in Sources */ = {isa = PBXBuildFile; fileRef = 52ECD6D61B8643DE00718350 /* UIWindow+AHKAdditions.m */; };
		52F57A741B85E97100A51E54 /* GetLocation.storyboard in Resources */ = {isa = PBXBuildFile; fileRef = 52F57A721B85E97100A51E54 /* GetLocation.storyboard */; };
		5C132589198E2A9A00CA49BE /* AppDelegate.swift in Sources */ = {isa = PBXBuildFile; fileRef = 5C132588198E2A9A00CA49BE /* AppDelegate.swift */; };
		5C13258B198E2A9A00CA49BE /* ViewController.swift in Sources */ = {isa = PBXBuildFile; fileRef = 5C13258A198E2A9A00CA49BE /* ViewController.swift */; };
		5C132590198E2A9A00CA49BE /* Images.xcassets in Resources */ = {isa = PBXBuildFile; fileRef = 5C13258F198E2A9A00CA49BE /* Images.xcassets */; };
		5C13259C198E2A9A00CA49BE /* SwiftSideMenuTests.swift in Sources */ = {isa = PBXBuildFile; fileRef = 5C13259B198E2A9A00CA49BE /* SwiftSideMenuTests.swift */; };
		5C1325AA198E2AB300CA49BE /* image.png in Resources */ = {isa = PBXBuildFile; fileRef = 5C1325A7198E2AB300CA49BE /* image.png */; };
		5C6D6A271A7E26380047FE0D /* ViewController2.swift in Sources */ = {isa = PBXBuildFile; fileRef = 5C6D6A261A7E26380047FE0D /* ViewController2.swift */; };
		6C83464B1BC6809500FD0CE4 /* Data.swift in Sources */ = {isa = PBXBuildFile; fileRef = 6C8346451BC6809500FD0CE4 /* Data.swift */; };
		6C83464C1BC6809500FD0CE4 /* DaysListTVC.swift in Sources */ = {isa = PBXBuildFile; fileRef = 6C8346461BC6809500FD0CE4 /* DaysListTVC.swift */; };
		6C83464D1BC6809500FD0CE4 /* MonitorReportSample.plist in Resources */ = {isa = PBXBuildFile; fileRef = 6C8346471BC6809500FD0CE4 /* MonitorReportSample.plist */; };
		6C83464E1BC6809500FD0CE4 /* MonitorReportVC.swift in Sources */ = {isa = PBXBuildFile; fileRef = 6C8346481BC6809500FD0CE4 /* MonitorReportVC.swift */; };
		6C83464F1BC6809500FD0CE4 /* ReadReport.swift in Sources */ = {isa = PBXBuildFile; fileRef = 6C8346491BC6809500FD0CE4 /* ReadReport.swift */; };
		6C8346581BC680A000FD0CE4 /* AddDailyRouteVC.swift in Sources */ = {isa = PBXBuildFile; fileRef = 6C8346511BC680A000FD0CE4 /* AddDailyRouteVC.swift */; };
		6C8346591BC680A000FD0CE4 /* AllpListController.swift in Sources */ = {isa = PBXBuildFile; fileRef = 6C8346521BC680A000FD0CE4 /* AllpListController.swift */; };
		6C83465A1BC680A000FD0CE4 /* CommentLocation.swift in Sources */ = {isa = PBXBuildFile; fileRef = 6C8346531BC680A000FD0CE4 /* CommentLocation.swift */; };
		6C83465B1BC680A000FD0CE4 /* DailyReportVC.swift in Sources */ = {isa = PBXBuildFile; fileRef = 6C8346541BC680A000FD0CE4 /* DailyReportVC.swift */; };
		6C83465C1BC680A000FD0CE4 /* DailyRouteHolder.swift in Sources */ = {isa = PBXBuildFile; fileRef = 6C8346551BC680A000FD0CE4 /* DailyRouteHolder.swift */; };
		6C83465D1BC680A000FD0CE4 /* DailyRouteViewController.swift in Sources */ = {isa = PBXBuildFile; fileRef = 6C8346561BC680A000FD0CE4 /* DailyRouteViewController.swift */; };
		6C83465E1BC680A000FD0CE4 /* ModifyDailyRouteVC.swift in Sources */ = {isa = PBXBuildFile; fileRef = 6C8346571BC680A000FD0CE4 /* ModifyDailyRouteVC.swift */; };
		6C8346651BC680B100FD0CE4 /* AddDriverVC.swift in Sources */ = {isa = PBXBuildFile; fileRef = 6C83465F1BC680B100FD0CE4 /* AddDriverVC.swift */; };
		6C8346661BC680B100FD0CE4 /* DriversListVC.swift in Sources */ = {isa = PBXBuildFile; fileRef = 6C8346601BC680B100FD0CE4 /* DriversListVC.swift */; };
		6C8346671BC680B100FD0CE4 /* drivers.plist in Resources */ = {isa = PBXBuildFile; fileRef = 6C8346611BC680B100FD0CE4 /* drivers.plist */; };
		6C8346681BC680B100FD0CE4 /* DriverDetailsVC.swift in Sources */ = {isa = PBXBuildFile; fileRef = 6C8346621BC680B100FD0CE4 /* DriverDetailsVC.swift */; };
		6C8346691BC680B100FD0CE4 /* DriverCustomCell.swift in Sources */ = {isa = PBXBuildFile; fileRef = 6C8346631BC680B100FD0CE4 /* DriverCustomCell.swift */; };
		6C83466A1BC680B100FD0CE4 /* DriverReportCustomTVC.swift in Sources */ = {isa = PBXBuildFile; fileRef = 6C8346641BC680B100FD0CE4 /* DriverReportCustomTVC.swift */; };
		6C8346731BC680C200FD0CE4 /* FileUtils.swift in Sources */ = {isa = PBXBuildFile; fileRef = 6C83466B1BC680C200FD0CE4 /* FileUtils.swift */; };
		6C8346741BC680C200FD0CE4 /* Team5_m.storyboard in Resources */ = {isa = PBXBuildFile; fileRef = 6C83466C1BC680C200FD0CE4 /* Team5_m.storyboard */; };
		6C8346751BC680C200FD0CE4 /* DriverCustomCell.xib in Resources */ = {isa = PBXBuildFile; fileRef = 6C83466D1BC680C200FD0CE4 /* DriverCustomCell.xib */; };
		6C8346761BC680C200FD0CE4 /* AppSettings.swift in Sources */ = {isa = PBXBuildFile; fileRef = 6C83466E1BC680C200FD0CE4 /* AppSettings.swift */; };
		6C8346771BC680C200FD0CE4 /* Team5.storyboard in Resources */ = {isa = PBXBuildFile; fileRef = 6C83466F1BC680C200FD0CE4 /* Team5.storyboard */; };
		6C8346781BC680C200FD0CE4 /* UISettings.swift in Sources */ = {isa = PBXBuildFile; fileRef = 6C8346701BC680C200FD0CE4 /* UISettings.swift */; };
		6C8346791BC680C200FD0CE4 /* DriverReportCustomCell.xib in Resources */ = {isa = PBXBuildFile; fileRef = 6C8346711BC680C200FD0CE4 /* DriverReportCustomCell.xib */; };
		6C83467A1BC680C200FD0CE4 /* DriverList.swift in Sources */ = {isa = PBXBuildFile; fileRef = 6C8346721BC680C200FD0CE4 /* DriverList.swift */; };
		6CBD03C91BCB8AAB00F97984 /* CLLocationSpeedExtension.swift in Sources */ = {isa = PBXBuildFile; fileRef = 6CBD03C61BCB8AAB00F97984 /* CLLocationSpeedExtension.swift */; };
		6CBD03CA1BCB8AAB00F97984 /* JSONClass.swift in Sources */ = {isa = PBXBuildFile; fileRef = 6CBD03C71BCB8AAB00F97984 /* JSONClass.swift */; };
		6CBD03CB1BCB8AAB00F97984 /* SpeedClass.swift in Sources */ = {isa = PBXBuildFile; fileRef = 6CBD03C81BCB8AAB00F97984 /* SpeedClass.swift */; };
		6CBD03CE1BCB8ABA00F97984 /* Driver.swift in Sources */ = {isa = PBXBuildFile; fileRef = 6CBD03CC1BCB8ABA00F97984 /* Driver.swift */; };
		6CBD03CF1BCB8ABA00F97984 /* ReportNotification.swift in Sources */ = {isa = PBXBuildFile; fileRef = 6CBD03CD1BCB8ABA00F97984 /* ReportNotification.swift */; };
		6CBD03D11BCB8E2600F97984 /* DriverBean.swift in Sources */ = {isa = PBXBuildFile; fileRef = 6CBD03D01BCB8E2600F97984 /* DriverBean.swift */; };
		6CD32AC01BC28FD100F6D684 /* URLCommentConnection.swift in Sources */ = {isa = PBXBuildFile; fileRef = 6CD32ABF1BC28FD100F6D684 /* URLCommentConnection.swift */; };
		6CE9A1C01B8363D400BE4004 /* mainViewController.swift in Sources */ = {isa = PBXBuildFile; fileRef = 6CE9A1BE1B8363D400BE4004 /* mainViewController.swift */; };
		6CE9A1C11B8363D400BE4004 /* MapTasks.swift in Sources */ = {isa = PBXBuildFile; fileRef = 6CE9A1BF1B8363D400BE4004 /* MapTasks.swift */; };
		6CE9A1C31B83641000BE4004 /* MainMapVC.swift in Sources */ = {isa = PBXBuildFile; fileRef = 6CE9A1C21B83641000BE4004 /* MainMapVC.swift */; };
		6CE9A1C51B8364B000BE4004 /* Main_1.storyboard in Resources */ = {isa = PBXBuildFile; fileRef = 6CE9A1C41B8364B000BE4004 /* Main_1.storyboard */; };
		6CE9A1C71B83674F00BE4004 /* Podfile in Resources */ = {isa = PBXBuildFile; fileRef = 6CE9A1C61B83674F00BE4004 /* Podfile */; };
		6CE9A2361B839F9100BE4004 /* ImageConversion.swift in Sources */ = {isa = PBXBuildFile; fileRef = 6CE9A22C1B839F9100BE4004 /* ImageConversion.swift */; };
		6CE9A2411B83A06000BE4004 /* default.png in Resources */ = {isa = PBXBuildFile; fileRef = 6CE9A23E1B83A06000BE4004 /* default.png */; };
		6CE9A2421B83A06000BE4004 /* street.png in Resources */ = {isa = PBXBuildFile; fileRef = 6CE9A23F1B83A06000BE4004 /* street.png */; };
		6CE9A2501B8474A300BE4004 /* addNewPoint.swift in Sources */ = {isa = PBXBuildFile; fileRef = 6CE9A2451B8474A300BE4004 /* addNewPoint.swift */; };
		6CE9A2511B8474A300BE4004 /* FileCopier.swift in Sources */ = {isa = PBXBuildFile; fileRef = 6CE9A2461B8474A300BE4004 /* FileCopier.swift */; };
		6CE9A2521B8474A300BE4004 /* ManagePoints.swift in Sources */ = {isa = PBXBuildFile; fileRef = 6CE9A2471B8474A300BE4004 /* ManagePoints.swift */; };
		6CE9A2551B8474A300BE4004 /* POIDataManager.swift in Sources */ = {isa = PBXBuildFile; fileRef = 6CE9A24A1B8474A300BE4004 /* POIDataManager.swift */; };
		6CE9A2561B8474A300BE4004 /* PointOfInterest.swift in Sources */ = {isa = PBXBuildFile; fileRef = 6CE9A24B1B8474A300BE4004 /* PointOfInterest.swift */; };
		6CE9A2591B8474A300BE4004 /* TypeView.swift in Sources */ = {isa = PBXBuildFile; fileRef = 6CE9A24E1B8474A300BE4004 /* TypeView.swift */; };
		6CE9A25C1B8474C300BE4004 /* placeDetails.plist in Resources */ = {isa = PBXBuildFile; fileRef = 6CE9A25A1B8474C300BE4004 /* placeDetails.plist */; };
		6CE9A25D1B8474C300BE4004 /* places.plist in Resources */ = {isa = PBXBuildFile; fileRef = 6CE9A25B1B8474C300BE4004 /* places.plist */; };
		6CE9A25F1B8474D200BE4004 /* cat.plist in Resources */ = {isa = PBXBuildFile; fileRef = 6CE9A25E1B8474D200BE4004 /* cat.plist */; };
		6CE9A26F1B84AE2900BE4004 /* ShowOnMapVC.swift in Sources */ = {isa = PBXBuildFile; fileRef = 6CE9A26D1B84AE2900BE4004 /* ShowOnMapVC.swift */; };
		6CE9A2701B84AE2900BE4004 /* reqLocaiton.storyboard in Resources */ = {isa = PBXBuildFile; fileRef = 6CE9A26E1B84AE2900BE4004 /* reqLocaiton.storyboard */; };
		6CE9A2741B84D25C00BE4004 /* MenuManager.swift in Sources */ = {isa = PBXBuildFile; fileRef = 6CE9A2731B84D25C00BE4004 /* MenuManager.swift */; };
		6EFB68816D90CE093DDFC080 /* Pods.framework in Frameworks */ = {isa = PBXBuildFile; fileRef = 00EF1B970E64641D6038CAC2 /* Pods.framework */; settings = {ATTRIBUTES = (Weak, ); }; };
		9E4766FC19DDBCE900FCEACC /* Main.storyboard in Resources */ = {isa = PBXBuildFile; fileRef = 5C13258C198E2A9A00CA49BE /* Main.storyboard */; };
		BF4A79FB1BCA39B6000170A9 /* Team2.storyboard in Resources */ = {isa = PBXBuildFile; fileRef = BF4A79F21BCA39B6000170A9 /* Team2.storyboard */; };
		BF4A79FC1BCA39B6000170A9 /* ConnectionManager.swift in Sources */ = {isa = PBXBuildFile; fileRef = BF4A79F31BCA39B6000170A9 /* ConnectionManager.swift */; };
		BF4A79FD1BCA39B6000170A9 /* ChagePasswordViewController.swift in Sources */ = {isa = PBXBuildFile; fileRef = BF4A79F41BCA39B6000170A9 /* ChagePasswordViewController.swift */; };
		BF4A79FE1BCA39B6000170A9 /* EditUserProfileViewController.swift in Sources */ = {isa = PBXBuildFile; fileRef = BF4A79F51BCA39B6000170A9 /* EditUserProfileViewController.swift */; };
		BF4A79FF1BCA39B6000170A9 /* ForgetPasswordViewController.swift in Sources */ = {isa = PBXBuildFile; fileRef = BF4A79F61BCA39B6000170A9 /* ForgetPasswordViewController.swift */; };
		BF4A7A001BCA39B6000170A9 /* LoginViewController.swift in Sources */ = {isa = PBXBuildFile; fileRef = BF4A79F71BCA39B6000170A9 /* LoginViewController.swift */; };
		BF4A7A011BCA39B6000170A9 /* RegisterViewController.swift in Sources */ = {isa = PBXBuildFile; fileRef = BF4A79F81BCA39B6000170A9 /* RegisterViewController.swift */; };
		BF4A7A021BCA39B6000170A9 /* UserInfo.swift in Sources */ = {isa = PBXBuildFile; fileRef = BF4A79F91BCA39B6000170A9 /* UserInfo.swift */; };
		BF4A7A031BCA39B6000170A9 /* UserProfileViewController.swift in Sources */ = {isa = PBXBuildFile; fileRef = BF4A79FA1BCA39B6000170A9 /* UserProfileViewController.swift */; };
/* End PBXBuildFile section */

/* Begin PBXContainerItemProxy section */
		076EC70C1BBE55AB00CD0C25 /* PBXContainerItemProxy */ = {
			isa = PBXContainerItemProxy;
			containerPortal = 076EC7001BBE55AA00CD0C25 /* JSONJoy.xcodeproj */;
			proxyType = 2;
			remoteGlobalIDString = 6B3E79B719D355CF006071F7;
			remoteInfo = JSONJoy;
		};
		076EC70E1BBE55AB00CD0C25 /* PBXContainerItemProxy */ = {
			isa = PBXContainerItemProxy;
			containerPortal = 076EC7001BBE55AA00CD0C25 /* JSONJoy.xcodeproj */;
			proxyType = 2;
			remoteGlobalIDString = 6B3E79C219D355CF006071F7;
			remoteInfo = JSONJoyTests;
		};
		076EC7101BBE55AB00CD0C25 /* PBXContainerItemProxy */ = {
			isa = PBXContainerItemProxy;
			containerPortal = 076EC7001BBE55AA00CD0C25 /* JSONJoy.xcodeproj */;
			proxyType = 2;
			remoteGlobalIDString = D958022E19E6ED8E003C8218;
			remoteInfo = JSONJoyOSX;
		};
		076EC7121BBE55AB00CD0C25 /* PBXContainerItemProxy */ = {
			isa = PBXContainerItemProxy;
			containerPortal = 076EC7001BBE55AA00CD0C25 /* JSONJoy.xcodeproj */;
			proxyType = 2;
			remoteGlobalIDString = D958023819E6ED8E003C8218;
			remoteInfo = JSONJoyOSXTests;
		};
		5C132596198E2A9A00CA49BE /* PBXContainerItemProxy */ = {
			isa = PBXContainerItemProxy;
			containerPortal = 5C13257B198E2A9A00CA49BE /* Project object */;
			proxyType = 1;
			remoteGlobalIDString = 5C132582198E2A9A00CA49BE;
			remoteInfo = SwiftSideMenu;
		};
/* End PBXContainerItemProxy section */

/* Begin PBXFileReference section */
		00EF1B970E64641D6038CAC2 /* Pods.framework */ = {isa = PBXFileReference; explicitFileType = wrapper.framework; includeInIndex = 0; path = Pods.framework; sourceTree = BUILT_PRODUCTS_DIR; };
		076EC6FB1BBE55AA00CD0C25 /* .gitignore */ = {isa = PBXFileReference; lastKnownFileType = text; path = .gitignore; sourceTree = "<group>"; };
		076EC6FC1BBE55AA00CD0C25 /* Info.plist */ = {isa = PBXFileReference; lastKnownFileType = text.plist.xml; path = Info.plist; sourceTree = "<group>"; };
		076EC6FD1BBE55AA00CD0C25 /* JSONJoy-Swift.podspec */ = {isa = PBXFileReference; lastKnownFileType = text; path = "JSONJoy-Swift.podspec"; sourceTree = "<group>"; };
		076EC6FE1BBE55AA00CD0C25 /* JSONJoy.h */ = {isa = PBXFileReference; lastKnownFileType = sourcecode.c.h; path = JSONJoy.h; sourceTree = "<group>"; };
		076EC6FF1BBE55AA00CD0C25 /* JSONJoy.swift */ = {isa = PBXFileReference; lastKnownFileType = sourcecode.swift; path = JSONJoy.swift; sourceTree = "<group>"; };
		076EC7001BBE55AA00CD0C25 /* JSONJoy.xcodeproj */ = {isa = PBXFileReference; lastKnownFileType = "wrapper.pb-project"; path = JSONJoy.xcodeproj; sourceTree = "<group>"; };
		076EC7031BBE55AA00CD0C25 /* LICENSE */ = {isa = PBXFileReference; lastKnownFileType = text; path = LICENSE; sourceTree = "<group>"; };
		076EC7041BBE55AA00CD0C25 /* README.md */ = {isa = PBXFileReference; lastKnownFileType = net.daringfireball.markdown; path = README.md; sourceTree = "<group>"; };
		076EC7061BBE55AA00CD0C25 /* Info.plist */ = {isa = PBXFileReference; lastKnownFileType = text.plist.xml; path = Info.plist; sourceTree = "<group>"; };
		076EC7071BBE55AA00CD0C25 /* JSONJoyTests.swift */ = {isa = PBXFileReference; lastKnownFileType = sourcecode.swift; path = JSONJoyTests.swift; sourceTree = "<group>"; };
		0770A98E1BC4EEB8007080F1 /* OnMapH.png */ = {isa = PBXFileReference; lastKnownFileType = image.png; path = OnMapH.png; sourceTree = "<group>"; };
		0770A9901BC4F157007080F1 /* OnMapMajor.png */ = {isa = PBXFileReference; lastKnownFileType = image.png; path = OnMapMajor.png; sourceTree = "<group>"; };
		0770A9911BC4F157007080F1 /* OnMapMinor.png */ = {isa = PBXFileReference; lastKnownFileType = image.png; path = OnMapMinor.png; sourceTree = "<group>"; };
		0770A9921BC4F157007080F1 /* OnMapCons.png */ = {isa = PBXFileReference; lastKnownFileType = image.png; path = OnMapCons.png; sourceTree = "<group>"; };
		0770A9961BC4F53C007080F1 /* OnMapModerate.png */ = {isa = PBXFileReference; lastKnownFileType = image.png; path = OnMapModerate.png; sourceTree = "<group>"; };
		0770A9981BC4F542007080F1 /* OnMapOther.png */ = {isa = PBXFileReference; lastKnownFileType = image.png; path = OnMapOther.png; sourceTree = "<group>"; };
		0770A99A1BC4F54B007080F1 /* OnMapStand.png */ = {isa = PBXFileReference; lastKnownFileType = image.png; path = OnMapStand.png; sourceTree = "<group>"; };
		0770A99C1BC4F578007080F1 /* OnMapHeavy.png */ = {isa = PBXFileReference; lastKnownFileType = image.png; path = OnMapHeavy.png; sourceTree = "<group>"; };
		0779192E1BBBF41900AB0DB1 /* AllVC.swift */ = {isa = PBXFileReference; fileEncoding = 4; lastKnownFileType = sourcecode.swift; path = AllVC.swift; sourceTree = "<group>"; };
		0779192F1BBBF41900AB0DB1 /* LocationFilteration.swift */ = {isa = PBXFileReference; fileEncoding = 4; lastKnownFileType = sourcecode.swift; path = LocationFilteration.swift; sourceTree = "<group>"; };
		077919301BBBF41900AB0DB1 /* Main_4.storyboard */ = {isa = PBXFileReference; fileEncoding = 4; lastKnownFileType = file.storyboard; path = Main_4.storyboard; sourceTree = "<group>"; };
		077919311BBBF41900AB0DB1 /* ReportsMainVC.swift */ = {isa = PBXFileReference; fileEncoding = 4; lastKnownFileType = sourcecode.swift; path = ReportsMainVC.swift; sourceTree = "<group>"; };
		077919371BBBF46200AB0DB1 /* OnRoad.png */ = {isa = PBXFileReference; lastKnownFileType = image.png; path = OnRoad.png; sourceTree = "<group>"; };
		077919381BBBF46200AB0DB1 /* OnRoadG.png */ = {isa = PBXFileReference; lastKnownFileType = image.png; path = OnRoadG.png; sourceTree = "<group>"; };
		077919391BBBF46200AB0DB1 /* Major.png */ = {isa = PBXFileReference; lastKnownFileType = image.png; path = Major.png; sourceTree = "<group>"; };
		0779193A1BBBF46200AB0DB1 /* MajorG.png */ = {isa = PBXFileReference; lastKnownFileType = image.png; path = MajorG.png; sourceTree = "<group>"; };
		0779193B1BBBF46200AB0DB1 /* Minor.png */ = {isa = PBXFileReference; lastKnownFileType = image.png; path = Minor.png; sourceTree = "<group>"; };
		0779193C1BBBF46200AB0DB1 /* MinorG.png */ = {isa = PBXFileReference; lastKnownFileType = image.png; path = MinorG.png; sourceTree = "<group>"; };
		0779193D1BBBF46200AB0DB1 /* accidents.png */ = {isa = PBXFileReference; lastKnownFileType = image.png; path = accidents.png; sourceTree = "<group>"; };
		0779193E1BBBF46200AB0DB1 /* construction.png */ = {isa = PBXFileReference; lastKnownFileType = image.png; path = construction.png; sourceTree = "<group>"; };
		0779193F1BBBF46200AB0DB1 /* constructionG.png */ = {isa = PBXFileReference; lastKnownFileType = image.png; path = constructionG.png; sourceTree = "<group>"; };
		077919401BBBF46200AB0DB1 /* hazard.png */ = {isa = PBXFileReference; lastKnownFileType = image.png; path = hazard.png; sourceTree = "<group>"; };
		077919411BBBF46200AB0DB1 /* heavy.png */ = {isa = PBXFileReference; lastKnownFileType = image.png; path = heavy.png; sourceTree = "<group>"; };
		077919421BBBF46200AB0DB1 /* heavyG.png */ = {isa = PBXFileReference; lastKnownFileType = image.png; path = heavyG.png; sourceTree = "<group>"; };
		077919431BBBF46200AB0DB1 /* moderate.png */ = {isa = PBXFileReference; lastKnownFileType = image.png; path = moderate.png; sourceTree = "<group>"; };
		077919441BBBF46200AB0DB1 /* moderateG.png */ = {isa = PBXFileReference; lastKnownFileType = image.png; path = moderateG.png; sourceTree = "<group>"; };
		077919451BBBF46200AB0DB1 /* other.png */ = {isa = PBXFileReference; lastKnownFileType = image.png; path = other.png; sourceTree = "<group>"; };
		077919461BBBF46200AB0DB1 /* otherG.png */ = {isa = PBXFileReference; lastKnownFileType = image.png; path = otherG.png; sourceTree = "<group>"; };
		077919481BBBF46200AB0DB1 /* standStillG.png */ = {isa = PBXFileReference; lastKnownFileType = image.png; path = standStillG.png; sourceTree = "<group>"; };
		077919491BBBF46200AB0DB1 /* traffic.png */ = {isa = PBXFileReference; lastKnownFileType = image.png; path = traffic.png; sourceTree = "<group>"; };
		0779195E1BBBF48400AB0DB1 /* accidentVC.swift */ = {isa = PBXFileReference; fileEncoding = 4; lastKnownFileType = sourcecode.swift; path = accidentVC.swift; sourceTree = "<group>"; };
		077919671BBBF4B100AB0DB1 /* trafficVC.swift */ = {isa = PBXFileReference; fileEncoding = 4; lastKnownFileType = sourcecode.swift; path = trafficVC.swift; sourceTree = "<group>"; };
		077919721BBBF4CD00AB0DB1 /* hazardVC.swift */ = {isa = PBXFileReference; fileEncoding = 4; lastKnownFileType = sourcecode.swift; path = hazardVC.swift; sourceTree = "<group>"; };
		0779197B1BBBF4EB00AB0DB1 /* otherVC.swift */ = {isa = PBXFileReference; fileEncoding = 4; lastKnownFileType = sourcecode.swift; path = otherVC.swift; sourceTree = "<group>"; };
		078780081BBD1F9F00B7CF93 /* KhalidViewController.swift */ = {isa = PBXFileReference; fileEncoding = 4; lastKnownFileType = sourcecode.swift; path = KhalidViewController.swift; sourceTree = "<group>"; };
		078780091BBD1F9F00B7CF93 /* KhalidMapTasks.swift */ = {isa = PBXFileReference; fileEncoding = 4; lastKnownFileType = sourcecode.swift; path = KhalidMapTasks.swift; sourceTree = "<group>"; };
		0793071E1BC27D0700F24080 /* ListAllReports.swift */ = {isa = PBXFileReference; fileEncoding = 4; lastKnownFileType = sourcecode.swift; path = ListAllReports.swift; sourceTree = "<group>"; };
		141092681B8CB71F00CD3114 /* POI.storyboard */ = {isa = PBXFileReference; fileEncoding = 4; lastKnownFileType = file.storyboard; path = POI.storyboard; sourceTree = "<group>"; };
		1410926A1B8CB76300CD3114 /* MapViewController.swift */ = {isa = PBXFileReference; fileEncoding = 4; lastKnownFileType = sourcecode.swift; path = MapViewController.swift; sourceTree = "<group>"; };
		1410926B1B8CB76300CD3114 /* TypesTableViewController.swift */ = {isa = PBXFileReference; fileEncoding = 4; lastKnownFileType = sourcecode.swift; path = TypesTableViewController.swift; sourceTree = "<group>"; };
		1410926C1B8CB76300CD3114 /* GoogleDataProvider.swift */ = {isa = PBXFileReference; fileEncoding = 4; lastKnownFileType = sourcecode.swift; path = GoogleDataProvider.swift; sourceTree = "<group>"; };
		1410926D1B8CB76300CD3114 /* GooglePlace.swift */ = {isa = PBXFileReference; fileEncoding = 4; lastKnownFileType = sourcecode.swift; path = GooglePlace.swift; sourceTree = "<group>"; };
		1410926E1B8CB76300CD3114 /* PlaceMarker.swift */ = {isa = PBXFileReference; fileEncoding = 4; lastKnownFileType = sourcecode.swift; path = PlaceMarker.swift; sourceTree = "<group>"; };
		1410926F1B8CB76300CD3114 /* MarkerInfoView.swift */ = {isa = PBXFileReference; fileEncoding = 4; lastKnownFileType = sourcecode.swift; path = MarkerInfoView.swift; sourceTree = "<group>"; };
		141092701B8CB76300CD3114 /* MarkerInfoView.xib */ = {isa = PBXFileReference; fileEncoding = 4; lastKnownFileType = file.xib; path = MarkerInfoView.xib; sourceTree = "<group>"; };
		141092711B8CB76300CD3114 /* UIViewExtension.swift */ = {isa = PBXFileReference; fileEncoding = 4; lastKnownFileType = sourcecode.swift; path = UIViewExtension.swift; sourceTree = "<group>"; };
		1429137C19D97A4F0025188A /* MyMenuTableViewController.swift */ = {isa = PBXFileReference; fileEncoding = 4; lastKnownFileType = sourcecode.swift; path = MyMenuTableViewController.swift; sourceTree = "<group>"; };
		1429139219DA9F4D0025188A /* MyNavigationController.swift */ = {isa = PBXFileReference; fileEncoding = 4; lastKnownFileType = sourcecode.swift; path = MyNavigationController.swift; sourceTree = "<group>"; };
		142AAA701BC12D220089F62F /* BluePushpin.png */ = {isa = PBXFileReference; lastKnownFileType = image.png; name = BluePushpin.png; path = Geocoding/Geocoding/BluePushpin.png; sourceTree = "<group>"; };
		143615641B8F1A34003FD356 /* defaultPoint.jpg */ = {isa = PBXFileReference; lastKnownFileType = image.jpeg; path = defaultPoint.jpg; sourceTree = "<group>"; };
		143615661B8F1A62003FD356 /* AddNewPOI.swift */ = {isa = PBXFileReference; fileEncoding = 4; lastKnownFileType = sourcecode.swift; path = AddNewPOI.swift; sourceTree = "<group>"; };
		143615681B8F1A8F003FD356 /* Team3.storyboard */ = {isa = PBXFileReference; fileEncoding = 4; lastKnownFileType = file.storyboard; path = Team3.storyboard; sourceTree = "<group>"; };
		1436156A1B8F1AC7003FD356 /* TypesOfPOI.swift */ = {isa = PBXFileReference; fileEncoding = 4; lastKnownFileType = sourcecode.swift; path = TypesOfPOI.swift; sourceTree = "<group>"; };
		1436156C1B8F1AD4003FD356 /* SubTypesOfPOI.swift */ = {isa = PBXFileReference; fileEncoding = 4; lastKnownFileType = sourcecode.swift; path = SubTypesOfPOI.swift; sourceTree = "<group>"; };
		1436156E1B8F1AF6003FD356 /* MoreInfoOfPOI.swift */ = {isa = PBXFileReference; fileEncoding = 4; lastKnownFileType = sourcecode.swift; path = MoreInfoOfPOI.swift; sourceTree = "<group>"; };
		143615701B8F1CC3003FD356 /* GetLocationVC.swift */ = {isa = PBXFileReference; fileEncoding = 4; lastKnownFileType = sourcecode.swift; path = GetLocationVC.swift; sourceTree = "<group>"; };
		14674B701BBBCFEE00D20067 /* SystemConfiguration.framework */ = {isa = PBXFileReference; lastKnownFileType = wrapper.framework; name = SystemConfiguration.framework; path = System/Library/Frameworks/SystemConfiguration.framework; sourceTree = SDKROOT; };
		14DC31BD1BCEB31800DB3B62 /* GooglePlacesSearchController.swift */ = {isa = PBXFileReference; fileEncoding = 4; lastKnownFileType = sourcecode.swift; path = GooglePlacesSearchController.swift; sourceTree = "<group>"; };
		14DC31BE1BCEB31800DB3B62 /* PlaceSearchController.swift */ = {isa = PBXFileReference; fileEncoding = 4; lastKnownFileType = sourcecode.swift; path = PlaceSearchController.swift; sourceTree = "<group>"; };
		14DC31BF1BCEB31800DB3B62 /* GooglePlaceSearch.storyboard */ = {isa = PBXFileReference; fileEncoding = 4; lastKnownFileType = file.storyboard; path = GooglePlaceSearch.storyboard; sourceTree = "<group>"; };
		46841B45243E82D10FE5A5F3 /* Pods.release.xcconfig */ = {isa = PBXFileReference; includeInIndex = 1; lastKnownFileType = text.xcconfig; name = Pods.release.xcconfig; path = "Pods/Target Support Files/Pods/Pods.release.xcconfig"; sourceTree = "<group>"; };
		49A961F41BC18F0000622F8D /* AddNewFavoriteVC.swift */ = {isa = PBXFileReference; fileEncoding = 4; lastKnownFileType = sourcecode.swift; path = AddNewFavoriteVC.swift; sourceTree = "<group>"; };
		49A961F61BC18F3400622F8D /* Favorite.swift */ = {isa = PBXFileReference; fileEncoding = 4; lastKnownFileType = sourcecode.swift; path = Favorite.swift; sourceTree = "<group>"; };
		49A961F81BC18F4700622F8D /* FavoritesViewController.swift */ = {isa = PBXFileReference; fileEncoding = 4; lastKnownFileType = sourcecode.swift; path = FavoritesViewController.swift; sourceTree = "<group>"; };
		49A961FA1BC18F5F00622F8D /* ManageFavorites.swift */ = {isa = PBXFileReference; fileEncoding = 4; lastKnownFileType = sourcecode.swift; path = ManageFavorites.swift; sourceTree = "<group>"; };
		49A961FC1BC18F7500622F8D /* RetrieveFavoritesInterface.swift */ = {isa = PBXFileReference; fileEncoding = 4; lastKnownFileType = sourcecode.swift; path = RetrieveFavoritesInterface.swift; sourceTree = "<group>"; };
		49A961FE1BC18F8600622F8D /* Team3.storyboard.favorites.storyboard */ = {isa = PBXFileReference; fileEncoding = 4; lastKnownFileType = file.storyboard; path = Team3.storyboard.favorites.storyboard; sourceTree = "<group>"; };
		49A962001BC18F9900622F8D /* Share.swift */ = {isa = PBXFileReference; fileEncoding = 4; lastKnownFileType = sourcecode.swift; path = Share.swift; sourceTree = "<group>"; };
		49DBC8C81BCA227800BF0C0C /* DatesTVC.swift */ = {isa = PBXFileReference; fileEncoding = 4; lastKnownFileType = sourcecode.swift; path = DatesTVC.swift; sourceTree = "<group>"; };
		49EEC5FF1BCE667A001E365C /* AddFavorite.swift */ = {isa = PBXFileReference; fileEncoding = 4; lastKnownFileType = sourcecode.swift; path = AddFavorite.swift; sourceTree = "<group>"; };
		49EEC6011BCE6CF5001E365C /* DeleteFavorite.swift */ = {isa = PBXFileReference; fileEncoding = 4; lastKnownFileType = sourcecode.swift; path = DeleteFavorite.swift; sourceTree = "<group>"; };
		522B7E901B86253C000A5678 /* ENSideMenu.swift */ = {isa = PBXFileReference; fileEncoding = 4; lastKnownFileType = sourcecode.swift; name = ENSideMenu.swift; path = SwiftSideMenu/ENSideMenu.swift; sourceTree = SOURCE_ROOT; };
		522B7E911B86253C000A5678 /* ENSideMenuNavigationController.swift */ = {isa = PBXFileReference; fileEncoding = 4; lastKnownFileType = sourcecode.swift; name = ENSideMenuNavigationController.swift; path = SwiftSideMenu/ENSideMenuNavigationController.swift; sourceTree = SOURCE_ROOT; };
		526014451B81CB1500498D3F /* MenuItem.swift */ = {isa = PBXFileReference; fileEncoding = 4; lastKnownFileType = sourcecode.swift; path = MenuItem.swift; sourceTree = "<group>"; };
		52ECD6CE1B86438A00718350 /* SwiftSideMenu-Bridging-Header.h */ = {isa = PBXFileReference; lastKnownFileType = sourcecode.c.h; path = "SwiftSideMenu-Bridging-Header.h"; sourceTree = "<group>"; };
		52ECD6CF1B8643DE00718350 /* AHKActionSheet.h */ = {isa = PBXFileReference; fileEncoding = 4; lastKnownFileType = sourcecode.c.h; path = AHKActionSheet.h; sourceTree = "<group>"; };
		52ECD6D01B8643DE00718350 /* AHKActionSheet.m */ = {isa = PBXFileReference; fileEncoding = 4; lastKnownFileType = sourcecode.c.objc; path = AHKActionSheet.m; sourceTree = "<group>"; };
		52ECD6D11B8643DE00718350 /* AHKActionSheetViewController.h */ = {isa = PBXFileReference; fileEncoding = 4; lastKnownFileType = sourcecode.c.h; path = AHKActionSheetViewController.h; sourceTree = "<group>"; };
		52ECD6D21B8643DE00718350 /* AHKActionSheetViewController.m */ = {isa = PBXFileReference; fileEncoding = 4; lastKnownFileType = sourcecode.c.objc; path = AHKActionSheetViewController.m; sourceTree = "<group>"; };
		52ECD6D31B8643DE00718350 /* UIImage+AHKAdditions.h */ = {isa = PBXFileReference; fileEncoding = 4; lastKnownFileType = sourcecode.c.h; path = "UIImage+AHKAdditions.h"; sourceTree = "<group>"; };
		52ECD6D41B8643DE00718350 /* UIImage+AHKAdditions.m */ = {isa = PBXFileReference; fileEncoding = 4; lastKnownFileType = sourcecode.c.objc; path = "UIImage+AHKAdditions.m"; sourceTree = "<group>"; };
		52ECD6D51B8643DE00718350 /* UIWindow+AHKAdditions.h */ = {isa = PBXFileReference; fileEncoding = 4; lastKnownFileType = sourcecode.c.h; path = "UIWindow+AHKAdditions.h"; sourceTree = "<group>"; };
		52ECD6D61B8643DE00718350 /* UIWindow+AHKAdditions.m */ = {isa = PBXFileReference; fileEncoding = 4; lastKnownFileType = sourcecode.c.objc; path = "UIWindow+AHKAdditions.m"; sourceTree = "<group>"; };
		52F57A721B85E97100A51E54 /* GetLocation.storyboard */ = {isa = PBXFileReference; fileEncoding = 4; lastKnownFileType = file.storyboard; path = GetLocation.storyboard; sourceTree = "<group>"; };
		5C132583198E2A9A00CA49BE /* MyWay.app */ = {isa = PBXFileReference; explicitFileType = wrapper.application; includeInIndex = 0; path = MyWay.app; sourceTree = BUILT_PRODUCTS_DIR; };
		5C132587198E2A9A00CA49BE /* Info.plist */ = {isa = PBXFileReference; lastKnownFileType = text.plist.xml; path = Info.plist; sourceTree = "<group>"; };
		5C132588198E2A9A00CA49BE /* AppDelegate.swift */ = {isa = PBXFileReference; lastKnownFileType = sourcecode.swift; path = AppDelegate.swift; sourceTree = "<group>"; };
		5C13258A198E2A9A00CA49BE /* ViewController.swift */ = {isa = PBXFileReference; lastKnownFileType = sourcecode.swift; path = ViewController.swift; sourceTree = "<group>"; };
		5C13258D198E2A9A00CA49BE /* Base */ = {isa = PBXFileReference; lastKnownFileType = file.storyboard; name = Base; path = Base.lproj/Main.storyboard; sourceTree = "<group>"; };
		5C13258F198E2A9A00CA49BE /* Images.xcassets */ = {isa = PBXFileReference; lastKnownFileType = folder.assetcatalog; path = Images.xcassets; sourceTree = "<group>"; };
		5C132595198E2A9A00CA49BE /* SwiftSideMenuTests.xctest */ = {isa = PBXFileReference; explicitFileType = wrapper.cfbundle; includeInIndex = 0; path = SwiftSideMenuTests.xctest; sourceTree = BUILT_PRODUCTS_DIR; };
		5C13259A198E2A9A00CA49BE /* Info.plist */ = {isa = PBXFileReference; lastKnownFileType = text.plist.xml; path = Info.plist; sourceTree = "<group>"; };
		5C13259B198E2A9A00CA49BE /* SwiftSideMenuTests.swift */ = {isa = PBXFileReference; lastKnownFileType = sourcecode.swift; path = SwiftSideMenuTests.swift; sourceTree = "<group>"; };
		5C1325A7198E2AB300CA49BE /* image.png */ = {isa = PBXFileReference; lastKnownFileType = image.png; path = image.png; sourceTree = "<group>"; };
		5C6D6A261A7E26380047FE0D /* ViewController2.swift */ = {isa = PBXFileReference; fileEncoding = 4; lastKnownFileType = sourcecode.swift; path = ViewController2.swift; sourceTree = "<group>"; };
		645C7FC34CC5E01A1D5C9ED1 /* Pods.debug.xcconfig */ = {isa = PBXFileReference; includeInIndex = 1; lastKnownFileType = text.xcconfig; name = Pods.debug.xcconfig; path = "Pods/Target Support Files/Pods/Pods.debug.xcconfig"; sourceTree = "<group>"; };
		6C8346451BC6809500FD0CE4 /* Data.swift */ = {isa = PBXFileReference; fileEncoding = 4; lastKnownFileType = sourcecode.swift; path = Data.swift; sourceTree = "<group>"; };
		6C8346461BC6809500FD0CE4 /* DaysListTVC.swift */ = {isa = PBXFileReference; fileEncoding = 4; lastKnownFileType = sourcecode.swift; path = DaysListTVC.swift; sourceTree = "<group>"; };
		6C8346471BC6809500FD0CE4 /* MonitorReportSample.plist */ = {isa = PBXFileReference; fileEncoding = 4; lastKnownFileType = text.plist.xml; path = MonitorReportSample.plist; sourceTree = "<group>"; };
		6C8346481BC6809500FD0CE4 /* MonitorReportVC.swift */ = {isa = PBXFileReference; fileEncoding = 4; lastKnownFileType = sourcecode.swift; path = MonitorReportVC.swift; sourceTree = "<group>"; };
		6C8346491BC6809500FD0CE4 /* ReadReport.swift */ = {isa = PBXFileReference; fileEncoding = 4; lastKnownFileType = sourcecode.swift; path = ReadReport.swift; sourceTree = "<group>"; };
		6C8346511BC680A000FD0CE4 /* AddDailyRouteVC.swift */ = {isa = PBXFileReference; fileEncoding = 4; lastKnownFileType = sourcecode.swift; path = AddDailyRouteVC.swift; sourceTree = "<group>"; };
		6C8346521BC680A000FD0CE4 /* AllpListController.swift */ = {isa = PBXFileReference; fileEncoding = 4; lastKnownFileType = sourcecode.swift; path = AllpListController.swift; sourceTree = "<group>"; };
		6C8346531BC680A000FD0CE4 /* CommentLocation.swift */ = {isa = PBXFileReference; fileEncoding = 4; lastKnownFileType = sourcecode.swift; path = CommentLocation.swift; sourceTree = "<group>"; };
		6C8346541BC680A000FD0CE4 /* DailyReportVC.swift */ = {isa = PBXFileReference; fileEncoding = 4; lastKnownFileType = sourcecode.swift; path = DailyReportVC.swift; sourceTree = "<group>"; };
		6C8346551BC680A000FD0CE4 /* DailyRouteHolder.swift */ = {isa = PBXFileReference; fileEncoding = 4; lastKnownFileType = sourcecode.swift; path = DailyRouteHolder.swift; sourceTree = "<group>"; };
		6C8346561BC680A000FD0CE4 /* DailyRouteViewController.swift */ = {isa = PBXFileReference; fileEncoding = 4; lastKnownFileType = sourcecode.swift; path = DailyRouteViewController.swift; sourceTree = "<group>"; };
		6C8346571BC680A000FD0CE4 /* ModifyDailyRouteVC.swift */ = {isa = PBXFileReference; fileEncoding = 4; lastKnownFileType = sourcecode.swift; path = ModifyDailyRouteVC.swift; sourceTree = "<group>"; };
		6C83465F1BC680B100FD0CE4 /* AddDriverVC.swift */ = {isa = PBXFileReference; fileEncoding = 4; lastKnownFileType = sourcecode.swift; path = AddDriverVC.swift; sourceTree = "<group>"; };
		6C8346601BC680B100FD0CE4 /* DriversListVC.swift */ = {isa = PBXFileReference; fileEncoding = 4; lastKnownFileType = sourcecode.swift; path = DriversListVC.swift; sourceTree = "<group>"; };
		6C8346611BC680B100FD0CE4 /* drivers.plist */ = {isa = PBXFileReference; fileEncoding = 4; lastKnownFileType = text.plist.xml; path = drivers.plist; sourceTree = "<group>"; };
		6C8346621BC680B100FD0CE4 /* DriverDetailsVC.swift */ = {isa = PBXFileReference; fileEncoding = 4; lastKnownFileType = sourcecode.swift; path = DriverDetailsVC.swift; sourceTree = "<group>"; };
		6C8346631BC680B100FD0CE4 /* DriverCustomCell.swift */ = {isa = PBXFileReference; fileEncoding = 4; lastKnownFileType = sourcecode.swift; path = DriverCustomCell.swift; sourceTree = "<group>"; };
		6C8346641BC680B100FD0CE4 /* DriverReportCustomTVC.swift */ = {isa = PBXFileReference; fileEncoding = 4; lastKnownFileType = sourcecode.swift; path = DriverReportCustomTVC.swift; sourceTree = "<group>"; };
		6C83466B1BC680C200FD0CE4 /* FileUtils.swift */ = {isa = PBXFileReference; fileEncoding = 4; lastKnownFileType = sourcecode.swift; path = FileUtils.swift; sourceTree = "<group>"; };
		6C83466C1BC680C200FD0CE4 /* Team5_m.storyboard */ = {isa = PBXFileReference; fileEncoding = 4; lastKnownFileType = file.storyboard; path = Team5_m.storyboard; sourceTree = "<group>"; };
		6C83466D1BC680C200FD0CE4 /* DriverCustomCell.xib */ = {isa = PBXFileReference; fileEncoding = 4; lastKnownFileType = file.xib; path = DriverCustomCell.xib; sourceTree = "<group>"; };
		6C83466E1BC680C200FD0CE4 /* AppSettings.swift */ = {isa = PBXFileReference; fileEncoding = 4; lastKnownFileType = sourcecode.swift; path = AppSettings.swift; sourceTree = "<group>"; };
		6C83466F1BC680C200FD0CE4 /* Team5.storyboard */ = {isa = PBXFileReference; fileEncoding = 4; lastKnownFileType = file.storyboard; path = Team5.storyboard; sourceTree = "<group>"; };
		6C8346701BC680C200FD0CE4 /* UISettings.swift */ = {isa = PBXFileReference; fileEncoding = 4; lastKnownFileType = sourcecode.swift; path = UISettings.swift; sourceTree = "<group>"; };
		6C8346711BC680C200FD0CE4 /* DriverReportCustomCell.xib */ = {isa = PBXFileReference; fileEncoding = 4; lastKnownFileType = file.xib; path = DriverReportCustomCell.xib; sourceTree = "<group>"; };
		6C8346721BC680C200FD0CE4 /* DriverList.swift */ = {isa = PBXFileReference; fileEncoding = 4; lastKnownFileType = sourcecode.swift; path = DriverList.swift; sourceTree = "<group>"; };
		6CBD03C61BCB8AAB00F97984 /* CLLocationSpeedExtension.swift */ = {isa = PBXFileReference; fileEncoding = 4; lastKnownFileType = sourcecode.swift; path = CLLocationSpeedExtension.swift; sourceTree = "<group>"; };
		6CBD03C71BCB8AAB00F97984 /* JSONClass.swift */ = {isa = PBXFileReference; fileEncoding = 4; lastKnownFileType = sourcecode.swift; path = JSONClass.swift; sourceTree = "<group>"; };
		6CBD03C81BCB8AAB00F97984 /* SpeedClass.swift */ = {isa = PBXFileReference; fileEncoding = 4; lastKnownFileType = sourcecode.swift; path = SpeedClass.swift; sourceTree = "<group>"; };
		6CBD03CC1BCB8ABA00F97984 /* Driver.swift */ = {isa = PBXFileReference; fileEncoding = 4; lastKnownFileType = sourcecode.swift; path = Driver.swift; sourceTree = "<group>"; };
		6CBD03CD1BCB8ABA00F97984 /* ReportNotification.swift */ = {isa = PBXFileReference; fileEncoding = 4; lastKnownFileType = sourcecode.swift; path = ReportNotification.swift; sourceTree = "<group>"; };
		6CBD03D01BCB8E2600F97984 /* DriverBean.swift */ = {isa = PBXFileReference; fileEncoding = 4; lastKnownFileType = sourcecode.swift; path = DriverBean.swift; sourceTree = "<group>"; };
		6CD32ABF1BC28FD100F6D684 /* URLCommentConnection.swift */ = {isa = PBXFileReference; fileEncoding = 4; lastKnownFileType = sourcecode.swift; path = URLCommentConnection.swift; sourceTree = "<group>"; };
		6CE9A1BE1B8363D400BE4004 /* mainViewController.swift */ = {isa = PBXFileReference; fileEncoding = 4; lastKnownFileType = sourcecode.swift; path = mainViewController.swift; sourceTree = "<group>"; };
		6CE9A1BF1B8363D400BE4004 /* MapTasks.swift */ = {isa = PBXFileReference; fileEncoding = 4; lastKnownFileType = sourcecode.swift; path = MapTasks.swift; sourceTree = "<group>"; };
		6CE9A1C21B83641000BE4004 /* MainMapVC.swift */ = {isa = PBXFileReference; fileEncoding = 4; lastKnownFileType = sourcecode.swift; path = MainMapVC.swift; sourceTree = "<group>"; };
		6CE9A1C41B8364B000BE4004 /* Main_1.storyboard */ = {isa = PBXFileReference; fileEncoding = 4; lastKnownFileType = file.storyboard; path = Main_1.storyboard; sourceTree = "<group>"; };
		6CE9A1C61B83674F00BE4004 /* Podfile */ = {isa = PBXFileReference; fileEncoding = 4; lastKnownFileType = text; path = Podfile; sourceTree = "<group>"; xcLanguageSpecificationIdentifier = xcode.lang.ruby; };
		6CE9A22C1B839F9100BE4004 /* ImageConversion.swift */ = {isa = PBXFileReference; fileEncoding = 4; lastKnownFileType = sourcecode.swift; path = ImageConversion.swift; sourceTree = "<group>"; };
		6CE9A23E1B83A06000BE4004 /* default.png */ = {isa = PBXFileReference; lastKnownFileType = image.png; path = default.png; sourceTree = "<group>"; };
		6CE9A23F1B83A06000BE4004 /* street.png */ = {isa = PBXFileReference; lastKnownFileType = image.png; path = street.png; sourceTree = "<group>"; };
		6CE9A2451B8474A300BE4004 /* addNewPoint.swift */ = {isa = PBXFileReference; fileEncoding = 4; lastKnownFileType = sourcecode.swift; path = addNewPoint.swift; sourceTree = "<group>"; };
		6CE9A2461B8474A300BE4004 /* FileCopier.swift */ = {isa = PBXFileReference; fileEncoding = 4; lastKnownFileType = sourcecode.swift; path = FileCopier.swift; sourceTree = "<group>"; };
		6CE9A2471B8474A300BE4004 /* ManagePoints.swift */ = {isa = PBXFileReference; fileEncoding = 4; lastKnownFileType = sourcecode.swift; path = ManagePoints.swift; sourceTree = "<group>"; };
		6CE9A24A1B8474A300BE4004 /* POIDataManager.swift */ = {isa = PBXFileReference; fileEncoding = 4; lastKnownFileType = sourcecode.swift; path = POIDataManager.swift; sourceTree = "<group>"; };
		6CE9A24B1B8474A300BE4004 /* PointOfInterest.swift */ = {isa = PBXFileReference; fileEncoding = 4; lastKnownFileType = sourcecode.swift; path = PointOfInterest.swift; sourceTree = "<group>"; };
		6CE9A24E1B8474A300BE4004 /* TypeView.swift */ = {isa = PBXFileReference; fileEncoding = 4; lastKnownFileType = sourcecode.swift; path = TypeView.swift; sourceTree = "<group>"; };
		6CE9A25A1B8474C300BE4004 /* placeDetails.plist */ = {isa = PBXFileReference; fileEncoding = 4; lastKnownFileType = text.plist.xml; path = placeDetails.plist; sourceTree = "<group>"; };
		6CE9A25B1B8474C300BE4004 /* places.plist */ = {isa = PBXFileReference; fileEncoding = 4; lastKnownFileType = text.plist.xml; path = places.plist; sourceTree = "<group>"; };
		6CE9A25E1B8474D200BE4004 /* cat.plist */ = {isa = PBXFileReference; fileEncoding = 4; lastKnownFileType = text.plist.xml; path = cat.plist; sourceTree = "<group>"; };
		6CE9A26D1B84AE2900BE4004 /* ShowOnMapVC.swift */ = {isa = PBXFileReference; fileEncoding = 4; lastKnownFileType = sourcecode.swift; path = ShowOnMapVC.swift; sourceTree = "<group>"; };
		6CE9A26E1B84AE2900BE4004 /* reqLocaiton.storyboard */ = {isa = PBXFileReference; fileEncoding = 4; lastKnownFileType = file.storyboard; path = reqLocaiton.storyboard; sourceTree = "<group>"; };
		6CE9A2731B84D25C00BE4004 /* MenuManager.swift */ = {isa = PBXFileReference; fileEncoding = 4; lastKnownFileType = sourcecode.swift; path = MenuManager.swift; sourceTree = "<group>"; };
		BF4A79F21BCA39B6000170A9 /* Team2.storyboard */ = {isa = PBXFileReference; fileEncoding = 4; lastKnownFileType = file.storyboard; path = Team2.storyboard; sourceTree = "<group>"; };
		BF4A79F31BCA39B6000170A9 /* ConnectionManager.swift */ = {isa = PBXFileReference; fileEncoding = 4; lastKnownFileType = sourcecode.swift; path = ConnectionManager.swift; sourceTree = "<group>"; };
		BF4A79F41BCA39B6000170A9 /* ChagePasswordViewController.swift */ = {isa = PBXFileReference; fileEncoding = 4; lastKnownFileType = sourcecode.swift; path = ChagePasswordViewController.swift; sourceTree = "<group>"; };
		BF4A79F51BCA39B6000170A9 /* EditUserProfileViewController.swift */ = {isa = PBXFileReference; fileEncoding = 4; lastKnownFileType = sourcecode.swift; path = EditUserProfileViewController.swift; sourceTree = "<group>"; };
		BF4A79F61BCA39B6000170A9 /* ForgetPasswordViewController.swift */ = {isa = PBXFileReference; fileEncoding = 4; lastKnownFileType = sourcecode.swift; path = ForgetPasswordViewController.swift; sourceTree = "<group>"; };
		BF4A79F71BCA39B6000170A9 /* LoginViewController.swift */ = {isa = PBXFileReference; fileEncoding = 4; lastKnownFileType = sourcecode.swift; path = LoginViewController.swift; sourceTree = "<group>"; };
		BF4A79F81BCA39B6000170A9 /* RegisterViewController.swift */ = {isa = PBXFileReference; fileEncoding = 4; lastKnownFileType = sourcecode.swift; path = RegisterViewController.swift; sourceTree = "<group>"; };
		BF4A79F91BCA39B6000170A9 /* UserInfo.swift */ = {isa = PBXFileReference; fileEncoding = 4; lastKnownFileType = sourcecode.swift; path = UserInfo.swift; sourceTree = "<group>"; };
		BF4A79FA1BCA39B6000170A9 /* UserProfileViewController.swift */ = {isa = PBXFileReference; fileEncoding = 4; lastKnownFileType = sourcecode.swift; path = UserProfileViewController.swift; sourceTree = "<group>"; };
/* End PBXFileReference section */

/* Begin PBXFrameworksBuildPhase section */
		5C132580198E2A9A00CA49BE /* Frameworks */ = {
			isa = PBXFrameworksBuildPhase;
			buildActionMask = 2147483647;
			files = (
				14674B711BBBCFEE00D20067 /* SystemConfiguration.framework in Frameworks */,
				6EFB68816D90CE093DDFC080 /* Pods.framework in Frameworks */,
			);
			runOnlyForDeploymentPostprocessing = 0;
		};
		5C132592198E2A9A00CA49BE /* Frameworks */ = {
			isa = PBXFrameworksBuildPhase;
			buildActionMask = 2147483647;
			files = (
			);
			runOnlyForDeploymentPostprocessing = 0;
		};
/* End PBXFrameworksBuildPhase section */

/* Begin PBXGroup section */
		076EC6FA1BBE55AA00CD0C25 /* JSONJoy-Swift-master */ = {
			isa = PBXGroup;
			children = (
				076EC6FB1BBE55AA00CD0C25 /* .gitignore */,
				076EC6FC1BBE55AA00CD0C25 /* Info.plist */,
				076EC6FD1BBE55AA00CD0C25 /* JSONJoy-Swift.podspec */,
				076EC6FE1BBE55AA00CD0C25 /* JSONJoy.h */,
				076EC6FF1BBE55AA00CD0C25 /* JSONJoy.swift */,
				076EC7001BBE55AA00CD0C25 /* JSONJoy.xcodeproj */,
				076EC7031BBE55AA00CD0C25 /* LICENSE */,
				076EC7041BBE55AA00CD0C25 /* README.md */,
				076EC7051BBE55AA00CD0C25 /* Tests */,
			);
			name = "JSONJoy-Swift-master";
			path = "../../../Downloads/JSONJoy-Swift-master";
			sourceTree = "<group>";
		};
		076EC7011BBE55AA00CD0C25 /* Products */ = {
			isa = PBXGroup;
			children = (
				076EC70D1BBE55AB00CD0C25 /* JSONJoy.framework */,
				076EC70F1BBE55AB00CD0C25 /* JSONJoyTests.xctest */,
				076EC7111BBE55AB00CD0C25 /* JSONJoy.framework */,
				076EC7131BBE55AB00CD0C25 /* JSONJoyOSXTests.xctest */,
			);
			name = Products;
			sourceTree = "<group>";
		};
		076EC7051BBE55AA00CD0C25 /* Tests */ = {
			isa = PBXGroup;
			children = (
				076EC7061BBE55AA00CD0C25 /* Info.plist */,
				076EC7071BBE55AA00CD0C25 /* JSONJoyTests.swift */,
			);
			path = Tests;
			sourceTree = "<group>";
		};
		0779192D1BBBF3EE00AB0DB1 /* Team4 */ = {
			isa = PBXGroup;
			children = (
				0779197A1BBBF4DB00AB0DB1 /* Other */,
				077919711BBBF4C100AB0DB1 /* Hazard */,
				077919661BBBF4A400AB0DB1 /* Traffic */,
				0779195D1BBBF47500AB0DB1 /* Accident */,
				0779192E1BBBF41900AB0DB1 /* AllVC.swift */,
				0779192F1BBBF41900AB0DB1 /* LocationFilteration.swift */,
				077919301BBBF41900AB0DB1 /* Main_4.storyboard */,
				077919311BBBF41900AB0DB1 /* ReportsMainVC.swift */,
				0793071E1BC27D0700F24080 /* ListAllReports.swift */,
				6CD32ABF1BC28FD100F6D684 /* URLCommentConnection.swift */,
			);
			name = Team4;
			sourceTree = "<group>";
		};
		0779195D1BBBF47500AB0DB1 /* Accident */ = {
			isa = PBXGroup;
			children = (
				0779195E1BBBF48400AB0DB1 /* accidentVC.swift */,
			);
			name = Accident;
			sourceTree = "<group>";
		};
		077919661BBBF4A400AB0DB1 /* Traffic */ = {
			isa = PBXGroup;
			children = (
				077919671BBBF4B100AB0DB1 /* trafficVC.swift */,
			);
			name = Traffic;
			sourceTree = "<group>";
		};
		077919711BBBF4C100AB0DB1 /* Hazard */ = {
			isa = PBXGroup;
			children = (
				077919721BBBF4CD00AB0DB1 /* hazardVC.swift */,
			);
			name = Hazard;
			sourceTree = "<group>";
		};
		0779197A1BBBF4DB00AB0DB1 /* Other */ = {
			isa = PBXGroup;
			children = (
				0779197B1BBBF4EB00AB0DB1 /* otherVC.swift */,
			);
			name = Other;
			sourceTree = "<group>";
		};
		078780071BBD1E5500B7CF93 /* Khalid Map */ = {
			isa = PBXGroup;
			children = (
				078780081BBD1F9F00B7CF93 /* KhalidViewController.swift */,
				078780091BBD1F9F00B7CF93 /* KhalidMapTasks.swift */,
			);
			name = "Khalid Map";
			sourceTree = "<group>";
		};
		1410927A1B8CB77200CD3114 /* Controllers */ = {
			isa = PBXGroup;
			children = (
				1410926A1B8CB76300CD3114 /* MapViewController.swift */,
				1410926B1B8CB76300CD3114 /* TypesTableViewController.swift */,
			);
			name = Controllers;
			sourceTree = "<group>";
		};
		1410927B1B8CB77F00CD3114 /* Model */ = {
			isa = PBXGroup;
			children = (
				1410926C1B8CB76300CD3114 /* GoogleDataProvider.swift */,
				1410926D1B8CB76300CD3114 /* GooglePlace.swift */,
				1410926E1B8CB76300CD3114 /* PlaceMarker.swift */,
			);
			name = Model;
			sourceTree = "<group>";
		};
		1410927C1B8CB7AB00CD3114 /* Views */ = {
			isa = PBXGroup;
			children = (
				1410926F1B8CB76300CD3114 /* MarkerInfoView.swift */,
				141092701B8CB76300CD3114 /* MarkerInfoView.xib */,
				141092711B8CB76300CD3114 /* UIViewExtension.swift */,
			);
			name = Views;
			sourceTree = "<group>";
		};
		1429137B19D979A50025188A /* Storyboard Example */ = {
			isa = PBXGroup;
			children = (
				5C132588198E2A9A00CA49BE /* AppDelegate.swift */,
				6CE9A2731B84D25C00BE4004 /* MenuManager.swift */,
				1429139419DAA9C00025188A /* Controllers */,
			);
			name = "Storyboard Example";
			sourceTree = "<group>";
		};
		1429139419DAA9C00025188A /* Controllers */ = {
			isa = PBXGroup;
			children = (
				1429139219DA9F4D0025188A /* MyNavigationController.swift */,
				1429137C19D97A4F0025188A /* MyMenuTableViewController.swift */,
				5C13258A198E2A9A00CA49BE /* ViewController.swift */,
				5C6D6A261A7E26380047FE0D /* ViewController2.swift */,
				526014451B81CB1500498D3F /* MenuItem.swift */,
			);
			name = Controllers;
			sourceTree = "<group>";
		};
		142AAA831BC12FFD0089F62F /* GeocodingMash */ = {
			isa = PBXGroup;
			children = (
			);
			name = GeocodingMash;
			sourceTree = "<group>";
		};
		14DC31C41BCEB33A00DB3B62 /* GooglePlaceSearch */ = {
			isa = PBXGroup;
			children = (
				14DC31BD1BCEB31800DB3B62 /* GooglePlacesSearchController.swift */,
				14DC31BE1BCEB31800DB3B62 /* PlaceSearchController.swift */,
				14DC31BF1BCEB31800DB3B62 /* GooglePlaceSearch.storyboard */,
			);
			name = GooglePlaceSearch;
			sourceTree = "<group>";
		};
		14EAB63A19DD4E95006A90FC /* Library */ = {
			isa = PBXGroup;
			children = (
				522B7E901B86253C000A5678 /* ENSideMenu.swift */,
				522B7E911B86253C000A5678 /* ENSideMenuNavigationController.swift */,
			);
			name = Library;
			path = ../../Library;
			sourceTree = "<group>";
		};
		45B8D990B7D58E2CA9D63433 /* Pods */ = {
			isa = PBXGroup;
			children = (
				645C7FC34CC5E01A1D5C9ED1 /* Pods.debug.xcconfig */,
				46841B45243E82D10FE5A5F3 /* Pods.release.xcconfig */,
			);
			name = Pods;
			sourceTree = "<group>";
		};
		49A928DD1BC17A4900391A03 /* Team3 Favorites */ = {
			isa = PBXGroup;
			children = (
				49A961FE1BC18F8600622F8D /* Team3.storyboard.favorites.storyboard */,
				49A961F41BC18F0000622F8D /* AddNewFavoriteVC.swift */,
				49A961F61BC18F3400622F8D /* Favorite.swift */,
				49A961F81BC18F4700622F8D /* FavoritesViewController.swift */,
				49A961FA1BC18F5F00622F8D /* ManageFavorites.swift */,
				49A961FC1BC18F7500622F8D /* RetrieveFavoritesInterface.swift */,
				49EEC5FF1BCE667A001E365C /* AddFavorite.swift */,
				49EEC6011BCE6CF5001E365C /* DeleteFavorite.swift */,
			);
			name = "Team3 Favorites";
			sourceTree = "<group>";
		};
		5C13257A198E2A9A00CA49BE = {
			isa = PBXGroup;
			children = (
				6CE9A1C61B83674F00BE4004 /* Podfile */,
				5C132585198E2A9A00CA49BE /* SwiftSideMenu */,
				5C132598198E2A9A00CA49BE /* SwiftSideMenuTests */,
				5C132584198E2A9A00CA49BE /* Products */,
				45B8D990B7D58E2CA9D63433 /* Pods */,
				98773EA61C9F326D030ED433 /* Frameworks */,
			);
			sourceTree = "<group>";
		};
		5C132584198E2A9A00CA49BE /* Products */ = {
			isa = PBXGroup;
			children = (
				5C132583198E2A9A00CA49BE /* MyWay.app */,
				5C132595198E2A9A00CA49BE /* SwiftSideMenuTests.xctest */,
			);
			name = Products;
			sourceTree = "<group>";
		};
		5C132585198E2A9A00CA49BE /* SwiftSideMenu */ = {
			isa = PBXGroup;
			children = (
				49A928DD1BC17A4900391A03 /* Team3 Favorites */,
				078780071BBD1E5500B7CF93 /* Khalid Map */,
				0779192D1BBBF3EE00AB0DB1 /* Team4 */,
				6CE9A26C1B84AE1D00BE4004 /* MapIntegration */,
				6CE9A21D1B83863100BE4004 /* Team2 */,
				6CE9A21C1B83861200BE4004 /* Team3 */,
				6CE9A1BB1B83517300BE4004 /* Team1 */,
				6CEAC4FE1B81EB4200E63813 /* Team5 */,
				14EAB63A19DD4E95006A90FC /* Library */,
				1429137B19D979A50025188A /* Storyboard Example */,
				5C1325A7198E2AB300CA49BE /* image.png */,
				5C13258C198E2A9A00CA49BE /* Main.storyboard */,
				5C13258F198E2A9A00CA49BE /* Images.xcassets */,
				0770A98E1BC4EEB8007080F1 /* OnMapH.png */,
				142AAA701BC12D220089F62F /* BluePushpin.png */,
				0770A99A1BC4F54B007080F1 /* OnMapStand.png */,
				0770A99C1BC4F578007080F1 /* OnMapHeavy.png */,
				077919371BBBF46200AB0DB1 /* OnRoad.png */,
				0770A9961BC4F53C007080F1 /* OnMapModerate.png */,
				0770A9981BC4F542007080F1 /* OnMapOther.png */,
				0770A9901BC4F157007080F1 /* OnMapMajor.png */,
				0770A9911BC4F157007080F1 /* OnMapMinor.png */,
				0770A9921BC4F157007080F1 /* OnMapCons.png */,
				077919381BBBF46200AB0DB1 /* OnRoadG.png */,
				077919391BBBF46200AB0DB1 /* Major.png */,
				0779193A1BBBF46200AB0DB1 /* MajorG.png */,
				0779193B1BBBF46200AB0DB1 /* Minor.png */,
				0779193C1BBBF46200AB0DB1 /* MinorG.png */,
				0779193D1BBBF46200AB0DB1 /* accidents.png */,
				0779193E1BBBF46200AB0DB1 /* construction.png */,
				0779193F1BBBF46200AB0DB1 /* constructionG.png */,
				077919401BBBF46200AB0DB1 /* hazard.png */,
				077919411BBBF46200AB0DB1 /* heavy.png */,
				077919421BBBF46200AB0DB1 /* heavyG.png */,
				077919431BBBF46200AB0DB1 /* moderate.png */,
				077919441BBBF46200AB0DB1 /* moderateG.png */,
				077919451BBBF46200AB0DB1 /* other.png */,
				077919461BBBF46200AB0DB1 /* otherG.png */,
				077919481BBBF46200AB0DB1 /* standStillG.png */,
				077919491BBBF46200AB0DB1 /* traffic.png */,
				5C132586198E2A9A00CA49BE /* Supporting Files */,
			);
			path = SwiftSideMenu;
			sourceTree = "<group>";
		};
		5C132586198E2A9A00CA49BE /* Supporting Files */ = {
			isa = PBXGroup;
			children = (
				5C132587198E2A9A00CA49BE /* Info.plist */,
			);
			name = "Supporting Files";
			sourceTree = "<group>";
		};
		5C132598198E2A9A00CA49BE /* SwiftSideMenuTests */ = {
			isa = PBXGroup;
			children = (
				5C13259B198E2A9A00CA49BE /* SwiftSideMenuTests.swift */,
				5C132599198E2A9A00CA49BE /* Supporting Files */,
			);
			path = SwiftSideMenuTests;
			sourceTree = "<group>";
		};
		5C132599198E2A9A00CA49BE /* Supporting Files */ = {
			isa = PBXGroup;
			children = (
				5C13259A198E2A9A00CA49BE /* Info.plist */,
			);
			name = "Supporting Files";
			sourceTree = "<group>";
		};
		6CBD03C51BCB8A8000F97984 /* Driver */ = {
			isa = PBXGroup;
			children = (
				6CBD03CC1BCB8ABA00F97984 /* Driver.swift */,
				6CBD03CD1BCB8ABA00F97984 /* ReportNotification.swift */,
				6CBD03C61BCB8AAB00F97984 /* CLLocationSpeedExtension.swift */,
				6CBD03C71BCB8AAB00F97984 /* JSONClass.swift */,
				6CBD03C81BCB8AAB00F97984 /* SpeedClass.swift */,
			);
			name = Driver;
			sourceTree = "<group>";
		};
		6CD32A941BC27FFB00F6D684 /* OmYasser */ = {
			isa = PBXGroup;
			children = (
				6C83465F1BC680B100FD0CE4 /* AddDriverVC.swift */,
				6C8346601BC680B100FD0CE4 /* DriversListVC.swift */,
				6C8346611BC680B100FD0CE4 /* drivers.plist */,
				6C8346621BC680B100FD0CE4 /* DriverDetailsVC.swift */,
				6C8346631BC680B100FD0CE4 /* DriverCustomCell.swift */,
				6C8346641BC680B100FD0CE4 /* DriverReportCustomTVC.swift */,
				6CBD03D01BCB8E2600F97984 /* DriverBean.swift */,
			);
			name = OmYasser;
			sourceTree = "<group>";
		};
		6CD32AA11BC2883A00F6D684 /* EmansWork */ = {
			isa = PBXGroup;
			children = (
				6C8346511BC680A000FD0CE4 /* AddDailyRouteVC.swift */,
				6C8346521BC680A000FD0CE4 /* AllpListController.swift */,
				6C8346531BC680A000FD0CE4 /* CommentLocation.swift */,
				6C8346541BC680A000FD0CE4 /* DailyReportVC.swift */,
				6C8346551BC680A000FD0CE4 /* DailyRouteHolder.swift */,
				6C8346561BC680A000FD0CE4 /* DailyRouteViewController.swift */,
				6C8346571BC680A000FD0CE4 /* ModifyDailyRouteVC.swift */,
			);
			name = EmansWork;
			sourceTree = "<group>";
		};
		6CD32AB01BC2887200F6D684 /* MonitorReports */ = {
			isa = PBXGroup;
			children = (
				6C8346451BC6809500FD0CE4 /* Data.swift */,
				6C8346461BC6809500FD0CE4 /* DaysListTVC.swift */,
				6C8346471BC6809500FD0CE4 /* MonitorReportSample.plist */,
				6C8346481BC6809500FD0CE4 /* MonitorReportVC.swift */,
				6C8346491BC6809500FD0CE4 /* ReadReport.swift */,
			);
			name = MonitorReports;
			sourceTree = "<group>";
		};
		6CE9A1BB1B83517300BE4004 /* Team1 */ = {
			isa = PBXGroup;
			children = (
				142AAA831BC12FFD0089F62F /* GeocodingMash */,
				52ECD6CF1B8643DE00718350 /* AHKActionSheet.h */,
				14DC31C41BCEB33A00DB3B62 /* GooglePlaceSearch */,
				52ECD6D01B8643DE00718350 /* AHKActionSheet.m */,
				52ECD6D11B8643DE00718350 /* AHKActionSheetViewController.h */,
				52ECD6D21B8643DE00718350 /* AHKActionSheetViewController.m */,
				52ECD6D31B8643DE00718350 /* UIImage+AHKAdditions.h */,
				52ECD6D41B8643DE00718350 /* UIImage+AHKAdditions.m */,
				52ECD6D51B8643DE00718350 /* UIWindow+AHKAdditions.h */,
				52ECD6D61B8643DE00718350 /* UIWindow+AHKAdditions.m */,
				6CE9A1C41B8364B000BE4004 /* Main_1.storyboard */,
				6CE9A1BE1B8363D400BE4004 /* mainViewController.swift */,
				6CE9A1BF1B8363D400BE4004 /* MapTasks.swift */,
				6CE9A1C21B83641000BE4004 /* MainMapVC.swift */,
				52ECD6CE1B86438A00718350 /* SwiftSideMenu-Bridging-Header.h */,
				141092681B8CB71F00CD3114 /* POI.storyboard */,
				1410927A1B8CB77200CD3114 /* Controllers */,
				1410927B1B8CB77F00CD3114 /* Model */,
				1410927C1B8CB7AB00CD3114 /* Views */,
			);
			name = Team1;
			sourceTree = "<group>";
		};
		6CE9A21C1B83861200BE4004 /* Team3 */ = {
			isa = PBXGroup;
			children = (
				143615641B8F1A34003FD356 /* defaultPoint.jpg */,
				143615681B8F1A8F003FD356 /* Team3.storyboard */,
				6CE9A25E1B8474D200BE4004 /* cat.plist */,
				6CE9A25A1B8474C300BE4004 /* placeDetails.plist */,
				6CE9A25B1B8474C300BE4004 /* places.plist */,
				49DBC8C81BCA227800BF0C0C /* DatesTVC.swift */,
				143615661B8F1A62003FD356 /* AddNewPOI.swift */,
				6CE9A2451B8474A300BE4004 /* addNewPoint.swift */,
				6CE9A2461B8474A300BE4004 /* FileCopier.swift */,
				1436156E1B8F1AF6003FD356 /* MoreInfoOfPOI.swift */,
				6CE9A2471B8474A300BE4004 /* ManagePoints.swift */,
				6CE9A24A1B8474A300BE4004 /* POIDataManager.swift */,
				6CE9A24B1B8474A300BE4004 /* PointOfInterest.swift */,
				1436156A1B8F1AC7003FD356 /* TypesOfPOI.swift */,
				1436156C1B8F1AD4003FD356 /* SubTypesOfPOI.swift */,
				6CE9A24E1B8474A300BE4004 /* TypeView.swift */,
			);
			name = Team3;
			sourceTree = "<group>";
		};
		6CE9A21D1B83863100BE4004 /* Team2 */ = {
			isa = PBXGroup;
			children = (
				BF4A79F21BCA39B6000170A9 /* Team2.storyboard */,
				BF4A79F31BCA39B6000170A9 /* ConnectionManager.swift */,
				BF4A79F41BCA39B6000170A9 /* ChagePasswordViewController.swift */,
				BF4A79F51BCA39B6000170A9 /* EditUserProfileViewController.swift */,
				BF4A79F61BCA39B6000170A9 /* ForgetPasswordViewController.swift */,
				BF4A79F71BCA39B6000170A9 /* LoginViewController.swift */,
				BF4A79F81BCA39B6000170A9 /* RegisterViewController.swift */,
				BF4A79F91BCA39B6000170A9 /* UserInfo.swift */,
				BF4A79FA1BCA39B6000170A9 /* UserProfileViewController.swift */,
				49A962001BC18F9900622F8D /* Share.swift */,
				6CE9A23E1B83A06000BE4004 /* default.png */,
				6CE9A23F1B83A06000BE4004 /* street.png */,
				6CE9A22C1B839F9100BE4004 /* ImageConversion.swift */,
			);
			name = Team2;
			sourceTree = "<group>";
		};
		6CE9A26C1B84AE1D00BE4004 /* MapIntegration */ = {
			isa = PBXGroup;
			children = (
				52F57A721B85E97100A51E54 /* GetLocation.storyboard */,
				143615701B8F1CC3003FD356 /* GetLocationVC.swift */,
				6CE9A26D1B84AE2900BE4004 /* ShowOnMapVC.swift */,
				6CE9A26E1B84AE2900BE4004 /* reqLocaiton.storyboard */,
			);
			name = MapIntegration;
			sourceTree = "<group>";
		};
		6CEAC4FE1B81EB4200E63813 /* Team5 */ = {
			isa = PBXGroup;
			children = (
				6CBD03C51BCB8A8000F97984 /* Driver */,
				6C83466B1BC680C200FD0CE4 /* FileUtils.swift */,
				6C83466C1BC680C200FD0CE4 /* Team5_m.storyboard */,
				6C83466D1BC680C200FD0CE4 /* DriverCustomCell.xib */,
				6C83466E1BC680C200FD0CE4 /* AppSettings.swift */,
				6C83466F1BC680C200FD0CE4 /* Team5.storyboard */,
				6C8346701BC680C200FD0CE4 /* UISettings.swift */,
				6C8346711BC680C200FD0CE4 /* DriverReportCustomCell.xib */,
				6C8346721BC680C200FD0CE4 /* DriverList.swift */,
				6CD32AB01BC2887200F6D684 /* MonitorReports */,
				6CD32AA11BC2883A00F6D684 /* EmansWork */,
				6CD32A941BC27FFB00F6D684 /* OmYasser */,
			);
			name = Team5;
			sourceTree = "<group>";
		};
		98773EA61C9F326D030ED433 /* Frameworks */ = {
			isa = PBXGroup;
			children = (
				076EC6FA1BBE55AA00CD0C25 /* JSONJoy-Swift-master */,
				14674B701BBBCFEE00D20067 /* SystemConfiguration.framework */,
				00EF1B970E64641D6038CAC2 /* Pods.framework */,
			);
			name = Frameworks;
			sourceTree = "<group>";
		};
/* End PBXGroup section */

/* Begin PBXNativeTarget section */
		5C132582198E2A9A00CA49BE /* SwiftSideMenu */ = {
			isa = PBXNativeTarget;
			buildConfigurationList = 5C13259F198E2A9A00CA49BE /* Build configuration list for PBXNativeTarget "SwiftSideMenu" */;
			buildPhases = (
				164750626FBF4818545295CB /* Check Pods Manifest.lock */,
				5C13257F198E2A9A00CA49BE /* Sources */,
				5C132580198E2A9A00CA49BE /* Frameworks */,
				5C132581198E2A9A00CA49BE /* Resources */,
				AA27A5ED2337E3C5B732CD05 /* Copy Pods Resources */,
				C382966BFF502EA689AA1347 /* Embed Pods Frameworks */,
			);
			buildRules = (
			);
			dependencies = (
			);
			name = SwiftSideMenu;
			productName = SwiftSideMenu;
			productReference = 5C132583198E2A9A00CA49BE /* MyWay.app */;
			productType = "com.apple.product-type.application";
		};
		5C132594198E2A9A00CA49BE /* SwiftSideMenuTests */ = {
			isa = PBXNativeTarget;
			buildConfigurationList = 5C1325A2198E2A9A00CA49BE /* Build configuration list for PBXNativeTarget "SwiftSideMenuTests" */;
			buildPhases = (
				5C132591198E2A9A00CA49BE /* Sources */,
				5C132592198E2A9A00CA49BE /* Frameworks */,
				5C132593198E2A9A00CA49BE /* Resources */,
			);
			buildRules = (
			);
			dependencies = (
				5C132597198E2A9A00CA49BE /* PBXTargetDependency */,
			);
			name = SwiftSideMenuTests;
			productName = SwiftSideMenuTests;
			productReference = 5C132595198E2A9A00CA49BE /* SwiftSideMenuTests.xctest */;
			productType = "com.apple.product-type.bundle.unit-test";
		};
/* End PBXNativeTarget section */

/* Begin PBXProject section */
		5C13257B198E2A9A00CA49BE /* Project object */ = {
			isa = PBXProject;
			attributes = {
				LastSwiftUpdateCheck = 0700;
				LastUpgradeCheck = 0640;
				ORGANIZATIONNAME = "";
				TargetAttributes = {
					5C132582198E2A9A00CA49BE = {
						CreatedOnToolsVersion = 6.0;
						DevelopmentTeam = SGL82PX6XB;
					};
					5C132594198E2A9A00CA49BE = {
						CreatedOnToolsVersion = 6.0;
						TestTargetID = 5C132582198E2A9A00CA49BE;
					};
				};
			};
			buildConfigurationList = 5C13257E198E2A9A00CA49BE /* Build configuration list for PBXProject "SwiftSideMenu" */;
			compatibilityVersion = "Xcode 3.2";
			developmentRegion = English;
			hasScannedForEncodings = 0;
			knownRegions = (
				en,
				Base,
			);
			mainGroup = 5C13257A198E2A9A00CA49BE;
			productRefGroup = 5C132584198E2A9A00CA49BE /* Products */;
			projectDirPath = "";
			projectReferences = (
				{
					ProductGroup = 076EC7011BBE55AA00CD0C25 /* Products */;
					ProjectRef = 076EC7001BBE55AA00CD0C25 /* JSONJoy.xcodeproj */;
				},
			);
			projectRoot = "";
			targets = (
				5C132582198E2A9A00CA49BE /* SwiftSideMenu */,
				5C132594198E2A9A00CA49BE /* SwiftSideMenuTests */,
			);
		};
/* End PBXProject section */

/* Begin PBXReferenceProxy section */
		076EC70D1BBE55AB00CD0C25 /* JSONJoy.framework */ = {
			isa = PBXReferenceProxy;
			fileType = wrapper.framework;
			path = JSONJoy.framework;
			remoteRef = 076EC70C1BBE55AB00CD0C25 /* PBXContainerItemProxy */;
			sourceTree = BUILT_PRODUCTS_DIR;
		};
		076EC70F1BBE55AB00CD0C25 /* JSONJoyTests.xctest */ = {
			isa = PBXReferenceProxy;
			fileType = wrapper.cfbundle;
			path = JSONJoyTests.xctest;
			remoteRef = 076EC70E1BBE55AB00CD0C25 /* PBXContainerItemProxy */;
			sourceTree = BUILT_PRODUCTS_DIR;
		};
		076EC7111BBE55AB00CD0C25 /* JSONJoy.framework */ = {
			isa = PBXReferenceProxy;
			fileType = wrapper.framework;
			path = JSONJoy.framework;
			remoteRef = 076EC7101BBE55AB00CD0C25 /* PBXContainerItemProxy */;
			sourceTree = BUILT_PRODUCTS_DIR;
		};
		076EC7131BBE55AB00CD0C25 /* JSONJoyOSXTests.xctest */ = {
			isa = PBXReferenceProxy;
			fileType = wrapper.cfbundle;
			path = JSONJoyOSXTests.xctest;
			remoteRef = 076EC7121BBE55AB00CD0C25 /* PBXContainerItemProxy */;
			sourceTree = BUILT_PRODUCTS_DIR;
		};
/* End PBXReferenceProxy section */

/* Begin PBXResourcesBuildPhase section */
		5C132581198E2A9A00CA49BE /* Resources */ = {
			isa = PBXResourcesBuildPhase;
			buildActionMask = 2147483647;
			files = (
				6CE9A2701B84AE2900BE4004 /* reqLocaiton.storyboard in Resources */,
				9E4766FC19DDBCE900FCEACC /* Main.storyboard in Resources */,
				141092691B8CB71F00CD3114 /* POI.storyboard in Resources */,
				0770A9971BC4F53C007080F1 /* OnMapModerate.png in Resources */,
				0770A99B1BC4F54B007080F1 /* OnMapStand.png in Resources */,
				0779195B1BBBF46200AB0DB1 /* standStillG.png in Resources */,
				5C132590198E2A9A00CA49BE /* Images.xcassets in Resources */,
				077919581BBBF46200AB0DB1 /* other.png in Resources */,
				BF4A79FB1BCA39B6000170A9 /* Team2.storyboard in Resources */,
				0779194A1BBBF46200AB0DB1 /* OnRoad.png in Resources */,
				0770A98F1BC4EEB8007080F1 /* OnMapH.png in Resources */,
				0779194F1BBBF46200AB0DB1 /* MinorG.png in Resources */,
				077919341BBBF41900AB0DB1 /* Main_4.storyboard in Resources */,
				0770A99D1BC4F578007080F1 /* OnMapHeavy.png in Resources */,
				0779195C1BBBF46200AB0DB1 /* traffic.png in Resources */,
				143615651B8F1A34003FD356 /* defaultPoint.jpg in Resources */,
				0779194C1BBBF46200AB0DB1 /* Major.png in Resources */,
				0770A9951BC4F157007080F1 /* OnMapCons.png in Resources */,
				077919511BBBF46200AB0DB1 /* construction.png in Resources */,
				6C8346771BC680C200FD0CE4 /* Team5.storyboard in Resources */,
				077919551BBBF46200AB0DB1 /* heavyG.png in Resources */,
				0779194B1BBBF46200AB0DB1 /* OnRoadG.png in Resources */,
				6CE9A1C51B8364B000BE4004 /* Main_1.storyboard in Resources */,
				52F57A741B85E97100A51E54 /* GetLocation.storyboard in Resources */,
				6C8346671BC680B100FD0CE4 /* drivers.plist in Resources */,
				077919541BBBF46200AB0DB1 /* heavy.png in Resources */,
				5C1325AA198E2AB300CA49BE /* image.png in Resources */,
				6CE9A1C71B83674F00BE4004 /* Podfile in Resources */,
				077919571BBBF46200AB0DB1 /* moderateG.png in Resources */,
				49A961FF1BC18F8600622F8D /* Team3.storyboard.favorites.storyboard in Resources */,
				6C83464D1BC6809500FD0CE4 /* MonitorReportSample.plist in Resources */,
				0770A9941BC4F157007080F1 /* OnMapMinor.png in Resources */,
				6CE9A2421B83A06000BE4004 /* street.png in Resources */,
				6C8346741BC680C200FD0CE4 /* Team5_m.storyboard in Resources */,
				0770A9991BC4F542007080F1 /* OnMapOther.png in Resources */,
				6CE9A25F1B8474D200BE4004 /* cat.plist in Resources */,
				0779194E1BBBF46200AB0DB1 /* Minor.png in Resources */,
				077919521BBBF46200AB0DB1 /* constructionG.png in Resources */,
				6CE9A25C1B8474C300BE4004 /* placeDetails.plist in Resources */,
				6C8346791BC680C200FD0CE4 /* DriverReportCustomCell.xib in Resources */,
				077919531BBBF46200AB0DB1 /* hazard.png in Resources */,
				141092781B8CB76300CD3114 /* MarkerInfoView.xib in Resources */,
				6CE9A2411B83A06000BE4004 /* default.png in Resources */,
				6CE9A25D1B8474C300BE4004 /* places.plist in Resources */,
				077919591BBBF46200AB0DB1 /* otherG.png in Resources */,
				14DC31C21BCEB31800DB3B62 /* GooglePlaceSearch.storyboard in Resources */,
				6C8346751BC680C200FD0CE4 /* DriverCustomCell.xib in Resources */,
				142AAA7B1BC12D220089F62F /* BluePushpin.png in Resources */,
				077919501BBBF46200AB0DB1 /* accidents.png in Resources */,
				077919561BBBF46200AB0DB1 /* moderate.png in Resources */,
				143615691B8F1A8F003FD356 /* Team3.storyboard in Resources */,
				0779194D1BBBF46200AB0DB1 /* MajorG.png in Resources */,
				0770A9931BC4F157007080F1 /* OnMapMajor.png in Resources */,
			);
			runOnlyForDeploymentPostprocessing = 0;
		};
		5C132593198E2A9A00CA49BE /* Resources */ = {
			isa = PBXResourcesBuildPhase;
			buildActionMask = 2147483647;
			files = (
			);
			runOnlyForDeploymentPostprocessing = 0;
		};
/* End PBXResourcesBuildPhase section */

/* Begin PBXShellScriptBuildPhase section */
		164750626FBF4818545295CB /* Check Pods Manifest.lock */ = {
			isa = PBXShellScriptBuildPhase;
			buildActionMask = 2147483647;
			files = (
			);
			inputPaths = (
			);
			name = "Check Pods Manifest.lock";
			outputPaths = (
			);
			runOnlyForDeploymentPostprocessing = 0;
			shellPath = /bin/sh;
			shellScript = "diff \"${PODS_ROOT}/../Podfile.lock\" \"${PODS_ROOT}/Manifest.lock\" > /dev/null\nif [[ $? != 0 ]] ; then\n    cat << EOM\nerror: The sandbox is not in sync with the Podfile.lock. Run 'pod install' or update your CocoaPods installation.\nEOM\n    exit 1\nfi\n";
			showEnvVarsInLog = 0;
		};
		AA27A5ED2337E3C5B732CD05 /* Copy Pods Resources */ = {
			isa = PBXShellScriptBuildPhase;
			buildActionMask = 2147483647;
			files = (
			);
			inputPaths = (
			);
			name = "Copy Pods Resources";
			outputPaths = (
			);
			runOnlyForDeploymentPostprocessing = 0;
			shellPath = /bin/sh;
			shellScript = "\"${SRCROOT}/Pods/Target Support Files/Pods/Pods-resources.sh\"\n";
			showEnvVarsInLog = 0;
		};
		C382966BFF502EA689AA1347 /* Embed Pods Frameworks */ = {
			isa = PBXShellScriptBuildPhase;
			buildActionMask = 2147483647;
			files = (
			);
			inputPaths = (
			);
			name = "Embed Pods Frameworks";
			outputPaths = (
			);
			runOnlyForDeploymentPostprocessing = 0;
			shellPath = /bin/sh;
			shellScript = "\"${SRCROOT}/Pods/Target Support Files/Pods/Pods-frameworks.sh\"\n";
			showEnvVarsInLog = 0;
		};
/* End PBXShellScriptBuildPhase section */

/* Begin PBXSourcesBuildPhase section */
		5C13257F198E2A9A00CA49BE /* Sources */ = {
			isa = PBXSourcesBuildPhase;
			buildActionMask = 2147483647;
			files = (
				522B7E921B86253C000A5678 /* ENSideMenu.swift in Sources */,
				52ECD6D81B8643DE00718350 /* AHKActionSheetViewController.m in Sources */,
				141092731B8CB76300CD3114 /* TypesTableViewController.swift in Sources */,
				6CBD03C91BCB8AAB00F97984 /* CLLocationSpeedExtension.swift in Sources */,
				1436156B1B8F1AC7003FD356 /* TypesOfPOI.swift in Sources */,
				6CE9A1C31B83641000BE4004 /* MainMapVC.swift in Sources */,
				141092771B8CB76300CD3114 /* MarkerInfoView.swift in Sources */,
				49A961F71BC18F3400622F8D /* Favorite.swift in Sources */,
				49A961F91BC18F4700622F8D /* FavoritesViewController.swift in Sources */,
				49A961FB1BC18F5F00622F8D /* ManageFavorites.swift in Sources */,
				0779196C1BBBF4B100AB0DB1 /* trafficVC.swift in Sources */,
				BF4A79FC1BCA39B6000170A9 /* ConnectionManager.swift in Sources */,
				BF4A7A011BCA39B6000170A9 /* RegisterViewController.swift in Sources */,
				143615671B8F1A62003FD356 /* AddNewPOI.swift in Sources */,
				141092751B8CB76300CD3114 /* GooglePlace.swift in Sources */,
				6C8346781BC680C200FD0CE4 /* UISettings.swift in Sources */,
				49EEC6021BCE6CF5001E365C /* DeleteFavorite.swift in Sources */,
				6C8346681BC680B100FD0CE4 /* DriverDetailsVC.swift in Sources */,
				6CE9A2511B8474A300BE4004 /* FileCopier.swift in Sources */,
				6CE9A2501B8474A300BE4004 /* addNewPoint.swift in Sources */,
				6C8346761BC680C200FD0CE4 /* AppSettings.swift in Sources */,
				49A962011BC18F9900622F8D /* Share.swift in Sources */,
				49EEC6001BCE667A001E365C /* AddFavorite.swift in Sources */,
				0787800B1BBD1F9F00B7CF93 /* KhalidViewController.swift in Sources */,
				6C83465A1BC680A000FD0CE4 /* CommentLocation.swift in Sources */,
				5C13258B198E2A9A00CA49BE /* ViewController.swift in Sources */,
				6C83464B1BC6809500FD0CE4 /* Data.swift in Sources */,
				6C8346591BC680A000FD0CE4 /* AllpListController.swift in Sources */,
				BF4A7A021BCA39B6000170A9 /* UserInfo.swift in Sources */,
				49A961F51BC18F0100622F8D /* AddNewFavoriteVC.swift in Sources */,
				6CE9A1C01B8363D400BE4004 /* mainViewController.swift in Sources */,
				0793071F1BC27D0700F24080 /* ListAllReports.swift in Sources */,
				1429137D19D97A4F0025188A /* MyMenuTableViewController.swift in Sources */,
				49A961FD1BC18F7500622F8D /* RetrieveFavoritesInterface.swift in Sources */,
				143615711B8F1CC3003FD356 /* GetLocationVC.swift in Sources */,
				0779197E1BBBF4EB00AB0DB1 /* otherVC.swift in Sources */,
				BF4A7A031BCA39B6000170A9 /* UserProfileViewController.swift in Sources */,
				6C83467A1BC680C200FD0CE4 /* DriverList.swift in Sources */,
				BF4A7A001BCA39B6000170A9 /* LoginViewController.swift in Sources */,
				1436156D1B8F1AD4003FD356 /* SubTypesOfPOI.swift in Sources */,
				5C6D6A271A7E26380047FE0D /* ViewController2.swift in Sources */,
				1436156F1B8F1AF6003FD356 /* MoreInfoOfPOI.swift in Sources */,
				526014461B81CB1600498D3F /* MenuItem.swift in Sources */,
				6C8346661BC680B100FD0CE4 /* DriversListVC.swift in Sources */,
				6CE9A2361B839F9100BE4004 /* ImageConversion.swift in Sources */,
				14DC31C11BCEB31800DB3B62 /* PlaceSearchController.swift in Sources */,
				077919621BBBF48400AB0DB1 /* accidentVC.swift in Sources */,
				6C83465E1BC680A000FD0CE4 /* ModifyDailyRouteVC.swift in Sources */,
				6C83465D1BC680A000FD0CE4 /* DailyRouteViewController.swift in Sources */,
				6CBD03CF1BCB8ABA00F97984 /* ReportNotification.swift in Sources */,
				6C8346731BC680C200FD0CE4 /* FileUtils.swift in Sources */,
				141092761B8CB76300CD3114 /* PlaceMarker.swift in Sources */,
				14DC31C01BCEB31800DB3B62 /* GooglePlacesSearchController.swift in Sources */,
				6C83465B1BC680A000FD0CE4 /* DailyReportVC.swift in Sources */,
				6CD32AC01BC28FD100F6D684 /* URLCommentConnection.swift in Sources */,
				522B7E931B86253C000A5678 /* ENSideMenuNavigationController.swift in Sources */,
				BF4A79FF1BCA39B6000170A9 /* ForgetPasswordViewController.swift in Sources */,
				6C8346651BC680B100FD0CE4 /* AddDriverVC.swift in Sources */,
				6CBD03CB1BCB8AAB00F97984 /* SpeedClass.swift in Sources */,
				077919761BBBF4CD00AB0DB1 /* hazardVC.swift in Sources */,
				52ECD6D91B8643DE00718350 /* UIImage+AHKAdditions.m in Sources */,
				6C83466A1BC680B100FD0CE4 /* DriverReportCustomTVC.swift in Sources */,
				BF4A79FD1BCA39B6000170A9 /* ChagePasswordViewController.swift in Sources */,
				6CE9A2591B8474A300BE4004 /* TypeView.swift in Sources */,
				6CBD03CE1BCB8ABA00F97984 /* Driver.swift in Sources */,
				6C83464F1BC6809500FD0CE4 /* ReadReport.swift in Sources */,
				52ECD6D71B8643DE00718350 /* AHKActionSheet.m in Sources */,
				6CE9A2561B8474A300BE4004 /* PointOfInterest.swift in Sources */,
				6CE9A2521B8474A300BE4004 /* ManagePoints.swift in Sources */,
				6C83464C1BC6809500FD0CE4 /* DaysListTVC.swift in Sources */,
				BF4A79FE1BCA39B6000170A9 /* EditUserProfileViewController.swift in Sources */,
				52ECD6DA1B8643DE00718350 /* UIWindow+AHKAdditions.m in Sources */,
				6CBD03CA1BCB8AAB00F97984 /* JSONClass.swift in Sources */,
				0787800C1BBD1F9F00B7CF93 /* KhalidMapTasks.swift in Sources */,
				1429139319DA9F4D0025188A /* MyNavigationController.swift in Sources */,
				6C8346581BC680A000FD0CE4 /* AddDailyRouteVC.swift in Sources */,
				6CE9A1C11B8363D400BE4004 /* MapTasks.swift in Sources */,
				49DBC8C91BCA227800BF0C0C /* DatesTVC.swift in Sources */,
				141092741B8CB76300CD3114 /* GoogleDataProvider.swift in Sources */,
				077919331BBBF41900AB0DB1 /* LocationFilteration.swift in Sources */,
				6C83464E1BC6809500FD0CE4 /* MonitorReportVC.swift in Sources */,
				6C83465C1BC680A000FD0CE4 /* DailyRouteHolder.swift in Sources */,
				6CE9A2741B84D25C00BE4004 /* MenuManager.swift in Sources */,
				6CE9A26F1B84AE2900BE4004 /* ShowOnMapVC.swift in Sources */,
				141092791B8CB76300CD3114 /* UIViewExtension.swift in Sources */,
				6C8346691BC680B100FD0CE4 /* DriverCustomCell.swift in Sources */,
				6CBD03D11BCB8E2600F97984 /* DriverBean.swift in Sources */,
				6CE9A2551B8474A300BE4004 /* POIDataManager.swift in Sources */,
				077919321BBBF41900AB0DB1 /* AllVC.swift in Sources */,
				5C132589198E2A9A00CA49BE /* AppDelegate.swift in Sources */,
				077919351BBBF41900AB0DB1 /* ReportsMainVC.swift in Sources */,
				141092721B8CB76300CD3114 /* MapViewController.swift in Sources */,
			);
			runOnlyForDeploymentPostprocessing = 0;
		};
		5C132591198E2A9A00CA49BE /* Sources */ = {
			isa = PBXSourcesBuildPhase;
			buildActionMask = 2147483647;
			files = (
				5C13259C198E2A9A00CA49BE /* SwiftSideMenuTests.swift in Sources */,
			);
			runOnlyForDeploymentPostprocessing = 0;
		};
/* End PBXSourcesBuildPhase section */

/* Begin PBXTargetDependency section */
		5C132597198E2A9A00CA49BE /* PBXTargetDependency */ = {
			isa = PBXTargetDependency;
			target = 5C132582198E2A9A00CA49BE /* SwiftSideMenu */;
			targetProxy = 5C132596198E2A9A00CA49BE /* PBXContainerItemProxy */;
		};
/* End PBXTargetDependency section */

/* Begin PBXVariantGroup section */
		5C13258C198E2A9A00CA49BE /* Main.storyboard */ = {
			isa = PBXVariantGroup;
			children = (
				5C13258D198E2A9A00CA49BE /* Base */,
			);
			name = Main.storyboard;
			sourceTree = "<group>";
		};
/* End PBXVariantGroup section */

/* Begin XCBuildConfiguration section */
		5C13259D198E2A9A00CA49BE /* Debug */ = {
			isa = XCBuildConfiguration;
			buildSettings = {
				ALWAYS_SEARCH_USER_PATHS = NO;
				CLANG_CXX_LANGUAGE_STANDARD = "gnu++0x";
				CLANG_CXX_LIBRARY = "libc++";
				CLANG_ENABLE_MODULES = YES;
				CLANG_ENABLE_OBJC_ARC = YES;
				CLANG_WARN_BOOL_CONVERSION = YES;
				CLANG_WARN_CONSTANT_CONVERSION = YES;
				CLANG_WARN_DIRECT_OBJC_ISA_USAGE = YES_ERROR;
				CLANG_WARN_EMPTY_BODY = YES;
				CLANG_WARN_ENUM_CONVERSION = YES;
				CLANG_WARN_INT_CONVERSION = YES;
				CLANG_WARN_OBJC_ROOT_CLASS = YES_ERROR;
				CLANG_WARN_UNREACHABLE_CODE = YES;
				CLANG_WARN__DUPLICATE_METHOD_MATCH = YES;
				"CODE_SIGN_IDENTITY[sdk=iphoneos*]" = "iPhone Developer";
				COPY_PHASE_STRIP = NO;
				ENABLE_STRICT_OBJC_MSGSEND = YES;
				GCC_C_LANGUAGE_STANDARD = gnu99;
				GCC_DYNAMIC_NO_PIC = NO;
				GCC_OPTIMIZATION_LEVEL = 0;
				GCC_PREPROCESSOR_DEFINITIONS = (
					"DEBUG=1",
					"$(inherited)",
				);
				GCC_SYMBOLS_PRIVATE_EXTERN = NO;
				GCC_WARN_64_TO_32_BIT_CONVERSION = YES;
				GCC_WARN_ABOUT_RETURN_TYPE = YES_ERROR;
				GCC_WARN_UNDECLARED_SELECTOR = YES;
				GCC_WARN_UNINITIALIZED_AUTOS = YES_AGGRESSIVE;
				GCC_WARN_UNUSED_FUNCTION = YES;
				GCC_WARN_UNUSED_VARIABLE = YES;
				IPHONEOS_DEPLOYMENT_TARGET = 8.0;
				MTL_ENABLE_DEBUG_INFO = YES;
				ONLY_ACTIVE_ARCH = YES;
				SDKROOT = iphoneos;
				SWIFT_OPTIMIZATION_LEVEL = "-Onone";
				TARGETED_DEVICE_FAMILY = "1,2";
			};
			name = Debug;
		};
		5C13259E198E2A9A00CA49BE /* Release */ = {
			isa = XCBuildConfiguration;
			buildSettings = {
				ALWAYS_SEARCH_USER_PATHS = NO;
				CLANG_CXX_LANGUAGE_STANDARD = "gnu++0x";
				CLANG_CXX_LIBRARY = "libc++";
				CLANG_ENABLE_MODULES = YES;
				CLANG_ENABLE_OBJC_ARC = YES;
				CLANG_WARN_BOOL_CONVERSION = YES;
				CLANG_WARN_CONSTANT_CONVERSION = YES;
				CLANG_WARN_DIRECT_OBJC_ISA_USAGE = YES_ERROR;
				CLANG_WARN_EMPTY_BODY = YES;
				CLANG_WARN_ENUM_CONVERSION = YES;
				CLANG_WARN_INT_CONVERSION = YES;
				CLANG_WARN_OBJC_ROOT_CLASS = YES_ERROR;
				CLANG_WARN_UNREACHABLE_CODE = YES;
				CLANG_WARN__DUPLICATE_METHOD_MATCH = YES;
				"CODE_SIGN_IDENTITY[sdk=iphoneos*]" = "iPhone Developer";
				COPY_PHASE_STRIP = YES;
				ENABLE_NS_ASSERTIONS = NO;
				ENABLE_STRICT_OBJC_MSGSEND = YES;
				GCC_C_LANGUAGE_STANDARD = gnu99;
				GCC_WARN_64_TO_32_BIT_CONVERSION = YES;
				GCC_WARN_ABOUT_RETURN_TYPE = YES_ERROR;
				GCC_WARN_UNDECLARED_SELECTOR = YES;
				GCC_WARN_UNINITIALIZED_AUTOS = YES_AGGRESSIVE;
				GCC_WARN_UNUSED_FUNCTION = YES;
				GCC_WARN_UNUSED_VARIABLE = YES;
				IPHONEOS_DEPLOYMENT_TARGET = 8.0;
				MTL_ENABLE_DEBUG_INFO = NO;
				SDKROOT = iphoneos;
				TARGETED_DEVICE_FAMILY = "1,2";
				VALIDATE_PRODUCT = YES;
			};
			name = Release;
		};
		5C1325A0198E2A9A00CA49BE /* Debug */ = {
			isa = XCBuildConfiguration;
			baseConfigurationReference = 645C7FC34CC5E01A1D5C9ED1 /* Pods.debug.xcconfig */;
			buildSettings = {
				ASSETCATALOG_COMPILER_APPICON_NAME = AppIcon;
				ASSETCATALOG_COMPILER_LAUNCHIMAGE_NAME = LaunchImage;
				CLANG_ENABLE_MODULES = YES;
				CODE_SIGN_IDENTITY = "iPhone Developer";
				"CODE_SIGN_IDENTITY[sdk=iphoneos*]" = "iPhone Developer";
				INFOPLIST_FILE = SwiftSideMenu/Info.plist;
				IPHONEOS_DEPLOYMENT_TARGET = 8.1;
				LD_RUNPATH_SEARCH_PATHS = "$(inherited) @executable_path/Frameworks";
				"OTHER_LDFLAGS[arch=*]" = (
					"$(inherited)",
					"-l\"c++\"",
					"-l\"icucore\"",
					"-l\"z\"",
					"-framework",
					"\"AVFoundation\"",
					"-framework",
					"\"Accelerate\"",
					"-framework",
					"\"CoreBluetooth\"",
					"-framework",
					"\"CoreData\"",
					"-framework",
					"\"CoreGraphics\"",
					"-framework",
					"\"CoreLocation\"",
					"-framework",
					"\"CoreText\"",
					"-framework",
					"\"GLKit\"",
					"-framework",
					"\"GoogleMaps\"",
					"-framework",
					"\"ImageIO\"",
					"-framework",
					"\"OpenGLES\"",
					"-framework",
					"\"QuartzCore\"",
					"-framework",
					"\"Security\"",
					"-framework",
					"\"SwiftyJSON\"",
					"-framework",
					"\"SystemConfiguration\"",
					"-ObjC",
				);
				PRODUCT_NAME = MyWay;
				PROVISIONING_PROFILE = "";
				SWIFT_OBJC_BRIDGING_HEADER = "SwiftSideMenu/SwiftSideMenu-Bridging-Header.h";
				SWIFT_OPTIMIZATION_LEVEL = "-Onone";
				TARGETED_DEVICE_FAMILY = "1,2";
			};
			name = Debug;
		};
		5C1325A1198E2A9A00CA49BE /* Release */ = {
			isa = XCBuildConfiguration;
			baseConfigurationReference = 46841B45243E82D10FE5A5F3 /* Pods.release.xcconfig */;
			buildSettings = {
				ASSETCATALOG_COMPILER_APPICON_NAME = AppIcon;
				ASSETCATALOG_COMPILER_LAUNCHIMAGE_NAME = LaunchImage;
				CLANG_ENABLE_MODULES = YES;
				CODE_SIGN_IDENTITY = "iPhone Developer";
				"CODE_SIGN_IDENTITY[sdk=iphoneos*]" = "iPhone Developer";
				INFOPLIST_FILE = SwiftSideMenu/Info.plist;
				IPHONEOS_DEPLOYMENT_TARGET = 8.1;
				LD_RUNPATH_SEARCH_PATHS = "$(inherited) @executable_path/Frameworks";
				"OTHER_LDFLAGS[arch=*]" = (
					"$(inherited)",
					"-l\"c++\"",
					"-l\"icucore\"",
					"-l\"z\"",
					"-framework",
					"\"AVFoundation\"",
					"-framework",
					"\"Accelerate\"",
					"-framework",
					"\"CoreBluetooth\"",
					"-framework",
					"\"CoreData\"",
					"-framework",
					"\"CoreGraphics\"",
					"-framework",
					"\"CoreLocation\"",
					"-framework",
					"\"CoreText\"",
					"-framework",
					"\"GLKit\"",
					"-framework",
					"\"GoogleMaps\"",
					"-framework",
					"\"ImageIO\"",
					"-framework",
					"\"OpenGLES\"",
					"-framework",
					"\"QuartzCore\"",
					"-framework",
					"\"Security\"",
					"-framework",
					"\"SwiftyJSON\"",
					"-framework",
					"\"SystemConfiguration\"",
					"-ObjC",
				);
				PRODUCT_NAME = MyWay;
				PROVISIONING_PROFILE = "";
				SWIFT_OBJC_BRIDGING_HEADER = "SwiftSideMenu/SwiftSideMenu-Bridging-Header.h";
				TARGETED_DEVICE_FAMILY = "1,2";
			};
			name = Release;
		};
		5C1325A3198E2A9A00CA49BE /* Debug */ = {
			isa = XCBuildConfiguration;
			buildSettings = {
				BUNDLE_LOADER = "$(BUILT_PRODUCTS_DIR)/SwiftSideMenu.app/SwiftSideMenu";
				FRAMEWORK_SEARCH_PATHS = (
					"$(SDKROOT)/Developer/Library/Frameworks",
					"$(inherited)",
				);
				GCC_PREPROCESSOR_DEFINITIONS = (
					"DEBUG=1",
					"$(inherited)",
				);
				INFOPLIST_FILE = SwiftSideMenuTests/Info.plist;
				LD_RUNPATH_SEARCH_PATHS = "$(inherited) @executable_path/Frameworks @loader_path/Frameworks";
				PRODUCT_NAME = SwiftSideMenuTests;
				TEST_HOST = "$(BUNDLE_LOADER)";
			};
			name = Debug;
		};
		5C1325A4198E2A9A00CA49BE /* Release */ = {
			isa = XCBuildConfiguration;
			buildSettings = {
				BUNDLE_LOADER = "$(BUILT_PRODUCTS_DIR)/SwiftSideMenu.app/SwiftSideMenu";
				FRAMEWORK_SEARCH_PATHS = (
					"$(SDKROOT)/Developer/Library/Frameworks",
					"$(inherited)",
				);
				INFOPLIST_FILE = SwiftSideMenuTests/Info.plist;
				LD_RUNPATH_SEARCH_PATHS = "$(inherited) @executable_path/Frameworks @loader_path/Frameworks";
				PRODUCT_NAME = SwiftSideMenuTests;
				TEST_HOST = "$(BUNDLE_LOADER)";
			};
			name = Release;
		};
/* End XCBuildConfiguration section */

/* Begin XCConfigurationList section */
		5C13257E198E2A9A00CA49BE /* Build configuration list for PBXProject "SwiftSideMenu" */ = {
			isa = XCConfigurationList;
			buildConfigurations = (
				5C13259D198E2A9A00CA49BE /* Debug */,
				5C13259E198E2A9A00CA49BE /* Release */,
			);
			defaultConfigurationIsVisible = 0;
			defaultConfigurationName = Release;
		};
		5C13259F198E2A9A00CA49BE /* Build configuration list for PBXNativeTarget "SwiftSideMenu" */ = {
			isa = XCConfigurationList;
			buildConfigurations = (
				5C1325A0198E2A9A00CA49BE /* Debug */,
				5C1325A1198E2A9A00CA49BE /* Release */,
			);
			defaultConfigurationIsVisible = 0;
			defaultConfigurationName = Release;
		};
		5C1325A2198E2A9A00CA49BE /* Build configuration list for PBXNativeTarget "SwiftSideMenuTests" */ = {
			isa = XCConfigurationList;
			buildConfigurations = (
				5C1325A3198E2A9A00CA49BE /* Debug */,
				5C1325A4198E2A9A00CA49BE /* Release */,
			);
			defaultConfigurationIsVisible = 0;
			defaultConfigurationName = Release;
		};
/* End XCConfigurationList section */
	};
	rootObject = 5C13257B198E2A9A00CA49BE /* Project object */;
}
