// !$*UTF8*$!
{
	archiveVersion = 1;
	classes = {
	};
	objectVersion = 46;
	objects = {

/* Begin PBXBuildFile section */
		077919321BBBF41900AB0DB1 /* AllVC.swift in Sources */ = {isa = PBXBuildFile; fileRef = 0779192E1BBBF41900AB0DB1 /* AllVC.swift */; };
		077919331BBBF41900AB0DB1 /* LocationFilteration.swift in Sources */ = {isa = PBXBuildFile; fileRef = 0779192F1BBBF41900AB0DB1 /* LocationFilteration.swift */; };
		077919341BBBF41900AB0DB1 /* Main_4.storyboard in Resources */ = {isa = PBXBuildFile; fileRef = 077919301BBBF41900AB0DB1 /* Main_4.storyboard */; };
		077919351BBBF41900AB0DB1 /* ReportsMainVC.swift in Sources */ = {isa = PBXBuildFile; fileRef = 077919311BBBF41900AB0DB1 /* ReportsMainVC.swift */; };
		0779194A1BBBF46200AB0DB1 /* OnRoad.png in Resources */ = {isa = PBXBuildFile; fileRef = 077919371BBBF46200AB0DB1 /* OnRoad.png */; };
		0779194B1BBBF46200AB0DB1 /* OnRoadG.png in Resources */ = {isa = PBXBuildFile; fileRef = 077919381BBBF46200AB0DB1 /* OnRoadG.png */; };
		0779194C1BBBF46200AB0DB1 /* Major.png in Resources */ = {isa = PBXBuildFile; fileRef = 077919391BBBF46200AB0DB1 /* Major.png */; };
		0779194D1BBBF46200AB0DB1 /* MajorG.png in Resources */ = {isa = PBXBuildFile; fileRef = 0779193A1BBBF46200AB0DB1 /* MajorG.png */; };
		0779194E1BBBF46200AB0DB1 /* Minor.png in Resources */ = {isa = PBXBuildFile; fileRef = 0779193B1BBBF46200AB0DB1 /* Minor.png */; };
		0779194F1BBBF46200AB0DB1 /* MinorG.png in Resources */ = {isa = PBXBuildFile; fileRef = 0779193C1BBBF46200AB0DB1 /* MinorG.png */; };
		077919501BBBF46200AB0DB1 /* accidents.png in Resources */ = {isa = PBXBuildFile; fileRef = 0779193D1BBBF46200AB0DB1 /* accidents.png */; };
		077919511BBBF46200AB0DB1 /* construction.png in Resources */ = {isa = PBXBuildFile; fileRef = 0779193E1BBBF46200AB0DB1 /* construction.png */; };
		077919521BBBF46200AB0DB1 /* constructionG.png in Resources */ = {isa = PBXBuildFile; fileRef = 0779193F1BBBF46200AB0DB1 /* constructionG.png */; };
		077919531BBBF46200AB0DB1 /* hazard.png in Resources */ = {isa = PBXBuildFile; fileRef = 077919401BBBF46200AB0DB1 /* hazard.png */; };
		077919541BBBF46200AB0DB1 /* heavy.png in Resources */ = {isa = PBXBuildFile; fileRef = 077919411BBBF46200AB0DB1 /* heavy.png */; };
		077919551BBBF46200AB0DB1 /* heavyG.png in Resources */ = {isa = PBXBuildFile; fileRef = 077919421BBBF46200AB0DB1 /* heavyG.png */; };
		077919561BBBF46200AB0DB1 /* moderate.png in Resources */ = {isa = PBXBuildFile; fileRef = 077919431BBBF46200AB0DB1 /* moderate.png */; };
		077919571BBBF46200AB0DB1 /* moderateG.png in Resources */ = {isa = PBXBuildFile; fileRef = 077919441BBBF46200AB0DB1 /* moderateG.png */; };
		077919581BBBF46200AB0DB1 /* other.png in Resources */ = {isa = PBXBuildFile; fileRef = 077919451BBBF46200AB0DB1 /* other.png */; };
		077919591BBBF46200AB0DB1 /* otherG.png in Resources */ = {isa = PBXBuildFile; fileRef = 077919461BBBF46200AB0DB1 /* otherG.png */; };
		0779195B1BBBF46200AB0DB1 /* standStillG.png in Resources */ = {isa = PBXBuildFile; fileRef = 077919481BBBF46200AB0DB1 /* standStillG.png */; };
		0779195C1BBBF46200AB0DB1 /* traffic.png in Resources */ = {isa = PBXBuildFile; fileRef = 077919491BBBF46200AB0DB1 /* traffic.png */; };
		077919621BBBF48400AB0DB1 /* accidentVC.swift in Sources */ = {isa = PBXBuildFile; fileRef = 0779195E1BBBF48400AB0DB1 /* accidentVC.swift */; };
		077919631BBBF48400AB0DB1 /* addAccidentsReport.swift in Sources */ = {isa = PBXBuildFile; fileRef = 0779195F1BBBF48400AB0DB1 /* addAccidentsReport.swift */; };
		077919641BBBF48400AB0DB1 /* commentMinorAccident.swift in Sources */ = {isa = PBXBuildFile; fileRef = 077919601BBBF48400AB0DB1 /* commentMinorAccident.swift */; };
		077919651BBBF48400AB0DB1 /* commentMajorAccident.swift in Sources */ = {isa = PBXBuildFile; fileRef = 077919611BBBF48400AB0DB1 /* commentMajorAccident.swift */; };
		0779196C1BBBF4B100AB0DB1 /* trafficVC.swift in Sources */ = {isa = PBXBuildFile; fileRef = 077919671BBBF4B100AB0DB1 /* trafficVC.swift */; };
		0779196D1BBBF4B100AB0DB1 /* commentModerateTraffic.swift in Sources */ = {isa = PBXBuildFile; fileRef = 077919681BBBF4B100AB0DB1 /* commentModerateTraffic.swift */; };
		0779196E1BBBF4B100AB0DB1 /* commentHeavyTraffic.swift in Sources */ = {isa = PBXBuildFile; fileRef = 077919691BBBF4B100AB0DB1 /* commentHeavyTraffic.swift */; };
		0779196F1BBBF4B100AB0DB1 /* commentStandstillTraffic.swift in Sources */ = {isa = PBXBuildFile; fileRef = 0779196A1BBBF4B100AB0DB1 /* commentStandstillTraffic.swift */; };
		077919701BBBF4B100AB0DB1 /* addTrafficJamReports.swift in Sources */ = {isa = PBXBuildFile; fileRef = 0779196B1BBBF4B100AB0DB1 /* addTrafficJamReports.swift */; };
		077919761BBBF4CD00AB0DB1 /* hazardVC.swift in Sources */ = {isa = PBXBuildFile; fileRef = 077919721BBBF4CD00AB0DB1 /* hazardVC.swift */; };
		077919771BBBF4CD00AB0DB1 /* addHazardReport.swift in Sources */ = {isa = PBXBuildFile; fileRef = 077919731BBBF4CD00AB0DB1 /* addHazardReport.swift */; };
		077919781BBBF4CD00AB0DB1 /* commentOnRoad.swift in Sources */ = {isa = PBXBuildFile; fileRef = 077919741BBBF4CD00AB0DB1 /* commentOnRoad.swift */; };
		077919791BBBF4CD00AB0DB1 /* commentConstruction.swift in Sources */ = {isa = PBXBuildFile; fileRef = 077919751BBBF4CD00AB0DB1 /* commentConstruction.swift */; };
		0779197E1BBBF4EB00AB0DB1 /* otherVC.swift in Sources */ = {isa = PBXBuildFile; fileRef = 0779197B1BBBF4EB00AB0DB1 /* otherVC.swift */; };
		0779197F1BBBF4EB00AB0DB1 /* addOtherReports.swift in Sources */ = {isa = PBXBuildFile; fileRef = 0779197C1BBBF4EB00AB0DB1 /* addOtherReports.swift */; };
		077919801BBBF4EB00AB0DB1 /* commentOther.swift in Sources */ = {isa = PBXBuildFile; fileRef = 0779197D1BBBF4EB00AB0DB1 /* commentOther.swift */; };
		078780061BBCFB6D00B7CF93 /* getCommentDetails.swift in Sources */ = {isa = PBXBuildFile; fileRef = 078780051BBCFB6D00B7CF93 /* getCommentDetails.swift */; };
		0787800B1BBD1F9F00B7CF93 /* KhalidViewController.swift in Sources */ = {isa = PBXBuildFile; fileRef = 078780081BBD1F9F00B7CF93 /* KhalidViewController.swift */; };
		0787800C1BBD1F9F00B7CF93 /* KhalidMapTasks.swift in Sources */ = {isa = PBXBuildFile; fileRef = 078780091BBD1F9F00B7CF93 /* KhalidMapTasks.swift */; };
		0787800D1BBD1F9F00B7CF93 /* Khalidtable22.swift in Sources */ = {isa = PBXBuildFile; fileRef = 0787800A1BBD1F9F00B7CF93 /* Khalidtable22.swift */; };
		141092691B8CB71F00CD3114 /* POI.storyboard in Resources */ = {isa = PBXBuildFile; fileRef = 141092681B8CB71F00CD3114 /* POI.storyboard */; };
		141092721B8CB76300CD3114 /* MapViewController.swift in Sources */ = {isa = PBXBuildFile; fileRef = 1410926A1B8CB76300CD3114 /* MapViewController.swift */; };
		141092731B8CB76300CD3114 /* TypesTableViewController.swift in Sources */ = {isa = PBXBuildFile; fileRef = 1410926B1B8CB76300CD3114 /* TypesTableViewController.swift */; };
		141092741B8CB76300CD3114 /* GoogleDataProvider.swift in Sources */ = {isa = PBXBuildFile; fileRef = 1410926C1B8CB76300CD3114 /* GoogleDataProvider.swift */; };
		141092751B8CB76300CD3114 /* GooglePlace.swift in Sources */ = {isa = PBXBuildFile; fileRef = 1410926D1B8CB76300CD3114 /* GooglePlace.swift */; };
		141092761B8CB76300CD3114 /* PlaceMarker.swift in Sources */ = {isa = PBXBuildFile; fileRef = 1410926E1B8CB76300CD3114 /* PlaceMarker.swift */; };
		141092771B8CB76300CD3114 /* MarkerInfoView.swift in Sources */ = {isa = PBXBuildFile; fileRef = 1410926F1B8CB76300CD3114 /* MarkerInfoView.swift */; };
		141092781B8CB76300CD3114 /* MarkerInfoView.xib in Resources */ = {isa = PBXBuildFile; fileRef = 141092701B8CB76300CD3114 /* MarkerInfoView.xib */; };
		141092791B8CB76300CD3114 /* UIViewExtension.swift in Sources */ = {isa = PBXBuildFile; fileRef = 141092711B8CB76300CD3114 /* UIViewExtension.swift */; };
		1429137D19D97A4F0025188A /* MyMenuTableViewController.swift in Sources */ = {isa = PBXBuildFile; fileRef = 1429137C19D97A4F0025188A /* MyMenuTableViewController.swift */; };
		1429139319DA9F4D0025188A /* MyNavigationController.swift in Sources */ = {isa = PBXBuildFile; fileRef = 1429139219DA9F4D0025188A /* MyNavigationController.swift */; };
		143615651B8F1A34003FD356 /* defaultPoint.jpg in Resources */ = {isa = PBXBuildFile; fileRef = 143615641B8F1A34003FD356 /* defaultPoint.jpg */; };
		143615671B8F1A62003FD356 /* AddNewPOI.swift in Sources */ = {isa = PBXBuildFile; fileRef = 143615661B8F1A62003FD356 /* AddNewPOI.swift */; };
		143615691B8F1A8F003FD356 /* Team3.storyboard in Resources */ = {isa = PBXBuildFile; fileRef = 143615681B8F1A8F003FD356 /* Team3.storyboard */; };
		1436156B1B8F1AC7003FD356 /* TypesOfPOI.swift in Sources */ = {isa = PBXBuildFile; fileRef = 1436156A1B8F1AC7003FD356 /* TypesOfPOI.swift */; };
		1436156D1B8F1AD4003FD356 /* SubTypesOfPOI.swift in Sources */ = {isa = PBXBuildFile; fileRef = 1436156C1B8F1AD4003FD356 /* SubTypesOfPOI.swift */; };
		1436156F1B8F1AF6003FD356 /* MoreInfoOfPOI.swift in Sources */ = {isa = PBXBuildFile; fileRef = 1436156E1B8F1AF6003FD356 /* MoreInfoOfPOI.swift */; };
		143615711B8F1CC3003FD356 /* GetLocationVC.swift in Sources */ = {isa = PBXBuildFile; fileRef = 143615701B8F1CC3003FD356 /* GetLocationVC.swift */; };
		14674B711BBBCFEE00D20067 /* SystemConfiguration.framework in Frameworks */ = {isa = PBXBuildFile; fileRef = 14674B701BBBCFEE00D20067 /* SystemConfiguration.framework */; };
		32191EFE8EFCE992E9D9178C /* libPods.a in Frameworks */ = {isa = PBXBuildFile; fileRef = 3A4E2AEDC55097B276774D67 /* libPods.a */; };
		522B7E921B86253C000A5678 /* ENSideMenu.swift in Sources */ = {isa = PBXBuildFile; fileRef = 522B7E901B86253C000A5678 /* ENSideMenu.swift */; };
		522B7E931B86253C000A5678 /* ENSideMenuNavigationController.swift in Sources */ = {isa = PBXBuildFile; fileRef = 522B7E911B86253C000A5678 /* ENSideMenuNavigationController.swift */; };
		526014461B81CB1600498D3F /* MenuItem.swift in Sources */ = {isa = PBXBuildFile; fileRef = 526014451B81CB1500498D3F /* MenuItem.swift */; };
		52ECD6D71B8643DE00718350 /* AHKActionSheet.m in Sources */ = {isa = PBXBuildFile; fileRef = 52ECD6D01B8643DE00718350 /* AHKActionSheet.m */; };
		52ECD6D81B8643DE00718350 /* AHKActionSheetViewController.m in Sources */ = {isa = PBXBuildFile; fileRef = 52ECD6D21B8643DE00718350 /* AHKActionSheetViewController.m */; };
		52ECD6D91B8643DE00718350 /* UIImage+AHKAdditions.m in Sources */ = {isa = PBXBuildFile; fileRef = 52ECD6D41B8643DE00718350 /* UIImage+AHKAdditions.m */; };
		52ECD6DA1B8643DE00718350 /* UIWindow+AHKAdditions.m in Sources */ = {isa = PBXBuildFile; fileRef = 52ECD6D61B8643DE00718350 /* UIWindow+AHKAdditions.m */; };
		52F57A741B85E97100A51E54 /* GetLocation.storyboard in Resources */ = {isa = PBXBuildFile; fileRef = 52F57A721B85E97100A51E54 /* GetLocation.storyboard */; };
		5C132589198E2A9A00CA49BE /* AppDelegate.swift in Sources */ = {isa = PBXBuildFile; fileRef = 5C132588198E2A9A00CA49BE /* AppDelegate.swift */; };
		5C13258B198E2A9A00CA49BE /* ViewController.swift in Sources */ = {isa = PBXBuildFile; fileRef = 5C13258A198E2A9A00CA49BE /* ViewController.swift */; };
		5C132590198E2A9A00CA49BE /* Images.xcassets in Resources */ = {isa = PBXBuildFile; fileRef = 5C13258F198E2A9A00CA49BE /* Images.xcassets */; };
		5C13259C198E2A9A00CA49BE /* SwiftSideMenuTests.swift in Sources */ = {isa = PBXBuildFile; fileRef = 5C13259B198E2A9A00CA49BE /* SwiftSideMenuTests.swift */; };
		5C1325AA198E2AB300CA49BE /* image.png in Resources */ = {isa = PBXBuildFile; fileRef = 5C1325A7198E2AB300CA49BE /* image.png */; };
		5C6D6A271A7E26380047FE0D /* ViewController2.swift in Sources */ = {isa = PBXBuildFile; fileRef = 5C6D6A261A7E26380047FE0D /* ViewController2.swift */; };
		6CD32A271BBBFFEF00F6D684 /* DriverCustomCell.swift in Sources */ = {isa = PBXBuildFile; fileRef = 6CD32A261BBBFFEF00F6D684 /* DriverCustomCell.swift */; };
		6CE9A1C01B8363D400BE4004 /* mainViewController.swift in Sources */ = {isa = PBXBuildFile; fileRef = 6CE9A1BE1B8363D400BE4004 /* mainViewController.swift */; };
		6CE9A1C11B8363D400BE4004 /* MapTasks.swift in Sources */ = {isa = PBXBuildFile; fileRef = 6CE9A1BF1B8363D400BE4004 /* MapTasks.swift */; };
		6CE9A1C31B83641000BE4004 /* MainMapVC.swift in Sources */ = {isa = PBXBuildFile; fileRef = 6CE9A1C21B83641000BE4004 /* MainMapVC.swift */; };
		6CE9A1C51B8364B000BE4004 /* Main_1.storyboard in Resources */ = {isa = PBXBuildFile; fileRef = 6CE9A1C41B8364B000BE4004 /* Main_1.storyboard */; };
		6CE9A1C71B83674F00BE4004 /* Podfile in Resources */ = {isa = PBXBuildFile; fileRef = 6CE9A1C61B83674F00BE4004 /* Podfile */; };
		6CE9A2321B839F9100BE4004 /* ChagePasswordViewController.swift in Sources */ = {isa = PBXBuildFile; fileRef = 6CE9A2281B839F9100BE4004 /* ChagePasswordViewController.swift */; };
		6CE9A2331B839F9100BE4004 /* CodeVerificationViewController.swift in Sources */ = {isa = PBXBuildFile; fileRef = 6CE9A2291B839F9100BE4004 /* CodeVerificationViewController.swift */; };
		6CE9A2341B839F9100BE4004 /* EditUserProfileViewController.swift in Sources */ = {isa = PBXBuildFile; fileRef = 6CE9A22A1B839F9100BE4004 /* EditUserProfileViewController.swift */; };
		6CE9A2351B839F9100BE4004 /* ForgetPasswordViewController.swift in Sources */ = {isa = PBXBuildFile; fileRef = 6CE9A22B1B839F9100BE4004 /* ForgetPasswordViewController.swift */; };
		6CE9A2361B839F9100BE4004 /* ImageConversion.swift in Sources */ = {isa = PBXBuildFile; fileRef = 6CE9A22C1B839F9100BE4004 /* ImageConversion.swift */; };
		6CE9A2371B839F9100BE4004 /* LoginViewController.swift in Sources */ = {isa = PBXBuildFile; fileRef = 6CE9A22D1B839F9100BE4004 /* LoginViewController.swift */; };
		6CE9A2381B839F9100BE4004 /* RegisterViewController.swift in Sources */ = {isa = PBXBuildFile; fileRef = 6CE9A22E1B839F9100BE4004 /* RegisterViewController.swift */; };
		6CE9A2391B839F9100BE4004 /* SetNewPasswordViewController.swift in Sources */ = {isa = PBXBuildFile; fileRef = 6CE9A22F1B839F9100BE4004 /* SetNewPasswordViewController.swift */; };
		6CE9A23A1B839F9100BE4004 /* UserInfo.swift in Sources */ = {isa = PBXBuildFile; fileRef = 6CE9A2301B839F9100BE4004 /* UserInfo.swift */; };
		6CE9A23B1B839F9100BE4004 /* UserProfileViewController.swift in Sources */ = {isa = PBXBuildFile; fileRef = 6CE9A2311B839F9100BE4004 /* UserProfileViewController.swift */; };
		6CE9A23D1B839FCB00BE4004 /* ConnectionManager.swift in Sources */ = {isa = PBXBuildFile; fileRef = 6CE9A23C1B839FCB00BE4004 /* ConnectionManager.swift */; };
		6CE9A2411B83A06000BE4004 /* default.png in Resources */ = {isa = PBXBuildFile; fileRef = 6CE9A23E1B83A06000BE4004 /* default.png */; };
		6CE9A2421B83A06000BE4004 /* street.png in Resources */ = {isa = PBXBuildFile; fileRef = 6CE9A23F1B83A06000BE4004 /* street.png */; };
		6CE9A2501B8474A300BE4004 /* addNewPoint.swift in Sources */ = {isa = PBXBuildFile; fileRef = 6CE9A2451B8474A300BE4004 /* addNewPoint.swift */; };
		6CE9A2511B8474A300BE4004 /* FileCopier.swift in Sources */ = {isa = PBXBuildFile; fileRef = 6CE9A2461B8474A300BE4004 /* FileCopier.swift */; };
		6CE9A2521B8474A300BE4004 /* ManagePoints.swift in Sources */ = {isa = PBXBuildFile; fileRef = 6CE9A2471B8474A300BE4004 /* ManagePoints.swift */; };
		6CE9A2551B8474A300BE4004 /* POIDataManager.swift in Sources */ = {isa = PBXBuildFile; fileRef = 6CE9A24A1B8474A300BE4004 /* POIDataManager.swift */; };
		6CE9A2561B8474A300BE4004 /* PointOfInterest.swift in Sources */ = {isa = PBXBuildFile; fileRef = 6CE9A24B1B8474A300BE4004 /* PointOfInterest.swift */; };
		6CE9A2591B8474A300BE4004 /* TypeView.swift in Sources */ = {isa = PBXBuildFile; fileRef = 6CE9A24E1B8474A300BE4004 /* TypeView.swift */; };
		6CE9A25C1B8474C300BE4004 /* placeDetails.plist in Resources */ = {isa = PBXBuildFile; fileRef = 6CE9A25A1B8474C300BE4004 /* placeDetails.plist */; };
		6CE9A25D1B8474C300BE4004 /* places.plist in Resources */ = {isa = PBXBuildFile; fileRef = 6CE9A25B1B8474C300BE4004 /* places.plist */; };
		6CE9A25F1B8474D200BE4004 /* cat.plist in Resources */ = {isa = PBXBuildFile; fileRef = 6CE9A25E1B8474D200BE4004 /* cat.plist */; };
		6CE9A26F1B84AE2900BE4004 /* ShowOnMapVC.swift in Sources */ = {isa = PBXBuildFile; fileRef = 6CE9A26D1B84AE2900BE4004 /* ShowOnMapVC.swift */; };
		6CE9A2701B84AE2900BE4004 /* reqLocaiton.storyboard in Resources */ = {isa = PBXBuildFile; fileRef = 6CE9A26E1B84AE2900BE4004 /* reqLocaiton.storyboard */; };
		6CE9A2721B84B98300BE4004 /* Team2.storyboard in Resources */ = {isa = PBXBuildFile; fileRef = 6CE9A2711B84B98300BE4004 /* Team2.storyboard */; };
		6CE9A2741B84D25C00BE4004 /* MenuManager.swift in Sources */ = {isa = PBXBuildFile; fileRef = 6CE9A2731B84D25C00BE4004 /* MenuManager.swift */; };
		9E4766FC19DDBCE900FCEACC /* Main.storyboard in Resources */ = {isa = PBXBuildFile; fileRef = 5C13258C198E2A9A00CA49BE /* Main.storyboard */; };
		C3EBDD731B92D529009237A8 /* FileUtils.swift in Sources */ = {isa = PBXBuildFile; fileRef = C3EBDD6E1B92D529009237A8 /* FileUtils.swift */; };
		C3EBDD741B92D529009237A8 /* Team5_m.storyboard in Resources */ = {isa = PBXBuildFile; fileRef = C3EBDD6F1B92D529009237A8 /* Team5_m.storyboard */; };
		C3EBDD751B92D529009237A8 /* AppSettings.swift in Sources */ = {isa = PBXBuildFile; fileRef = C3EBDD701B92D529009237A8 /* AppSettings.swift */; };
		C3EBDD761B92D529009237A8 /* Team5.storyboard in Resources */ = {isa = PBXBuildFile; fileRef = C3EBDD711B92D529009237A8 /* Team5.storyboard */; };
		C3EBDD771B92D529009237A8 /* UISettings.swift in Sources */ = {isa = PBXBuildFile; fileRef = C3EBDD721B92D529009237A8 /* UISettings.swift */; };
		C3EBDD801B92D56E009237A8 /* Data.swift in Sources */ = {isa = PBXBuildFile; fileRef = C3EBDD791B92D56E009237A8 /* Data.swift */; };
		C3EBDD811B92D56E009237A8 /* DaysListTVC.swift in Sources */ = {isa = PBXBuildFile; fileRef = C3EBDD7A1B92D56E009237A8 /* DaysListTVC.swift */; };
		C3EBDD821B92D56E009237A8 /* MonitorReportSample.plist in Resources */ = {isa = PBXBuildFile; fileRef = C3EBDD7B1B92D56E009237A8 /* MonitorReportSample.plist */; };
		C3EBDD831B92D56E009237A8 /* MonitorReportVC.swift in Sources */ = {isa = PBXBuildFile; fileRef = C3EBDD7C1B92D56E009237A8 /* MonitorReportVC.swift */; };
		C3EBDD841B92D56E009237A8 /* ReadReport.swift in Sources */ = {isa = PBXBuildFile; fileRef = C3EBDD7D1B92D56E009237A8 /* ReadReport.swift */; };
		C3EBDD851B92D56E009237A8 /* SelectDriverReportVC.swift in Sources */ = {isa = PBXBuildFile; fileRef = C3EBDD7E1B92D56E009237A8 /* SelectDriverReportVC.swift */; };
		C3EBDD8F1B92D586009237A8 /* AddDailyRouteVC.swift in Sources */ = {isa = PBXBuildFile; fileRef = C3EBDD871B92D586009237A8 /* AddDailyRouteVC.swift */; };
		C3EBDD901B92D586009237A8 /* AllpListController.swift in Sources */ = {isa = PBXBuildFile; fileRef = C3EBDD881B92D586009237A8 /* AllpListController.swift */; };
		C3EBDD911B92D586009237A8 /* CommentLocation.swift in Sources */ = {isa = PBXBuildFile; fileRef = C3EBDD891B92D586009237A8 /* CommentLocation.swift */; };
		C3EBDD921B92D586009237A8 /* DailyReportVC.swift in Sources */ = {isa = PBXBuildFile; fileRef = C3EBDD8A1B92D586009237A8 /* DailyReportVC.swift */; };
		C3EBDD931B92D586009237A8 /* DailyRouteHolder.swift in Sources */ = {isa = PBXBuildFile; fileRef = C3EBDD8B1B92D586009237A8 /* DailyRouteHolder.swift */; };
		C3EBDD941B92D586009237A8 /* DailyRouteViewController.swift in Sources */ = {isa = PBXBuildFile; fileRef = C3EBDD8C1B92D586009237A8 /* DailyRouteViewController.swift */; };
		C3EBDD951B92D586009237A8 /* ModifyDailyRouteVC.swift in Sources */ = {isa = PBXBuildFile; fileRef = C3EBDD8D1B92D586009237A8 /* ModifyDailyRouteVC.swift */; };
		C3EBDD9A1B92D59A009237A8 /* AddDriverVC.swift in Sources */ = {isa = PBXBuildFile; fileRef = C3EBDD961B92D59A009237A8 /* AddDriverVC.swift */; };
		C3EBDD9B1B92D59A009237A8 /* DriversListVC.swift in Sources */ = {isa = PBXBuildFile; fileRef = C3EBDD971B92D59A009237A8 /* DriversListVC.swift */; };
		C3EBDD9C1B92D59A009237A8 /* drivers.plist in Resources */ = {isa = PBXBuildFile; fileRef = C3EBDD981B92D59A009237A8 /* drivers.plist */; };
		C3EBDD9D1B92D59A009237A8 /* DriverDetailsVC.swift in Sources */ = {isa = PBXBuildFile; fileRef = C3EBDD991B92D59A009237A8 /* DriverDetailsVC.swift */; };
/* End PBXBuildFile section */

/* Begin PBXContainerItemProxy section */
		5C132596198E2A9A00CA49BE /* PBXContainerItemProxy */ = {
			isa = PBXContainerItemProxy;
			containerPortal = 5C13257B198E2A9A00CA49BE /* Project object */;
			proxyType = 1;
			remoteGlobalIDString = 5C132582198E2A9A00CA49BE;
			remoteInfo = SwiftSideMenu;
		};
/* End PBXContainerItemProxy section */

/* Begin PBXFileReference section */
		0779192E1BBBF41900AB0DB1 /* AllVC.swift */ = {isa = PBXFileReference; fileEncoding = 4; lastKnownFileType = sourcecode.swift; path = AllVC.swift; sourceTree = "<group>"; };
		0779192F1BBBF41900AB0DB1 /* LocationFilteration.swift */ = {isa = PBXFileReference; fileEncoding = 4; lastKnownFileType = sourcecode.swift; path = LocationFilteration.swift; sourceTree = "<group>"; };
		077919301BBBF41900AB0DB1 /* Main_4.storyboard */ = {isa = PBXFileReference; fileEncoding = 4; lastKnownFileType = file.storyboard; path = Main_4.storyboard; sourceTree = "<group>"; };
		077919311BBBF41900AB0DB1 /* ReportsMainVC.swift */ = {isa = PBXFileReference; fileEncoding = 4; lastKnownFileType = sourcecode.swift; path = ReportsMainVC.swift; sourceTree = "<group>"; };
		077919371BBBF46200AB0DB1 /* OnRoad.png */ = {isa = PBXFileReference; lastKnownFileType = image.png; path = OnRoad.png; sourceTree = "<group>"; };
		077919381BBBF46200AB0DB1 /* OnRoadG.png */ = {isa = PBXFileReference; lastKnownFileType = image.png; path = OnRoadG.png; sourceTree = "<group>"; };
		077919391BBBF46200AB0DB1 /* Major.png */ = {isa = PBXFileReference; lastKnownFileType = image.png; path = Major.png; sourceTree = "<group>"; };
		0779193A1BBBF46200AB0DB1 /* MajorG.png */ = {isa = PBXFileReference; lastKnownFileType = image.png; path = MajorG.png; sourceTree = "<group>"; };
		0779193B1BBBF46200AB0DB1 /* Minor.png */ = {isa = PBXFileReference; lastKnownFileType = image.png; path = Minor.png; sourceTree = "<group>"; };
		0779193C1BBBF46200AB0DB1 /* MinorG.png */ = {isa = PBXFileReference; lastKnownFileType = image.png; path = MinorG.png; sourceTree = "<group>"; };
		0779193D1BBBF46200AB0DB1 /* accidents.png */ = {isa = PBXFileReference; lastKnownFileType = image.png; path = accidents.png; sourceTree = "<group>"; };
		0779193E1BBBF46200AB0DB1 /* construction.png */ = {isa = PBXFileReference; lastKnownFileType = image.png; path = construction.png; sourceTree = "<group>"; };
		0779193F1BBBF46200AB0DB1 /* constructionG.png */ = {isa = PBXFileReference; lastKnownFileType = image.png; path = constructionG.png; sourceTree = "<group>"; };
		077919401BBBF46200AB0DB1 /* hazard.png */ = {isa = PBXFileReference; lastKnownFileType = image.png; path = hazard.png; sourceTree = "<group>"; };
		077919411BBBF46200AB0DB1 /* heavy.png */ = {isa = PBXFileReference; lastKnownFileType = image.png; path = heavy.png; sourceTree = "<group>"; };
		077919421BBBF46200AB0DB1 /* heavyG.png */ = {isa = PBXFileReference; lastKnownFileType = image.png; path = heavyG.png; sourceTree = "<group>"; };
		077919431BBBF46200AB0DB1 /* moderate.png */ = {isa = PBXFileReference; lastKnownFileType = image.png; path = moderate.png; sourceTree = "<group>"; };
		077919441BBBF46200AB0DB1 /* moderateG.png */ = {isa = PBXFileReference; lastKnownFileType = image.png; path = moderateG.png; sourceTree = "<group>"; };
		077919451BBBF46200AB0DB1 /* other.png */ = {isa = PBXFileReference; lastKnownFileType = image.png; path = other.png; sourceTree = "<group>"; };
		077919461BBBF46200AB0DB1 /* otherG.png */ = {isa = PBXFileReference; lastKnownFileType = image.png; path = otherG.png; sourceTree = "<group>"; };
		077919481BBBF46200AB0DB1 /* standStillG.png */ = {isa = PBXFileReference; lastKnownFileType = image.png; path = standStillG.png; sourceTree = "<group>"; };
		077919491BBBF46200AB0DB1 /* traffic.png */ = {isa = PBXFileReference; lastKnownFileType = image.png; path = traffic.png; sourceTree = "<group>"; };
		0779195E1BBBF48400AB0DB1 /* accidentVC.swift */ = {isa = PBXFileReference; fileEncoding = 4; lastKnownFileType = sourcecode.swift; path = accidentVC.swift; sourceTree = "<group>"; };
		0779195F1BBBF48400AB0DB1 /* addAccidentsReport.swift */ = {isa = PBXFileReference; fileEncoding = 4; lastKnownFileType = sourcecode.swift; path = addAccidentsReport.swift; sourceTree = "<group>"; };
		077919601BBBF48400AB0DB1 /* commentMinorAccident.swift */ = {isa = PBXFileReference; fileEncoding = 4; lastKnownFileType = sourcecode.swift; path = commentMinorAccident.swift; sourceTree = "<group>"; };
		077919611BBBF48400AB0DB1 /* commentMajorAccident.swift */ = {isa = PBXFileReference; fileEncoding = 4; lastKnownFileType = sourcecode.swift; path = commentMajorAccident.swift; sourceTree = "<group>"; };
		077919671BBBF4B100AB0DB1 /* trafficVC.swift */ = {isa = PBXFileReference; fileEncoding = 4; lastKnownFileType = sourcecode.swift; path = trafficVC.swift; sourceTree = "<group>"; };
		077919681BBBF4B100AB0DB1 /* commentModerateTraffic.swift */ = {isa = PBXFileReference; fileEncoding = 4; lastKnownFileType = sourcecode.swift; path = commentModerateTraffic.swift; sourceTree = "<group>"; };
		077919691BBBF4B100AB0DB1 /* commentHeavyTraffic.swift */ = {isa = PBXFileReference; fileEncoding = 4; lastKnownFileType = sourcecode.swift; path = commentHeavyTraffic.swift; sourceTree = "<group>"; };
		0779196A1BBBF4B100AB0DB1 /* commentStandstillTraffic.swift */ = {isa = PBXFileReference; fileEncoding = 4; lastKnownFileType = sourcecode.swift; path = commentStandstillTraffic.swift; sourceTree = "<group>"; };
		0779196B1BBBF4B100AB0DB1 /* addTrafficJamReports.swift */ = {isa = PBXFileReference; fileEncoding = 4; lastKnownFileType = sourcecode.swift; path = addTrafficJamReports.swift; sourceTree = "<group>"; };
		077919721BBBF4CD00AB0DB1 /* hazardVC.swift */ = {isa = PBXFileReference; fileEncoding = 4; lastKnownFileType = sourcecode.swift; path = hazardVC.swift; sourceTree = "<group>"; };
		077919731BBBF4CD00AB0DB1 /* addHazardReport.swift */ = {isa = PBXFileReference; fileEncoding = 4; lastKnownFileType = sourcecode.swift; path = addHazardReport.swift; sourceTree = "<group>"; };
		077919741BBBF4CD00AB0DB1 /* commentOnRoad.swift */ = {isa = PBXFileReference; fileEncoding = 4; lastKnownFileType = sourcecode.swift; path = commentOnRoad.swift; sourceTree = "<group>"; };
		077919751BBBF4CD00AB0DB1 /* commentConstruction.swift */ = {isa = PBXFileReference; fileEncoding = 4; lastKnownFileType = sourcecode.swift; path = commentConstruction.swift; sourceTree = "<group>"; };
		0779197B1BBBF4EB00AB0DB1 /* otherVC.swift */ = {isa = PBXFileReference; fileEncoding = 4; lastKnownFileType = sourcecode.swift; path = otherVC.swift; sourceTree = "<group>"; };
		0779197C1BBBF4EB00AB0DB1 /* addOtherReports.swift */ = {isa = PBXFileReference; fileEncoding = 4; lastKnownFileType = sourcecode.swift; path = addOtherReports.swift; sourceTree = "<group>"; };
		0779197D1BBBF4EB00AB0DB1 /* commentOther.swift */ = {isa = PBXFileReference; fileEncoding = 4; lastKnownFileType = sourcecode.swift; path = commentOther.swift; sourceTree = "<group>"; };
		078780051BBCFB6D00B7CF93 /* getCommentDetails.swift */ = {isa = PBXFileReference; fileEncoding = 4; lastKnownFileType = sourcecode.swift; path = getCommentDetails.swift; sourceTree = "<group>"; };
		078780081BBD1F9F00B7CF93 /* KhalidViewController.swift */ = {isa = PBXFileReference; fileEncoding = 4; lastKnownFileType = sourcecode.swift; path = KhalidViewController.swift; sourceTree = "<group>"; };
		078780091BBD1F9F00B7CF93 /* KhalidMapTasks.swift */ = {isa = PBXFileReference; fileEncoding = 4; lastKnownFileType = sourcecode.swift; path = KhalidMapTasks.swift; sourceTree = "<group>"; };
		0787800A1BBD1F9F00B7CF93 /* Khalidtable22.swift */ = {isa = PBXFileReference; fileEncoding = 4; lastKnownFileType = sourcecode.swift; path = Khalidtable22.swift; sourceTree = "<group>"; };
		141092681B8CB71F00CD3114 /* POI.storyboard */ = {isa = PBXFileReference; fileEncoding = 4; lastKnownFileType = file.storyboard; path = POI.storyboard; sourceTree = "<group>"; };
		1410926A1B8CB76300CD3114 /* MapViewController.swift */ = {isa = PBXFileReference; fileEncoding = 4; lastKnownFileType = sourcecode.swift; path = MapViewController.swift; sourceTree = "<group>"; };
		1410926B1B8CB76300CD3114 /* TypesTableViewController.swift */ = {isa = PBXFileReference; fileEncoding = 4; lastKnownFileType = sourcecode.swift; path = TypesTableViewController.swift; sourceTree = "<group>"; };
		1410926C1B8CB76300CD3114 /* GoogleDataProvider.swift */ = {isa = PBXFileReference; fileEncoding = 4; lastKnownFileType = sourcecode.swift; path = GoogleDataProvider.swift; sourceTree = "<group>"; };
		1410926D1B8CB76300CD3114 /* GooglePlace.swift */ = {isa = PBXFileReference; fileEncoding = 4; lastKnownFileType = sourcecode.swift; path = GooglePlace.swift; sourceTree = "<group>"; };
		1410926E1B8CB76300CD3114 /* PlaceMarker.swift */ = {isa = PBXFileReference; fileEncoding = 4; lastKnownFileType = sourcecode.swift; path = PlaceMarker.swift; sourceTree = "<group>"; };
		1410926F1B8CB76300CD3114 /* MarkerInfoView.swift */ = {isa = PBXFileReference; fileEncoding = 4; lastKnownFileType = sourcecode.swift; path = MarkerInfoView.swift; sourceTree = "<group>"; };
		141092701B8CB76300CD3114 /* MarkerInfoView.xib */ = {isa = PBXFileReference; fileEncoding = 4; lastKnownFileType = file.xib; path = MarkerInfoView.xib; sourceTree = "<group>"; };
		141092711B8CB76300CD3114 /* UIViewExtension.swift */ = {isa = PBXFileReference; fileEncoding = 4; lastKnownFileType = sourcecode.swift; path = UIViewExtension.swift; sourceTree = "<group>"; };
		1429137C19D97A4F0025188A /* MyMenuTableViewController.swift */ = {isa = PBXFileReference; fileEncoding = 4; lastKnownFileType = sourcecode.swift; path = MyMenuTableViewController.swift; sourceTree = "<group>"; };
		1429139219DA9F4D0025188A /* MyNavigationController.swift */ = {isa = PBXFileReference; fileEncoding = 4; lastKnownFileType = sourcecode.swift; path = MyNavigationController.swift; sourceTree = "<group>"; };
		143615641B8F1A34003FD356 /* defaultPoint.jpg */ = {isa = PBXFileReference; lastKnownFileType = image.jpeg; path = defaultPoint.jpg; sourceTree = "<group>"; };
		143615661B8F1A62003FD356 /* AddNewPOI.swift */ = {isa = PBXFileReference; fileEncoding = 4; lastKnownFileType = sourcecode.swift; path = AddNewPOI.swift; sourceTree = "<group>"; };
		143615681B8F1A8F003FD356 /* Team3.storyboard */ = {isa = PBXFileReference; fileEncoding = 4; lastKnownFileType = file.storyboard; path = Team3.storyboard; sourceTree = "<group>"; };
		1436156A1B8F1AC7003FD356 /* TypesOfPOI.swift */ = {isa = PBXFileReference; fileEncoding = 4; lastKnownFileType = sourcecode.swift; path = TypesOfPOI.swift; sourceTree = "<group>"; };
		1436156C1B8F1AD4003FD356 /* SubTypesOfPOI.swift */ = {isa = PBXFileReference; fileEncoding = 4; lastKnownFileType = sourcecode.swift; path = SubTypesOfPOI.swift; sourceTree = "<group>"; };
		1436156E1B8F1AF6003FD356 /* MoreInfoOfPOI.swift */ = {isa = PBXFileReference; fileEncoding = 4; lastKnownFileType = sourcecode.swift; path = MoreInfoOfPOI.swift; sourceTree = "<group>"; };
		143615701B8F1CC3003FD356 /* GetLocationVC.swift */ = {isa = PBXFileReference; fileEncoding = 4; lastKnownFileType = sourcecode.swift; path = GetLocationVC.swift; sourceTree = "<group>"; };
		14674B701BBBCFEE00D20067 /* SystemConfiguration.framework */ = {isa = PBXFileReference; lastKnownFileType = wrapper.framework; name = SystemConfiguration.framework; path = System/Library/Frameworks/SystemConfiguration.framework; sourceTree = SDKROOT; };
		3A4E2AEDC55097B276774D67 /* libPods.a */ = {isa = PBXFileReference; explicitFileType = archive.ar; includeInIndex = 0; path = libPods.a; sourceTree = BUILT_PRODUCTS_DIR; };
		46841B45243E82D10FE5A5F3 /* Pods.release.xcconfig */ = {isa = PBXFileReference; includeInIndex = 1; lastKnownFileType = text.xcconfig; name = Pods.release.xcconfig; path = "Pods/Target Support Files/Pods/Pods.release.xcconfig"; sourceTree = "<group>"; };
		522B7E901B86253C000A5678 /* ENSideMenu.swift */ = {isa = PBXFileReference; fileEncoding = 4; lastKnownFileType = sourcecode.swift; name = ENSideMenu.swift; path = SwiftSideMenu/ENSideMenu.swift; sourceTree = SOURCE_ROOT; };
		522B7E911B86253C000A5678 /* ENSideMenuNavigationController.swift */ = {isa = PBXFileReference; fileEncoding = 4; lastKnownFileType = sourcecode.swift; name = ENSideMenuNavigationController.swift; path = SwiftSideMenu/ENSideMenuNavigationController.swift; sourceTree = SOURCE_ROOT; };
		526014451B81CB1500498D3F /* MenuItem.swift */ = {isa = PBXFileReference; fileEncoding = 4; lastKnownFileType = sourcecode.swift; path = MenuItem.swift; sourceTree = "<group>"; };
		52ECD6CE1B86438A00718350 /* SwiftSideMenu-Bridging-Header.h */ = {isa = PBXFileReference; lastKnownFileType = sourcecode.c.h; path = "SwiftSideMenu-Bridging-Header.h"; sourceTree = "<group>"; };
		52ECD6CF1B8643DE00718350 /* AHKActionSheet.h */ = {isa = PBXFileReference; fileEncoding = 4; lastKnownFileType = sourcecode.c.h; path = AHKActionSheet.h; sourceTree = "<group>"; };
		52ECD6D01B8643DE00718350 /* AHKActionSheet.m */ = {isa = PBXFileReference; fileEncoding = 4; lastKnownFileType = sourcecode.c.objc; path = AHKActionSheet.m; sourceTree = "<group>"; };
		52ECD6D11B8643DE00718350 /* AHKActionSheetViewController.h */ = {isa = PBXFileReference; fileEncoding = 4; lastKnownFileType = sourcecode.c.h; path = AHKActionSheetViewController.h; sourceTree = "<group>"; };
		52ECD6D21B8643DE00718350 /* AHKActionSheetViewController.m */ = {isa = PBXFileReference; fileEncoding = 4; lastKnownFileType = sourcecode.c.objc; path = AHKActionSheetViewController.m; sourceTree = "<group>"; };
		52ECD6D31B8643DE00718350 /* UIImage+AHKAdditions.h */ = {isa = PBXFileReference; fileEncoding = 4; lastKnownFileType = sourcecode.c.h; path = "UIImage+AHKAdditions.h"; sourceTree = "<group>"; };
		52ECD6D41B8643DE00718350 /* UIImage+AHKAdditions.m */ = {isa = PBXFileReference; fileEncoding = 4; lastKnownFileType = sourcecode.c.objc; path = "UIImage+AHKAdditions.m"; sourceTree = "<group>"; };
		52ECD6D51B8643DE00718350 /* UIWindow+AHKAdditions.h */ = {isa = PBXFileReference; fileEncoding = 4; lastKnownFileType = sourcecode.c.h; path = "UIWindow+AHKAdditions.h"; sourceTree = "<group>"; };
		52ECD6D61B8643DE00718350 /* UIWindow+AHKAdditions.m */ = {isa = PBXFileReference; fileEncoding = 4; lastKnownFileType = sourcecode.c.objc; path = "UIWindow+AHKAdditions.m"; sourceTree = "<group>"; };
		52F57A721B85E97100A51E54 /* GetLocation.storyboard */ = {isa = PBXFileReference; fileEncoding = 4; lastKnownFileType = file.storyboard; path = GetLocation.storyboard; sourceTree = "<group>"; };
		5C132583198E2A9A00CA49BE /* MyWay.app */ = {isa = PBXFileReference; explicitFileType = wrapper.application; includeInIndex = 0; path = MyWay.app; sourceTree = BUILT_PRODUCTS_DIR; };
		5C132587198E2A9A00CA49BE /* Info.plist */ = {isa = PBXFileReference; lastKnownFileType = text.plist.xml; path = Info.plist; sourceTree = "<group>"; };
		5C132588198E2A9A00CA49BE /* AppDelegate.swift */ = {isa = PBXFileReference; lastKnownFileType = sourcecode.swift; path = AppDelegate.swift; sourceTree = "<group>"; };
		5C13258A198E2A9A00CA49BE /* ViewController.swift */ = {isa = PBXFileReference; lastKnownFileType = sourcecode.swift; path = ViewController.swift; sourceTree = "<group>"; };
		5C13258D198E2A9A00CA49BE /* Base */ = {isa = PBXFileReference; lastKnownFileType = file.storyboard; name = Base; path = Base.lproj/Main.storyboard; sourceTree = "<group>"; };
		5C13258F198E2A9A00CA49BE /* Images.xcassets */ = {isa = PBXFileReference; lastKnownFileType = folder.assetcatalog; path = Images.xcassets; sourceTree = "<group>"; };
		5C132595198E2A9A00CA49BE /* SwiftSideMenuTests.xctest */ = {isa = PBXFileReference; explicitFileType = wrapper.cfbundle; includeInIndex = 0; path = SwiftSideMenuTests.xctest; sourceTree = BUILT_PRODUCTS_DIR; };
		5C13259A198E2A9A00CA49BE /* Info.plist */ = {isa = PBXFileReference; lastKnownFileType = text.plist.xml; path = Info.plist; sourceTree = "<group>"; };
		5C13259B198E2A9A00CA49BE /* SwiftSideMenuTests.swift */ = {isa = PBXFileReference; lastKnownFileType = sourcecode.swift; path = SwiftSideMenuTests.swift; sourceTree = "<group>"; };
		5C1325A7198E2AB300CA49BE /* image.png */ = {isa = PBXFileReference; lastKnownFileType = image.png; path = image.png; sourceTree = "<group>"; };
		5C6D6A261A7E26380047FE0D /* ViewController2.swift */ = {isa = PBXFileReference; fileEncoding = 4; lastKnownFileType = sourcecode.swift; path = ViewController2.swift; sourceTree = "<group>"; };
		645C7FC34CC5E01A1D5C9ED1 /* Pods.debug.xcconfig */ = {isa = PBXFileReference; includeInIndex = 1; lastKnownFileType = text.xcconfig; name = Pods.debug.xcconfig; path = "Pods/Target Support Files/Pods/Pods.debug.xcconfig"; sourceTree = "<group>"; };
		6CD32A261BBBFFEF00F6D684 /* DriverCustomCell.swift */ = {isa = PBXFileReference; fileEncoding = 4; lastKnownFileType = sourcecode.swift; path = DriverCustomCell.swift; sourceTree = "<group>"; };
		6CD32A281BBC559900F6D684 /* DriverCustomCell.xib */ = {isa = PBXFileReference; fileEncoding = 4; lastKnownFileType = file.xib; path = DriverCustomCell.xib; sourceTree = "<group>"; };
		6CE9A1BE1B8363D400BE4004 /* mainViewController.swift */ = {isa = PBXFileReference; fileEncoding = 4; lastKnownFileType = sourcecode.swift; path = mainViewController.swift; sourceTree = "<group>"; };
		6CE9A1BF1B8363D400BE4004 /* MapTasks.swift */ = {isa = PBXFileReference; fileEncoding = 4; lastKnownFileType = sourcecode.swift; path = MapTasks.swift; sourceTree = "<group>"; };
		6CE9A1C21B83641000BE4004 /* MainMapVC.swift */ = {isa = PBXFileReference; fileEncoding = 4; lastKnownFileType = sourcecode.swift; path = MainMapVC.swift; sourceTree = "<group>"; };
		6CE9A1C41B8364B000BE4004 /* Main_1.storyboard */ = {isa = PBXFileReference; fileEncoding = 4; lastKnownFileType = file.storyboard; path = Main_1.storyboard; sourceTree = "<group>"; };
		6CE9A1C61B83674F00BE4004 /* Podfile */ = {isa = PBXFileReference; fileEncoding = 4; lastKnownFileType = text; path = Podfile; sourceTree = "<group>"; xcLanguageSpecificationIdentifier = xcode.lang.ruby; };
		6CE9A2281B839F9100BE4004 /* ChagePasswordViewController.swift */ = {isa = PBXFileReference; fileEncoding = 4; lastKnownFileType = sourcecode.swift; path = ChagePasswordViewController.swift; sourceTree = "<group>"; };
		6CE9A2291B839F9100BE4004 /* CodeVerificationViewController.swift */ = {isa = PBXFileReference; fileEncoding = 4; lastKnownFileType = sourcecode.swift; path = CodeVerificationViewController.swift; sourceTree = "<group>"; };
		6CE9A22A1B839F9100BE4004 /* EditUserProfileViewController.swift */ = {isa = PBXFileReference; fileEncoding = 4; lastKnownFileType = sourcecode.swift; path = EditUserProfileViewController.swift; sourceTree = "<group>"; };
		6CE9A22B1B839F9100BE4004 /* ForgetPasswordViewController.swift */ = {isa = PBXFileReference; fileEncoding = 4; lastKnownFileType = sourcecode.swift; path = ForgetPasswordViewController.swift; sourceTree = "<group>"; };
		6CE9A22C1B839F9100BE4004 /* ImageConversion.swift */ = {isa = PBXFileReference; fileEncoding = 4; lastKnownFileType = sourcecode.swift; path = ImageConversion.swift; sourceTree = "<group>"; };
		6CE9A22D1B839F9100BE4004 /* LoginViewController.swift */ = {isa = PBXFileReference; fileEncoding = 4; lastKnownFileType = sourcecode.swift; path = LoginViewController.swift; sourceTree = "<group>"; };
		6CE9A22E1B839F9100BE4004 /* RegisterViewController.swift */ = {isa = PBXFileReference; fileEncoding = 4; lastKnownFileType = sourcecode.swift; path = RegisterViewController.swift; sourceTree = "<group>"; };
		6CE9A22F1B839F9100BE4004 /* SetNewPasswordViewController.swift */ = {isa = PBXFileReference; fileEncoding = 4; lastKnownFileType = sourcecode.swift; path = SetNewPasswordViewController.swift; sourceTree = "<group>"; };
		6CE9A2301B839F9100BE4004 /* UserInfo.swift */ = {isa = PBXFileReference; fileEncoding = 4; lastKnownFileType = sourcecode.swift; path = UserInfo.swift; sourceTree = "<group>"; };
		6CE9A2311B839F9100BE4004 /* UserProfileViewController.swift */ = {isa = PBXFileReference; fileEncoding = 4; lastKnownFileType = sourcecode.swift; path = UserProfileViewController.swift; sourceTree = "<group>"; };
		6CE9A23C1B839FCB00BE4004 /* ConnectionManager.swift */ = {isa = PBXFileReference; fileEncoding = 4; lastKnownFileType = sourcecode.swift; path = ConnectionManager.swift; sourceTree = "<group>"; };
		6CE9A23E1B83A06000BE4004 /* default.png */ = {isa = PBXFileReference; lastKnownFileType = image.png; path = default.png; sourceTree = "<group>"; };
		6CE9A23F1B83A06000BE4004 /* street.png */ = {isa = PBXFileReference; lastKnownFileType = image.png; path = street.png; sourceTree = "<group>"; };
		6CE9A2451B8474A300BE4004 /* addNewPoint.swift */ = {isa = PBXFileReference; fileEncoding = 4; lastKnownFileType = sourcecode.swift; path = addNewPoint.swift; sourceTree = "<group>"; };
		6CE9A2461B8474A300BE4004 /* FileCopier.swift */ = {isa = PBXFileReference; fileEncoding = 4; lastKnownFileType = sourcecode.swift; path = FileCopier.swift; sourceTree = "<group>"; };
		6CE9A2471B8474A300BE4004 /* ManagePoints.swift */ = {isa = PBXFileReference; fileEncoding = 4; lastKnownFileType = sourcecode.swift; path = ManagePoints.swift; sourceTree = "<group>"; };
		6CE9A24A1B8474A300BE4004 /* POIDataManager.swift */ = {isa = PBXFileReference; fileEncoding = 4; lastKnownFileType = sourcecode.swift; path = POIDataManager.swift; sourceTree = "<group>"; };
		6CE9A24B1B8474A300BE4004 /* PointOfInterest.swift */ = {isa = PBXFileReference; fileEncoding = 4; lastKnownFileType = sourcecode.swift; path = PointOfInterest.swift; sourceTree = "<group>"; };
		6CE9A24E1B8474A300BE4004 /* TypeView.swift */ = {isa = PBXFileReference; fileEncoding = 4; lastKnownFileType = sourcecode.swift; path = TypeView.swift; sourceTree = "<group>"; };
		6CE9A25A1B8474C300BE4004 /* placeDetails.plist */ = {isa = PBXFileReference; fileEncoding = 4; lastKnownFileType = text.plist.xml; path = placeDetails.plist; sourceTree = "<group>"; };
		6CE9A25B1B8474C300BE4004 /* places.plist */ = {isa = PBXFileReference; fileEncoding = 4; lastKnownFileType = text.plist.xml; path = places.plist; sourceTree = "<group>"; };
		6CE9A25E1B8474D200BE4004 /* cat.plist */ = {isa = PBXFileReference; fileEncoding = 4; lastKnownFileType = text.plist.xml; path = cat.plist; sourceTree = "<group>"; };
		6CE9A26D1B84AE2900BE4004 /* ShowOnMapVC.swift */ = {isa = PBXFileReference; fileEncoding = 4; lastKnownFileType = sourcecode.swift; path = ShowOnMapVC.swift; sourceTree = "<group>"; };
		6CE9A26E1B84AE2900BE4004 /* reqLocaiton.storyboard */ = {isa = PBXFileReference; fileEncoding = 4; lastKnownFileType = file.storyboard; path = reqLocaiton.storyboard; sourceTree = "<group>"; };
		6CE9A2711B84B98300BE4004 /* Team2.storyboard */ = {isa = PBXFileReference; fileEncoding = 4; lastKnownFileType = file.storyboard; path = Team2.storyboard; sourceTree = "<group>"; };
		6CE9A2731B84D25C00BE4004 /* MenuManager.swift */ = {isa = PBXFileReference; fileEncoding = 4; lastKnownFileType = sourcecode.swift; path = MenuManager.swift; sourceTree = "<group>"; };
		C3EBDD6E1B92D529009237A8 /* FileUtils.swift */ = {isa = PBXFileReference; fileEncoding = 4; lastKnownFileType = sourcecode.swift; path = FileUtils.swift; sourceTree = "<group>"; };
		C3EBDD6F1B92D529009237A8 /* Team5_m.storyboard */ = {isa = PBXFileReference; fileEncoding = 4; lastKnownFileType = file.storyboard; path = Team5_m.storyboard; sourceTree = "<group>"; };
		C3EBDD701B92D529009237A8 /* AppSettings.swift */ = {isa = PBXFileReference; fileEncoding = 4; lastKnownFileType = sourcecode.swift; path = AppSettings.swift; sourceTree = "<group>"; };
		C3EBDD711B92D529009237A8 /* Team5.storyboard */ = {isa = PBXFileReference; fileEncoding = 4; lastKnownFileType = file.storyboard; path = Team5.storyboard; sourceTree = "<group>"; };
		C3EBDD721B92D529009237A8 /* UISettings.swift */ = {isa = PBXFileReference; fileEncoding = 4; lastKnownFileType = sourcecode.swift; path = UISettings.swift; sourceTree = "<group>"; };
		C3EBDD791B92D56E009237A8 /* Data.swift */ = {isa = PBXFileReference; fileEncoding = 4; lastKnownFileType = sourcecode.swift; path = Data.swift; sourceTree = "<group>"; };
		C3EBDD7A1B92D56E009237A8 /* DaysListTVC.swift */ = {isa = PBXFileReference; fileEncoding = 4; lastKnownFileType = sourcecode.swift; path = DaysListTVC.swift; sourceTree = "<group>"; };
		C3EBDD7B1B92D56E009237A8 /* MonitorReportSample.plist */ = {isa = PBXFileReference; fileEncoding = 4; lastKnownFileType = text.plist.xml; path = MonitorReportSample.plist; sourceTree = "<group>"; };
		C3EBDD7C1B92D56E009237A8 /* MonitorReportVC.swift */ = {isa = PBXFileReference; fileEncoding = 4; lastKnownFileType = sourcecode.swift; path = MonitorReportVC.swift; sourceTree = "<group>"; };
		C3EBDD7D1B92D56E009237A8 /* ReadReport.swift */ = {isa = PBXFileReference; fileEncoding = 4; lastKnownFileType = sourcecode.swift; path = ReadReport.swift; sourceTree = "<group>"; };
		C3EBDD7E1B92D56E009237A8 /* SelectDriverReportVC.swift */ = {isa = PBXFileReference; fileEncoding = 4; lastKnownFileType = sourcecode.swift; path = SelectDriverReportVC.swift; sourceTree = "<group>"; };
		C3EBDD871B92D586009237A8 /* AddDailyRouteVC.swift */ = {isa = PBXFileReference; fileEncoding = 4; lastKnownFileType = sourcecode.swift; path = AddDailyRouteVC.swift; sourceTree = "<group>"; };
		C3EBDD881B92D586009237A8 /* AllpListController.swift */ = {isa = PBXFileReference; fileEncoding = 4; lastKnownFileType = sourcecode.swift; path = AllpListController.swift; sourceTree = "<group>"; };
		C3EBDD891B92D586009237A8 /* CommentLocation.swift */ = {isa = PBXFileReference; fileEncoding = 4; lastKnownFileType = sourcecode.swift; path = CommentLocation.swift; sourceTree = "<group>"; };
		C3EBDD8A1B92D586009237A8 /* DailyReportVC.swift */ = {isa = PBXFileReference; fileEncoding = 4; lastKnownFileType = sourcecode.swift; path = DailyReportVC.swift; sourceTree = "<group>"; };
		C3EBDD8B1B92D586009237A8 /* DailyRouteHolder.swift */ = {isa = PBXFileReference; fileEncoding = 4; lastKnownFileType = sourcecode.swift; path = DailyRouteHolder.swift; sourceTree = "<group>"; };
		C3EBDD8C1B92D586009237A8 /* DailyRouteViewController.swift */ = {isa = PBXFileReference; fileEncoding = 4; lastKnownFileType = sourcecode.swift; path = DailyRouteViewController.swift; sourceTree = "<group>"; };
		C3EBDD8D1B92D586009237A8 /* ModifyDailyRouteVC.swift */ = {isa = PBXFileReference; fileEncoding = 4; lastKnownFileType = sourcecode.swift; path = ModifyDailyRouteVC.swift; sourceTree = "<group>"; };
		C3EBDD961B92D59A009237A8 /* AddDriverVC.swift */ = {isa = PBXFileReference; fileEncoding = 4; lastKnownFileType = sourcecode.swift; path = AddDriverVC.swift; sourceTree = "<group>"; };
		C3EBDD971B92D59A009237A8 /* DriversListVC.swift */ = {isa = PBXFileReference; fileEncoding = 4; lastKnownFileType = sourcecode.swift; path = DriversListVC.swift; sourceTree = "<group>"; };
		C3EBDD981B92D59A009237A8 /* drivers.plist */ = {isa = PBXFileReference; fileEncoding = 4; lastKnownFileType = text.plist.xml; path = drivers.plist; sourceTree = "<group>"; };
		C3EBDD991B92D59A009237A8 /* DriverDetailsVC.swift */ = {isa = PBXFileReference; fileEncoding = 4; lastKnownFileType = sourcecode.swift; path = DriverDetailsVC.swift; sourceTree = "<group>"; };
/* End PBXFileReference section */

/* Begin PBXFrameworksBuildPhase section */
		5C132580198E2A9A00CA49BE /* Frameworks */ = {
			isa = PBXFrameworksBuildPhase;
			buildActionMask = 2147483647;
			files = (
				14674B711BBBCFEE00D20067 /* SystemConfiguration.framework in Frameworks */,
				32191EFE8EFCE992E9D9178C /* libPods.a in Frameworks */,
			);
			runOnlyForDeploymentPostprocessing = 0;
		};
		5C132592198E2A9A00CA49BE /* Frameworks */ = {
			isa = PBXFrameworksBuildPhase;
			buildActionMask = 2147483647;
			files = (
			);
			runOnlyForDeploymentPostprocessing = 0;
		};
/* End PBXFrameworksBuildPhase section */

/* Begin PBXGroup section */
		0779192D1BBBF3EE00AB0DB1 /* Team4 */ = {
			isa = PBXGroup;
			children = (
				0779197A1BBBF4DB00AB0DB1 /* Other */,
				077919711BBBF4C100AB0DB1 /* Hazard */,
				077919661BBBF4A400AB0DB1 /* Traffic */,
				0779195D1BBBF47500AB0DB1 /* Accident */,
				077919361BBBF43000AB0DB1 /* Icon */,
				0779192E1BBBF41900AB0DB1 /* AllVC.swift */,
				0779192F1BBBF41900AB0DB1 /* LocationFilteration.swift */,
				077919301BBBF41900AB0DB1 /* Main_4.storyboard */,
				077919311BBBF41900AB0DB1 /* ReportsMainVC.swift */,
				078780051BBCFB6D00B7CF93 /* getCommentDetails.swift */,
			);
			name = Team4;
			sourceTree = "<group>";
		};
		077919361BBBF43000AB0DB1 /* Icon */ = {
			isa = PBXGroup;
			children = (
			);
			name = Icon;
			sourceTree = "<group>";
		};
		0779195D1BBBF47500AB0DB1 /* Accident */ = {
			isa = PBXGroup;
			children = (
				0779195E1BBBF48400AB0DB1 /* accidentVC.swift */,
				0779195F1BBBF48400AB0DB1 /* addAccidentsReport.swift */,
				077919601BBBF48400AB0DB1 /* commentMinorAccident.swift */,
				077919611BBBF48400AB0DB1 /* commentMajorAccident.swift */,
			);
			name = Accident;
			sourceTree = "<group>";
		};
		077919661BBBF4A400AB0DB1 /* Traffic */ = {
			isa = PBXGroup;
			children = (
				077919671BBBF4B100AB0DB1 /* trafficVC.swift */,
				077919681BBBF4B100AB0DB1 /* commentModerateTraffic.swift */,
				077919691BBBF4B100AB0DB1 /* commentHeavyTraffic.swift */,
				0779196A1BBBF4B100AB0DB1 /* commentStandstillTraffic.swift */,
				0779196B1BBBF4B100AB0DB1 /* addTrafficJamReports.swift */,
			);
			name = Traffic;
			sourceTree = "<group>";
		};
		077919711BBBF4C100AB0DB1 /* Hazard */ = {
			isa = PBXGroup;
			children = (
				077919721BBBF4CD00AB0DB1 /* hazardVC.swift */,
				077919731BBBF4CD00AB0DB1 /* addHazardReport.swift */,
				077919741BBBF4CD00AB0DB1 /* commentOnRoad.swift */,
				077919751BBBF4CD00AB0DB1 /* commentConstruction.swift */,
			);
			name = Hazard;
			sourceTree = "<group>";
		};
		0779197A1BBBF4DB00AB0DB1 /* Other */ = {
			isa = PBXGroup;
			children = (
				0779197B1BBBF4EB00AB0DB1 /* otherVC.swift */,
				0779197C1BBBF4EB00AB0DB1 /* addOtherReports.swift */,
				0779197D1BBBF4EB00AB0DB1 /* commentOther.swift */,
			);
			name = Other;
			sourceTree = "<group>";
		};
		078780071BBD1E5500B7CF93 /* Khalid Map */ = {
			isa = PBXGroup;
			children = (
				078780081BBD1F9F00B7CF93 /* KhalidViewController.swift */,
				078780091BBD1F9F00B7CF93 /* KhalidMapTasks.swift */,
				0787800A1BBD1F9F00B7CF93 /* Khalidtable22.swift */,
			);
			name = "Khalid Map";
			sourceTree = "<group>";
		};
		1410927A1B8CB77200CD3114 /* Controllers */ = {
			isa = PBXGroup;
			children = (
				1410926A1B8CB76300CD3114 /* MapViewController.swift */,
				1410926B1B8CB76300CD3114 /* TypesTableViewController.swift */,
			);
			name = Controllers;
			sourceTree = "<group>";
		};
		1410927B1B8CB77F00CD3114 /* Model */ = {
			isa = PBXGroup;
			children = (
				1410926C1B8CB76300CD3114 /* GoogleDataProvider.swift */,
				1410926D1B8CB76300CD3114 /* GooglePlace.swift */,
				1410926E1B8CB76300CD3114 /* PlaceMarker.swift */,
			);
			name = Model;
			sourceTree = "<group>";
		};
		1410927C1B8CB7AB00CD3114 /* Views */ = {
			isa = PBXGroup;
			children = (
				1410926F1B8CB76300CD3114 /* MarkerInfoView.swift */,
				141092701B8CB76300CD3114 /* MarkerInfoView.xib */,
				141092711B8CB76300CD3114 /* UIViewExtension.swift */,
			);
			name = Views;
			sourceTree = "<group>";
		};
		1429137B19D979A50025188A /* Storyboard Example */ = {
			isa = PBXGroup;
			children = (
				5C132588198E2A9A00CA49BE /* AppDelegate.swift */,
				6CE9A2731B84D25C00BE4004 /* MenuManager.swift */,
				1429139419DAA9C00025188A /* Controllers */,
			);
			name = "Storyboard Example";
			sourceTree = "<group>";
		};
		1429139419DAA9C00025188A /* Controllers */ = {
			isa = PBXGroup;
			children = (
				1429139219DA9F4D0025188A /* MyNavigationController.swift */,
				1429137C19D97A4F0025188A /* MyMenuTableViewController.swift */,
				5C13258A198E2A9A00CA49BE /* ViewController.swift */,
				5C6D6A261A7E26380047FE0D /* ViewController2.swift */,
				526014451B81CB1500498D3F /* MenuItem.swift */,
			);
			name = Controllers;
			sourceTree = "<group>";
		};
		14EAB63A19DD4E95006A90FC /* Library */ = {
			isa = PBXGroup;
			children = (
				522B7E901B86253C000A5678 /* ENSideMenu.swift */,
				522B7E911B86253C000A5678 /* ENSideMenuNavigationController.swift */,
			);
			name = Library;
			path = ../../Library;
			sourceTree = "<group>";
		};
		45B8D990B7D58E2CA9D63433 /* Pods */ = {
			isa = PBXGroup;
			children = (
				645C7FC34CC5E01A1D5C9ED1 /* Pods.debug.xcconfig */,
				46841B45243E82D10FE5A5F3 /* Pods.release.xcconfig */,
			);
			name = Pods;
			sourceTree = "<group>";
		};
		522B7E941B8635B2000A5678 /* MonitorReports */ = {
			isa = PBXGroup;
			children = (
				C3EBDD791B92D56E009237A8 /* Data.swift */,
				C3EBDD7A1B92D56E009237A8 /* DaysListTVC.swift */,
				C3EBDD7B1B92D56E009237A8 /* MonitorReportSample.plist */,
				C3EBDD7C1B92D56E009237A8 /* MonitorReportVC.swift */,
				C3EBDD7D1B92D56E009237A8 /* ReadReport.swift */,
				C3EBDD7E1B92D56E009237A8 /* SelectDriverReportVC.swift */,
			);
			name = MonitorReports;
			sourceTree = "<group>";
		};
		5C13257A198E2A9A00CA49BE = {
			isa = PBXGroup;
			children = (
				6CE9A1C61B83674F00BE4004 /* Podfile */,
				5C132585198E2A9A00CA49BE /* SwiftSideMenu */,
				5C132598198E2A9A00CA49BE /* SwiftSideMenuTests */,
				5C132584198E2A9A00CA49BE /* Products */,
				45B8D990B7D58E2CA9D63433 /* Pods */,
				98773EA61C9F326D030ED433 /* Frameworks */,
			);
			sourceTree = "<group>";
		};
		5C132584198E2A9A00CA49BE /* Products */ = {
			isa = PBXGroup;
			children = (
				5C132583198E2A9A00CA49BE /* MyWay.app */,
				5C132595198E2A9A00CA49BE /* SwiftSideMenuTests.xctest */,
			);
			name = Products;
			sourceTree = "<group>";
		};
		5C132585198E2A9A00CA49BE /* SwiftSideMenu */ = {
			isa = PBXGroup;
			children = (
				078780071BBD1E5500B7CF93 /* Khalid Map */,
				0779192D1BBBF3EE00AB0DB1 /* Team4 */,
				6CE9A26C1B84AE1D00BE4004 /* MapIntegration */,
				6CE9A21D1B83863100BE4004 /* Team2 */,
				6CE9A21C1B83861200BE4004 /* Team3 */,
				6CE9A1BB1B83517300BE4004 /* Team1 */,
				6CEAC4FE1B81EB4200E63813 /* Team5 */,
				14EAB63A19DD4E95006A90FC /* Library */,
				1429137B19D979A50025188A /* Storyboard Example */,
				5C1325A7198E2AB300CA49BE /* image.png */,
				5C13258C198E2A9A00CA49BE /* Main.storyboard */,
				5C13258F198E2A9A00CA49BE /* Images.xcassets */,
				077919371BBBF46200AB0DB1 /* OnRoad.png */,
				077919381BBBF46200AB0DB1 /* OnRoadG.png */,
				077919391BBBF46200AB0DB1 /* Major.png */,
				0779193A1BBBF46200AB0DB1 /* MajorG.png */,
				0779193B1BBBF46200AB0DB1 /* Minor.png */,
				0779193C1BBBF46200AB0DB1 /* MinorG.png */,
				0779193D1BBBF46200AB0DB1 /* accidents.png */,
				0779193E1BBBF46200AB0DB1 /* construction.png */,
				0779193F1BBBF46200AB0DB1 /* constructionG.png */,
				077919401BBBF46200AB0DB1 /* hazard.png */,
				077919411BBBF46200AB0DB1 /* heavy.png */,
				077919421BBBF46200AB0DB1 /* heavyG.png */,
				077919431BBBF46200AB0DB1 /* moderate.png */,
				077919441BBBF46200AB0DB1 /* moderateG.png */,
				077919451BBBF46200AB0DB1 /* other.png */,
				077919461BBBF46200AB0DB1 /* otherG.png */,
				077919481BBBF46200AB0DB1 /* standStillG.png */,
				077919491BBBF46200AB0DB1 /* traffic.png */,
				5C132586198E2A9A00CA49BE /* Supporting Files */,
			);
			path = SwiftSideMenu;
			sourceTree = "<group>";
		};
		5C132586198E2A9A00CA49BE /* Supporting Files */ = {
			isa = PBXGroup;
			children = (
				5C132587198E2A9A00CA49BE /* Info.plist */,
			);
			name = "Supporting Files";
			sourceTree = "<group>";
		};
		5C132598198E2A9A00CA49BE /* SwiftSideMenuTests */ = {
			isa = PBXGroup;
			children = (
				5C13259B198E2A9A00CA49BE /* SwiftSideMenuTests.swift */,
				5C132599198E2A9A00CA49BE /* Supporting Files */,
			);
			path = SwiftSideMenuTests;
			sourceTree = "<group>";
		};
		5C132599198E2A9A00CA49BE /* Supporting Files */ = {
			isa = PBXGroup;
			children = (
				5C13259A198E2A9A00CA49BE /* Info.plist */,
			);
			name = "Supporting Files";
			sourceTree = "<group>";
		};
		6C4674431B8F449C007582FB /* EmansWork */ = {
			isa = PBXGroup;
			children = (
				C3EBDD871B92D586009237A8 /* AddDailyRouteVC.swift */,
				C3EBDD881B92D586009237A8 /* AllpListController.swift */,
				C3EBDD891B92D586009237A8 /* CommentLocation.swift */,
				C3EBDD8A1B92D586009237A8 /* DailyReportVC.swift */,
				C3EBDD8B1B92D586009237A8 /* DailyRouteHolder.swift */,
				C3EBDD8C1B92D586009237A8 /* DailyRouteViewController.swift */,
				C3EBDD8D1B92D586009237A8 /* ModifyDailyRouteVC.swift */,
			);
			name = EmansWork;
			sourceTree = "<group>";
		};
		6C46745A1B8F60AD007582FB /* OmYasser */ = {
			isa = PBXGroup;
			children = (
				C3EBDD961B92D59A009237A8 /* AddDriverVC.swift */,
				C3EBDD971B92D59A009237A8 /* DriversListVC.swift */,
				C3EBDD981B92D59A009237A8 /* drivers.plist */,
				C3EBDD991B92D59A009237A8 /* DriverDetailsVC.swift */,
				6CD32A261BBBFFEF00F6D684 /* DriverCustomCell.swift */,
			);
			name = OmYasser;
			sourceTree = "<group>";
		};
		6CE9A1BB1B83517300BE4004 /* Team1 */ = {
			isa = PBXGroup;
			children = (
				52ECD6CF1B8643DE00718350 /* AHKActionSheet.h */,
				52ECD6D01B8643DE00718350 /* AHKActionSheet.m */,
				52ECD6D11B8643DE00718350 /* AHKActionSheetViewController.h */,
				52ECD6D21B8643DE00718350 /* AHKActionSheetViewController.m */,
				52ECD6D31B8643DE00718350 /* UIImage+AHKAdditions.h */,
				52ECD6D41B8643DE00718350 /* UIImage+AHKAdditions.m */,
				52ECD6D51B8643DE00718350 /* UIWindow+AHKAdditions.h */,
				52ECD6D61B8643DE00718350 /* UIWindow+AHKAdditions.m */,
				6CE9A1C41B8364B000BE4004 /* Main_1.storyboard */,
				6CE9A1BE1B8363D400BE4004 /* mainViewController.swift */,
				6CE9A1BF1B8363D400BE4004 /* MapTasks.swift */,
				6CE9A1C21B83641000BE4004 /* MainMapVC.swift */,
				52ECD6CE1B86438A00718350 /* SwiftSideMenu-Bridging-Header.h */,
				141092681B8CB71F00CD3114 /* POI.storyboard */,
				1410927A1B8CB77200CD3114 /* Controllers */,
				1410927B1B8CB77F00CD3114 /* Model */,
				1410927C1B8CB7AB00CD3114 /* Views */,
			);
			name = Team1;
			sourceTree = "<group>";
		};
		6CE9A21C1B83861200BE4004 /* Team3 */ = {
			isa = PBXGroup;
			children = (
				143615641B8F1A34003FD356 /* defaultPoint.jpg */,
				143615681B8F1A8F003FD356 /* Team3.storyboard */,
				6CE9A25E1B8474D200BE4004 /* cat.plist */,
				6CE9A25A1B8474C300BE4004 /* placeDetails.plist */,
				6CE9A25B1B8474C300BE4004 /* places.plist */,
				143615661B8F1A62003FD356 /* AddNewPOI.swift */,
				6CE9A2451B8474A300BE4004 /* addNewPoint.swift */,
				6CE9A2461B8474A300BE4004 /* FileCopier.swift */,
				1436156E1B8F1AF6003FD356 /* MoreInfoOfPOI.swift */,
				6CE9A2471B8474A300BE4004 /* ManagePoints.swift */,
				6CE9A24A1B8474A300BE4004 /* POIDataManager.swift */,
				6CE9A24B1B8474A300BE4004 /* PointOfInterest.swift */,
				1436156A1B8F1AC7003FD356 /* TypesOfPOI.swift */,
				1436156C1B8F1AD4003FD356 /* SubTypesOfPOI.swift */,
				6CE9A24E1B8474A300BE4004 /* TypeView.swift */,
			);
			name = Team3;
			sourceTree = "<group>";
		};
		6CE9A21D1B83863100BE4004 /* Team2 */ = {
			isa = PBXGroup;
			children = (
				6CE9A2711B84B98300BE4004 /* Team2.storyboard */,
				6CE9A23E1B83A06000BE4004 /* default.png */,
				6CE9A23F1B83A06000BE4004 /* street.png */,
				6CE9A23C1B839FCB00BE4004 /* ConnectionManager.swift */,
				6CE9A2281B839F9100BE4004 /* ChagePasswordViewController.swift */,
				6CE9A2291B839F9100BE4004 /* CodeVerificationViewController.swift */,
				6CE9A22A1B839F9100BE4004 /* EditUserProfileViewController.swift */,
				6CE9A22B1B839F9100BE4004 /* ForgetPasswordViewController.swift */,
				6CE9A22C1B839F9100BE4004 /* ImageConversion.swift */,
				6CE9A22D1B839F9100BE4004 /* LoginViewController.swift */,
				6CE9A22E1B839F9100BE4004 /* RegisterViewController.swift */,
				6CE9A22F1B839F9100BE4004 /* SetNewPasswordViewController.swift */,
				6CE9A2301B839F9100BE4004 /* UserInfo.swift */,
				6CE9A2311B839F9100BE4004 /* UserProfileViewController.swift */,
			);
			name = Team2;
			sourceTree = "<group>";
		};
		6CE9A26C1B84AE1D00BE4004 /* MapIntegration */ = {
			isa = PBXGroup;
			children = (
				52F57A721B85E97100A51E54 /* GetLocation.storyboard */,
				143615701B8F1CC3003FD356 /* GetLocationVC.swift */,
				6CE9A26D1B84AE2900BE4004 /* ShowOnMapVC.swift */,
				6CE9A26E1B84AE2900BE4004 /* reqLocaiton.storyboard */,
			);
			name = MapIntegration;
			sourceTree = "<group>";
		};
		6CEAC4FE1B81EB4200E63813 /* Team5 */ = {
			isa = PBXGroup;
			children = (
				C3EBDD6E1B92D529009237A8 /* FileUtils.swift */,
				C3EBDD6F1B92D529009237A8 /* Team5_m.storyboard */,
				6CD32A281BBC559900F6D684 /* DriverCustomCell.xib */,
				C3EBDD701B92D529009237A8 /* AppSettings.swift */,
				C3EBDD711B92D529009237A8 /* Team5.storyboard */,
				C3EBDD721B92D529009237A8 /* UISettings.swift */,
				6C46745A1B8F60AD007582FB /* OmYasser */,
				6C4674431B8F449C007582FB /* EmansWork */,
				522B7E941B8635B2000A5678 /* MonitorReports */,
			);
			name = Team5;
			sourceTree = "<group>";
		};
		98773EA61C9F326D030ED433 /* Frameworks */ = {
			isa = PBXGroup;
			children = (
				14674B701BBBCFEE00D20067 /* SystemConfiguration.framework */,
				3A4E2AEDC55097B276774D67 /* libPods.a */,
			);
			name = Frameworks;
			sourceTree = "<group>";
		};
/* End PBXGroup section */

/* Begin PBXNativeTarget section */
		5C132582198E2A9A00CA49BE /* SwiftSideMenu */ = {
			isa = PBXNativeTarget;
			buildConfigurationList = 5C13259F198E2A9A00CA49BE /* Build configuration list for PBXNativeTarget "SwiftSideMenu" */;
			buildPhases = (
				164750626FBF4818545295CB /* Check Pods Manifest.lock */,
				5C13257F198E2A9A00CA49BE /* Sources */,
				5C132580198E2A9A00CA49BE /* Frameworks */,
				5C132581198E2A9A00CA49BE /* Resources */,
				AA27A5ED2337E3C5B732CD05 /* Copy Pods Resources */,
			);
			buildRules = (
			);
			dependencies = (
			);
			name = SwiftSideMenu;
			productName = SwiftSideMenu;
			productReference = 5C132583198E2A9A00CA49BE /* MyWay.app */;
			productType = "com.apple.product-type.application";
		};
		5C132594198E2A9A00CA49BE /* SwiftSideMenuTests */ = {
			isa = PBXNativeTarget;
			buildConfigurationList = 5C1325A2198E2A9A00CA49BE /* Build configuration list for PBXNativeTarget "SwiftSideMenuTests" */;
			buildPhases = (
				5C132591198E2A9A00CA49BE /* Sources */,
				5C132592198E2A9A00CA49BE /* Frameworks */,
				5C132593198E2A9A00CA49BE /* Resources */,
			);
			buildRules = (
			);
			dependencies = (
				5C132597198E2A9A00CA49BE /* PBXTargetDependency */,
			);
			name = SwiftSideMenuTests;
			productName = SwiftSideMenuTests;
			productReference = 5C132595198E2A9A00CA49BE /* SwiftSideMenuTests.xctest */;
			productType = "com.apple.product-type.bundle.unit-test";
		};
/* End PBXNativeTarget section */

/* Begin PBXProject section */
		5C13257B198E2A9A00CA49BE /* Project object */ = {
			isa = PBXProject;
			attributes = {
				LastSwiftUpdateCheck = 0700;
				LastUpgradeCheck = 0640;
				ORGANIZATIONNAME = "";
				TargetAttributes = {
					5C132582198E2A9A00CA49BE = {
						CreatedOnToolsVersion = 6.0;
						DevelopmentTeam = SGL82PX6XB;
					};
					5C132594198E2A9A00CA49BE = {
						CreatedOnToolsVersion = 6.0;
						TestTargetID = 5C132582198E2A9A00CA49BE;
					};
				};
			};
			buildConfigurationList = 5C13257E198E2A9A00CA49BE /* Build configuration list for PBXProject "SwiftSideMenu" */;
			compatibilityVersion = "Xcode 3.2";
			developmentRegion = English;
			hasScannedForEncodings = 0;
			knownRegions = (
				en,
				Base,
			);
			mainGroup = 5C13257A198E2A9A00CA49BE;
			productRefGroup = 5C132584198E2A9A00CA49BE /* Products */;
			projectDirPath = "";
			projectRoot = "";
			targets = (
				5C132582198E2A9A00CA49BE /* SwiftSideMenu */,
				5C132594198E2A9A00CA49BE /* SwiftSideMenuTests */,
			);
		};
/* End PBXProject section */

/* Begin PBXResourcesBuildPhase section */
		5C132581198E2A9A00CA49BE /* Resources */ = {
			isa = PBXResourcesBuildPhase;
			buildActionMask = 2147483647;
			files = (
				6CE9A2701B84AE2900BE4004 /* reqLocaiton.storyboard in Resources */,
				9E4766FC19DDBCE900FCEACC /* Main.storyboard in Resources */,
				141092691B8CB71F00CD3114 /* POI.storyboard in Resources */,
				0779195B1BBBF46200AB0DB1 /* standStillG.png in Resources */,
				5C132590198E2A9A00CA49BE /* Images.xcassets in Resources */,
				077919581BBBF46200AB0DB1 /* other.png in Resources */,
				0779194A1BBBF46200AB0DB1 /* OnRoad.png in Resources */,
				0779194F1BBBF46200AB0DB1 /* MinorG.png in Resources */,
				077919341BBBF41900AB0DB1 /* Main_4.storyboard in Resources */,
				0779195C1BBBF46200AB0DB1 /* traffic.png in Resources */,
				143615651B8F1A34003FD356 /* defaultPoint.jpg in Resources */,
				C3EBDD821B92D56E009237A8 /* MonitorReportSample.plist in Resources */,
				0779194C1BBBF46200AB0DB1 /* Major.png in Resources */,
				077919511BBBF46200AB0DB1 /* construction.png in Resources */,
				077919551BBBF46200AB0DB1 /* heavyG.png in Resources */,
				0779194B1BBBF46200AB0DB1 /* OnRoadG.png in Resources */,
				C3EBDD9C1B92D59A009237A8 /* drivers.plist in Resources */,
				6CE9A1C51B8364B000BE4004 /* Main_1.storyboard in Resources */,
				C3EBDD761B92D529009237A8 /* Team5.storyboard in Resources */,
				52F57A741B85E97100A51E54 /* GetLocation.storyboard in Resources */,
				077919541BBBF46200AB0DB1 /* heavy.png in Resources */,
				5C1325AA198E2AB300CA49BE /* image.png in Resources */,
				6CE9A1C71B83674F00BE4004 /* Podfile in Resources */,
				077919571BBBF46200AB0DB1 /* moderateG.png in Resources */,
				6CE9A2421B83A06000BE4004 /* street.png in Resources */,
				6CE9A25F1B8474D200BE4004 /* cat.plist in Resources */,
				0779194E1BBBF46200AB0DB1 /* Minor.png in Resources */,
				077919521BBBF46200AB0DB1 /* constructionG.png in Resources */,
				6CE9A25C1B8474C300BE4004 /* placeDetails.plist in Resources */,
				077919531BBBF46200AB0DB1 /* hazard.png in Resources */,
				141092781B8CB76300CD3114 /* MarkerInfoView.xib in Resources */,
				6CE9A2411B83A06000BE4004 /* default.png in Resources */,
				6CE9A25D1B8474C300BE4004 /* places.plist in Resources */,
				C3EBDD741B92D529009237A8 /* Team5_m.storyboard in Resources */,
				077919591BBBF46200AB0DB1 /* otherG.png in Resources */,
				6CE9A2721B84B98300BE4004 /* Team2.storyboard in Resources */,
				077919501BBBF46200AB0DB1 /* accidents.png in Resources */,
				077919561BBBF46200AB0DB1 /* moderate.png in Resources */,
				143615691B8F1A8F003FD356 /* Team3.storyboard in Resources */,
				0779194D1BBBF46200AB0DB1 /* MajorG.png in Resources */,
			);
			runOnlyForDeploymentPostprocessing = 0;
		};
		5C132593198E2A9A00CA49BE /* Resources */ = {
			isa = PBXResourcesBuildPhase;
			buildActionMask = 2147483647;
			files = (
			);
			runOnlyForDeploymentPostprocessing = 0;
		};
/* End PBXResourcesBuildPhase section */

/* Begin PBXShellScriptBuildPhase section */
		164750626FBF4818545295CB /* Check Pods Manifest.lock */ = {
			isa = PBXShellScriptBuildPhase;
			buildActionMask = 2147483647;
			files = (
			);
			inputPaths = (
			);
			name = "Check Pods Manifest.lock";
			outputPaths = (
			);
			runOnlyForDeploymentPostprocessing = 0;
			shellPath = /bin/sh;
			shellScript = "diff \"${PODS_ROOT}/../Podfile.lock\" \"${PODS_ROOT}/Manifest.lock\" > /dev/null\nif [[ $? != 0 ]] ; then\n    cat << EOM\nerror: The sandbox is not in sync with the Podfile.lock. Run 'pod install' or update your CocoaPods installation.\nEOM\n    exit 1\nfi\n";
			showEnvVarsInLog = 0;
		};
		AA27A5ED2337E3C5B732CD05 /* Copy Pods Resources */ = {
			isa = PBXShellScriptBuildPhase;
			buildActionMask = 2147483647;
			files = (
			);
			inputPaths = (
			);
			name = "Copy Pods Resources";
			outputPaths = (
			);
			runOnlyForDeploymentPostprocessing = 0;
			shellPath = /bin/sh;
			shellScript = "\"${SRCROOT}/Pods/Target Support Files/Pods/Pods-resources.sh\"\n";
			showEnvVarsInLog = 0;
		};
/* End PBXShellScriptBuildPhase section */

/* Begin PBXSourcesBuildPhase section */
		5C13257F198E2A9A00CA49BE /* Sources */ = {
			isa = PBXSourcesBuildPhase;
			buildActionMask = 2147483647;
			files = (
				522B7E921B86253C000A5678 /* ENSideMenu.swift in Sources */,
				52ECD6D81B8643DE00718350 /* AHKActionSheetViewController.m in Sources */,
				141092731B8CB76300CD3114 /* TypesTableViewController.swift in Sources */,
				1436156B1B8F1AC7003FD356 /* TypesOfPOI.swift in Sources */,
				0779197F1BBBF4EB00AB0DB1 /* addOtherReports.swift in Sources */,
				6CE9A1C31B83641000BE4004 /* MainMapVC.swift in Sources */,
				C3EBDD9B1B92D59A009237A8 /* DriversListVC.swift in Sources */,
				141092771B8CB76300CD3114 /* MarkerInfoView.swift in Sources */,
				C3EBDD941B92D586009237A8 /* DailyRouteViewController.swift in Sources */,
				6CE9A23B1B839F9100BE4004 /* UserProfileViewController.swift in Sources */,
				6CE9A2321B839F9100BE4004 /* ChagePasswordViewController.swift in Sources */,
				0779196C1BBBF4B100AB0DB1 /* trafficVC.swift in Sources */,
				077919651BBBF48400AB0DB1 /* commentMajorAccident.swift in Sources */,
				C3EBDD911B92D586009237A8 /* CommentLocation.swift in Sources */,
				C3EBDD8F1B92D586009237A8 /* AddDailyRouteVC.swift in Sources */,
				143615671B8F1A62003FD356 /* AddNewPOI.swift in Sources */,
				C3EBDD771B92D529009237A8 /* UISettings.swift in Sources */,
				141092751B8CB76300CD3114 /* GooglePlace.swift in Sources */,
				6CE9A2511B8474A300BE4004 /* FileCopier.swift in Sources */,
				6CE9A2501B8474A300BE4004 /* addNewPoint.swift in Sources */,
				6CE9A23A1B839F9100BE4004 /* UserInfo.swift in Sources */,
				C3EBDD921B92D586009237A8 /* DailyReportVC.swift in Sources */,
				0779196E1BBBF4B100AB0DB1 /* commentHeavyTraffic.swift in Sources */,
				0787800D1BBD1F9F00B7CF93 /* Khalidtable22.swift in Sources */,
				0787800B1BBD1F9F00B7CF93 /* KhalidViewController.swift in Sources */,
				C3EBDD9D1B92D59A009237A8 /* DriverDetailsVC.swift in Sources */,
				C3EBDD751B92D529009237A8 /* AppSettings.swift in Sources */,
				5C13258B198E2A9A00CA49BE /* ViewController.swift in Sources */,
				6CE9A1C01B8363D400BE4004 /* mainViewController.swift in Sources */,
				C3EBDD841B92D56E009237A8 /* ReadReport.swift in Sources */,
				C3EBDD951B92D586009237A8 /* ModifyDailyRouteVC.swift in Sources */,
				C3EBDD831B92D56E009237A8 /* MonitorReportVC.swift in Sources */,
				C3EBDD851B92D56E009237A8 /* SelectDriverReportVC.swift in Sources */,
				C3EBDD931B92D586009237A8 /* DailyRouteHolder.swift in Sources */,
				1429137D19D97A4F0025188A /* MyMenuTableViewController.swift in Sources */,
				6CE9A2371B839F9100BE4004 /* LoginViewController.swift in Sources */,
				143615711B8F1CC3003FD356 /* GetLocationVC.swift in Sources */,
				077919791BBBF4CD00AB0DB1 /* commentConstruction.swift in Sources */,
				0779197E1BBBF4EB00AB0DB1 /* otherVC.swift in Sources */,
				1436156D1B8F1AD4003FD356 /* SubTypesOfPOI.swift in Sources */,
				C3EBDD801B92D56E009237A8 /* Data.swift in Sources */,
				C3EBDD9A1B92D59A009237A8 /* AddDriverVC.swift in Sources */,
				5C6D6A271A7E26380047FE0D /* ViewController2.swift in Sources */,
				1436156F1B8F1AF6003FD356 /* MoreInfoOfPOI.swift in Sources */,
				526014461B81CB1600498D3F /* MenuItem.swift in Sources */,
				6CE9A2361B839F9100BE4004 /* ImageConversion.swift in Sources */,
				077919631BBBF48400AB0DB1 /* addAccidentsReport.swift in Sources */,
				C3EBDD901B92D586009237A8 /* AllpListController.swift in Sources */,
				077919621BBBF48400AB0DB1 /* accidentVC.swift in Sources */,
				078780061BBCFB6D00B7CF93 /* getCommentDetails.swift in Sources */,
				6CE9A23D1B839FCB00BE4004 /* ConnectionManager.swift in Sources */,
				141092761B8CB76300CD3114 /* PlaceMarker.swift in Sources */,
				522B7E931B86253C000A5678 /* ENSideMenuNavigationController.swift in Sources */,
				077919761BBBF4CD00AB0DB1 /* hazardVC.swift in Sources */,
				C3EBDD731B92D529009237A8 /* FileUtils.swift in Sources */,
				0779196F1BBBF4B100AB0DB1 /* commentStandstillTraffic.swift in Sources */,
				52ECD6D91B8643DE00718350 /* UIImage+AHKAdditions.m in Sources */,
				6CE9A2591B8474A300BE4004 /* TypeView.swift in Sources */,
				52ECD6D71B8643DE00718350 /* AHKActionSheet.m in Sources */,
				0779196D1BBBF4B100AB0DB1 /* commentModerateTraffic.swift in Sources */,
				6CE9A2561B8474A300BE4004 /* PointOfInterest.swift in Sources */,
				6CE9A2521B8474A300BE4004 /* ManagePoints.swift in Sources */,
				6CE9A2391B839F9100BE4004 /* SetNewPasswordViewController.swift in Sources */,
				52ECD6DA1B8643DE00718350 /* UIWindow+AHKAdditions.m in Sources */,
				0787800C1BBD1F9F00B7CF93 /* KhalidMapTasks.swift in Sources */,
				6CE9A2331B839F9100BE4004 /* CodeVerificationViewController.swift in Sources */,
				C3EBDD811B92D56E009237A8 /* DaysListTVC.swift in Sources */,
				1429139319DA9F4D0025188A /* MyNavigationController.swift in Sources */,
				6CE9A2381B839F9100BE4004 /* RegisterViewController.swift in Sources */,
				6CE9A1C11B8363D400BE4004 /* MapTasks.swift in Sources */,
				141092741B8CB76300CD3114 /* GoogleDataProvider.swift in Sources */,
				077919331BBBF41900AB0DB1 /* LocationFilteration.swift in Sources */,
				077919701BBBF4B100AB0DB1 /* addTrafficJamReports.swift in Sources */,
				6CE9A2741B84D25C00BE4004 /* MenuManager.swift in Sources */,
				6CE9A26F1B84AE2900BE4004 /* ShowOnMapVC.swift in Sources */,
				141092791B8CB76300CD3114 /* UIViewExtension.swift in Sources */,
				6CE9A2551B8474A300BE4004 /* POIDataManager.swift in Sources */,
				077919321BBBF41900AB0DB1 /* AllVC.swift in Sources */,
				6CE9A2351B839F9100BE4004 /* ForgetPasswordViewController.swift in Sources */,
				5C132589198E2A9A00CA49BE /* AppDelegate.swift in Sources */,
				077919641BBBF48400AB0DB1 /* commentMinorAccident.swift in Sources */,
				077919781BBBF4CD00AB0DB1 /* commentOnRoad.swift in Sources */,
				077919351BBBF41900AB0DB1 /* ReportsMainVC.swift in Sources */,
				141092721B8CB76300CD3114 /* MapViewController.swift in Sources */,
				6CD32A271BBBFFEF00F6D684 /* DriverCustomCell.swift in Sources */,
				6CE9A2341B839F9100BE4004 /* EditUserProfileViewController.swift in Sources */,
				077919801BBBF4EB00AB0DB1 /* commentOther.swift in Sources */,
				077919771BBBF4CD00AB0DB1 /* addHazardReport.swift in Sources */,
			);
			runOnlyForDeploymentPostprocessing = 0;
		};
		5C132591198E2A9A00CA49BE /* Sources */ = {
			isa = PBXSourcesBuildPhase;
			buildActionMask = 2147483647;
			files = (
				5C13259C198E2A9A00CA49BE /* SwiftSideMenuTests.swift in Sources */,
			);
			runOnlyForDeploymentPostprocessing = 0;
		};
/* End PBXSourcesBuildPhase section */

/* Begin PBXTargetDependency section */
		5C132597198E2A9A00CA49BE /* PBXTargetDependency */ = {
			isa = PBXTargetDependency;
			target = 5C132582198E2A9A00CA49BE /* SwiftSideMenu */;
			targetProxy = 5C132596198E2A9A00CA49BE /* PBXContainerItemProxy */;
		};
/* End PBXTargetDependency section */

/* Begin PBXVariantGroup section */
		5C13258C198E2A9A00CA49BE /* Main.storyboard */ = {
			isa = PBXVariantGroup;
			children = (
				5C13258D198E2A9A00CA49BE /* Base */,
			);
			name = Main.storyboard;
			sourceTree = "<group>";
		};
/* End PBXVariantGroup section */

/* Begin XCBuildConfiguration section */
		5C13259D198E2A9A00CA49BE /* Debug */ = {
			isa = XCBuildConfiguration;
			buildSettings = {
				ALWAYS_SEARCH_USER_PATHS = NO;
				CLANG_CXX_LANGUAGE_STANDARD = "gnu++0x";
				CLANG_CXX_LIBRARY = "libc++";
				CLANG_ENABLE_MODULES = YES;
				CLANG_ENABLE_OBJC_ARC = YES;
				CLANG_WARN_BOOL_CONVERSION = YES;
				CLANG_WARN_CONSTANT_CONVERSION = YES;
				CLANG_WARN_DIRECT_OBJC_ISA_USAGE = YES_ERROR;
				CLANG_WARN_EMPTY_BODY = YES;
				CLANG_WARN_ENUM_CONVERSION = YES;
				CLANG_WARN_INT_CONVERSION = YES;
				CLANG_WARN_OBJC_ROOT_CLASS = YES_ERROR;
				CLANG_WARN_UNREACHABLE_CODE = YES;
				CLANG_WARN__DUPLICATE_METHOD_MATCH = YES;
				"CODE_SIGN_IDENTITY[sdk=iphoneos*]" = "iPhone Developer";
				COPY_PHASE_STRIP = NO;
				ENABLE_STRICT_OBJC_MSGSEND = YES;
				GCC_C_LANGUAGE_STANDARD = gnu99;
				GCC_DYNAMIC_NO_PIC = NO;
				GCC_OPTIMIZATION_LEVEL = 0;
				GCC_PREPROCESSOR_DEFINITIONS = (
					"DEBUG=1",
					"$(inherited)",
				);
				GCC_SYMBOLS_PRIVATE_EXTERN = NO;
				GCC_WARN_64_TO_32_BIT_CONVERSION = YES;
				GCC_WARN_ABOUT_RETURN_TYPE = YES_ERROR;
				GCC_WARN_UNDECLARED_SELECTOR = YES;
				GCC_WARN_UNINITIALIZED_AUTOS = YES_AGGRESSIVE;
				GCC_WARN_UNUSED_FUNCTION = YES;
				GCC_WARN_UNUSED_VARIABLE = YES;
				IPHONEOS_DEPLOYMENT_TARGET = 8.0;
				MTL_ENABLE_DEBUG_INFO = YES;
				ONLY_ACTIVE_ARCH = YES;
				SDKROOT = iphoneos;
				SWIFT_OPTIMIZATION_LEVEL = "-Onone";
				TARGETED_DEVICE_FAMILY = "1,2";
			};
			name = Debug;
		};
		5C13259E198E2A9A00CA49BE /* Release */ = {
			isa = XCBuildConfiguration;
			buildSettings = {
				ALWAYS_SEARCH_USER_PATHS = NO;
				CLANG_CXX_LANGUAGE_STANDARD = "gnu++0x";
				CLANG_CXX_LIBRARY = "libc++";
				CLANG_ENABLE_MODULES = YES;
				CLANG_ENABLE_OBJC_ARC = YES;
				CLANG_WARN_BOOL_CONVERSION = YES;
				CLANG_WARN_CONSTANT_CONVERSION = YES;
				CLANG_WARN_DIRECT_OBJC_ISA_USAGE = YES_ERROR;
				CLANG_WARN_EMPTY_BODY = YES;
				CLANG_WARN_ENUM_CONVERSION = YES;
				CLANG_WARN_INT_CONVERSION = YES;
				CLANG_WARN_OBJC_ROOT_CLASS = YES_ERROR;
				CLANG_WARN_UNREACHABLE_CODE = YES;
				CLANG_WARN__DUPLICATE_METHOD_MATCH = YES;
				"CODE_SIGN_IDENTITY[sdk=iphoneos*]" = "iPhone Developer";
				COPY_PHASE_STRIP = YES;
				ENABLE_NS_ASSERTIONS = NO;
				ENABLE_STRICT_OBJC_MSGSEND = YES;
				GCC_C_LANGUAGE_STANDARD = gnu99;
				GCC_WARN_64_TO_32_BIT_CONVERSION = YES;
				GCC_WARN_ABOUT_RETURN_TYPE = YES_ERROR;
				GCC_WARN_UNDECLARED_SELECTOR = YES;
				GCC_WARN_UNINITIALIZED_AUTOS = YES_AGGRESSIVE;
				GCC_WARN_UNUSED_FUNCTION = YES;
				GCC_WARN_UNUSED_VARIABLE = YES;
				IPHONEOS_DEPLOYMENT_TARGET = 8.0;
				MTL_ENABLE_DEBUG_INFO = NO;
				SDKROOT = iphoneos;
				TARGETED_DEVICE_FAMILY = "1,2";
				VALIDATE_PRODUCT = YES;
			};
			name = Release;
		};
		5C1325A0198E2A9A00CA49BE /* Debug */ = {
			isa = XCBuildConfiguration;
			baseConfigurationReference = 645C7FC34CC5E01A1D5C9ED1 /* Pods.debug.xcconfig */;
			buildSettings = {
				ASSETCATALOG_COMPILER_APPICON_NAME = AppIcon;
				ASSETCATALOG_COMPILER_LAUNCHIMAGE_NAME = LaunchImage;
				CLANG_ENABLE_MODULES = YES;
				CODE_SIGN_IDENTITY = "iPhone Developer";
				"CODE_SIGN_IDENTITY[sdk=iphoneos*]" = "iPhone Developer";
				INFOPLIST_FILE = SwiftSideMenu/Info.plist;
				IPHONEOS_DEPLOYMENT_TARGET = 8.1;
				LD_RUNPATH_SEARCH_PATHS = "$(inherited) @executable_path/Frameworks";
				PRODUCT_NAME = MyWay;
				PROVISIONING_PROFILE = "";
				SWIFT_OBJC_BRIDGING_HEADER = "SwiftSideMenu/SwiftSideMenu-Bridging-Header.h";
				SWIFT_OPTIMIZATION_LEVEL = "-Onone";
				TARGETED_DEVICE_FAMILY = "1,2";
			};
			name = Debug;
		};
		5C1325A1198E2A9A00CA49BE /* Release */ = {
			isa = XCBuildConfiguration;
			baseConfigurationReference = 46841B45243E82D10FE5A5F3 /* Pods.release.xcconfig */;
			buildSettings = {
				ASSETCATALOG_COMPILER_APPICON_NAME = AppIcon;
				ASSETCATALOG_COMPILER_LAUNCHIMAGE_NAME = LaunchImage;
				CLANG_ENABLE_MODULES = YES;
				CODE_SIGN_IDENTITY = "iPhone Developer";
				"CODE_SIGN_IDENTITY[sdk=iphoneos*]" = "iPhone Developer";
				INFOPLIST_FILE = SwiftSideMenu/Info.plist;
				IPHONEOS_DEPLOYMENT_TARGET = 8.1;
				LD_RUNPATH_SEARCH_PATHS = "$(inherited) @executable_path/Frameworks";
				PRODUCT_NAME = MyWay;
				PROVISIONING_PROFILE = "";
				SWIFT_OBJC_BRIDGING_HEADER = "SwiftSideMenu/SwiftSideMenu-Bridging-Header.h";
				TARGETED_DEVICE_FAMILY = "1,2";
			};
			name = Release;
		};
		5C1325A3198E2A9A00CA49BE /* Debug */ = {
			isa = XCBuildConfiguration;
			buildSettings = {
				BUNDLE_LOADER = "$(BUILT_PRODUCTS_DIR)/SwiftSideMenu.app/SwiftSideMenu";
				FRAMEWORK_SEARCH_PATHS = (
					"$(SDKROOT)/Developer/Library/Frameworks",
					"$(inherited)",
				);
				GCC_PREPROCESSOR_DEFINITIONS = (
					"DEBUG=1",
					"$(inherited)",
				);
				INFOPLIST_FILE = SwiftSideMenuTests/Info.plist;
				LD_RUNPATH_SEARCH_PATHS = "$(inherited) @executable_path/Frameworks @loader_path/Frameworks";
				PRODUCT_NAME = SwiftSideMenuTests;
				TEST_HOST = "$(BUNDLE_LOADER)";
			};
			name = Debug;
		};
		5C1325A4198E2A9A00CA49BE /* Release */ = {
			isa = XCBuildConfiguration;
			buildSettings = {
				BUNDLE_LOADER = "$(BUILT_PRODUCTS_DIR)/SwiftSideMenu.app/SwiftSideMenu";
				FRAMEWORK_SEARCH_PATHS = (
					"$(SDKROOT)/Developer/Library/Frameworks",
					"$(inherited)",
				);
				INFOPLIST_FILE = SwiftSideMenuTests/Info.plist;
				LD_RUNPATH_SEARCH_PATHS = "$(inherited) @executable_path/Frameworks @loader_path/Frameworks";
				PRODUCT_NAME = SwiftSideMenuTests;
				TEST_HOST = "$(BUNDLE_LOADER)";
			};
			name = Release;
		};
/* End XCBuildConfiguration section */

/* Begin XCConfigurationList section */
		5C13257E198E2A9A00CA49BE /* Build configuration list for PBXProject "SwiftSideMenu" */ = {
			isa = XCConfigurationList;
			buildConfigurations = (
				5C13259D198E2A9A00CA49BE /* Debug */,
				5C13259E198E2A9A00CA49BE /* Release */,
			);
			defaultConfigurationIsVisible = 0;
			defaultConfigurationName = Release;
		};
		5C13259F198E2A9A00CA49BE /* Build configuration list for PBXNativeTarget "SwiftSideMenu" */ = {
			isa = XCConfigurationList;
			buildConfigurations = (
				5C1325A0198E2A9A00CA49BE /* Debug */,
				5C1325A1198E2A9A00CA49BE /* Release */,
			);
			defaultConfigurationIsVisible = 0;
			defaultConfigurationName = Release;
		};
		5C1325A2198E2A9A00CA49BE /* Build configuration list for PBXNativeTarget "SwiftSideMenuTests" */ = {
			isa = XCConfigurationList;
			buildConfigurations = (
				5C1325A3198E2A9A00CA49BE /* Debug */,
				5C1325A4198E2A9A00CA49BE /* Release */,
			);
			defaultConfigurationIsVisible = 0;
			defaultConfigurationName = Release;
		};
/* End XCConfigurationList section */
	};
	rootObject = 5C13257B198E2A9A00CA49BE /* Project object */;
}
