// !$*UTF8*$!
{
	archiveVersion = 1;
	classes = {
	};
	objectVersion = 46;
	objects = {

/* Begin PBXBuildFile section */
		696692AE1B7C71D300EA0B56 /* DailyRoute.swift in Sources */ = {isa = PBXBuildFile; fileRef = 696692AD1B7C71D300EA0B56 /* DailyRoute.swift */; };
		696692B01B7C739100EA0B56 /* DailyRouteViewController.swift in Sources */ = {isa = PBXBuildFile; fileRef = 696692AF1B7C739100EA0B56 /* DailyRouteViewController.swift */; };
		69A2F40E1B7B71AB00EC07D1 /* AppDelegate.swift in Sources */ = {isa = PBXBuildFile; fileRef = 69A2F40D1B7B71AB00EC07D1 /* AppDelegate.swift */; };
		69A2F4101B7B71AB00EC07D1 /* ViewController.swift in Sources */ = {isa = PBXBuildFile; fileRef = 69A2F40F1B7B71AB00EC07D1 /* ViewController.swift */; };
		69A2F4131B7B71AB00EC07D1 /* Main.storyboard in Resources */ = {isa = PBXBuildFile; fileRef = 69A2F4111B7B71AB00EC07D1 /* Main.storyboard */; };
		69A2F4151B7B71AB00EC07D1 /* Images.xcassets in Resources */ = {isa = PBXBuildFile; fileRef = 69A2F4141B7B71AB00EC07D1 /* Images.xcassets */; };
		69A2F4181B7B71AB00EC07D1 /* LaunchScreen.xib in Resources */ = {isa = PBXBuildFile; fileRef = 69A2F4161B7B71AB00EC07D1 /* LaunchScreen.xib */; };
		69A2F4241B7B71AC00EC07D1 /* MyWay_IOSTests.swift in Sources */ = {isa = PBXBuildFile; fileRef = 69A2F4231B7B71AC00EC07D1 /* MyWay_IOSTests.swift */; };
		69A2F42E1B7C5BC300EC07D1 /* ManageDriver.swift in Sources */ = {isa = PBXBuildFile; fileRef = 69A2F42D1B7C5BC300EC07D1 /* ManageDriver.swift */; };
/* End PBXBuildFile section */

/* Begin PBXContainerItemProxy section */
		69A2F41E1B7B71AC00EC07D1 /* PBXContainerItemProxy */ = {
			isa = PBXContainerItemProxy;
			containerPortal = 69A2F4001B7B71A900EC07D1 /* Project object */;
			proxyType = 1;
			remoteGlobalIDString = 69A2F4071B7B71AA00EC07D1;
			remoteInfo = "MyWay-IOS";
		};
/* End PBXContainerItemProxy section */

/* Begin PBXFileReference section */
		696692AD1B7C71D300EA0B56 /* DailyRoute.swift */ = {isa = PBXFileReference; fileEncoding = 4; lastKnownFileType = sourcecode.swift; path = DailyRoute.swift; sourceTree = "<group>"; };
		696692AF1B7C739100EA0B56 /* DailyRouteViewController.swift */ = {isa = PBXFileReference; fileEncoding = 4; lastKnownFileType = sourcecode.swift; path = DailyRouteViewController.swift; sourceTree = "<group>"; };
		69A2F4081B7B71AA00EC07D1 /* MyWay-IOS.app */ = {isa = PBXFileReference; explicitFileType = wrapper.application; includeInIndex = 0; path = "MyWay-IOS.app"; sourceTree = BUILT_PRODUCTS_DIR; };
		69A2F40C1B7B71AB00EC07D1 /* Info.plist */ = {isa = PBXFileReference; lastKnownFileType = text.plist.xml; path = Info.plist; sourceTree = "<group>"; };
		69A2F40D1B7B71AB00EC07D1 /* AppDelegate.swift */ = {isa = PBXFileReference; fileEncoding = 4; lastKnownFileType = sourcecode.swift; path = AppDelegate.swift; sourceTree = "<group>"; };
		69A2F40F1B7B71AB00EC07D1 /* ViewController.swift */ = {isa = PBXFileReference; lastKnownFileType = sourcecode.swift; path = ViewController.swift; sourceTree = "<group>"; };
		69A2F4121B7B71AB00EC07D1 /* Base */ = {isa = PBXFileReference; lastKnownFileType = file.storyboard; name = Base; path = Base.lproj/Main.storyboard; sourceTree = "<group>"; };
		69A2F4141B7B71AB00EC07D1 /* Images.xcassets */ = {isa = PBXFileReference; lastKnownFileType = folder.assetcatalog; path = Images.xcassets; sourceTree = "<group>"; };
		69A2F4171B7B71AB00EC07D1 /* Base */ = {isa = PBXFileReference; lastKnownFileType = file.xib; name = Base; path = Base.lproj/LaunchScreen.xib; sourceTree = "<group>"; };
		69A2F41D1B7B71AC00EC07D1 /* MyWay-IOSTests.xctest */ = {isa = PBXFileReference; explicitFileType = wrapper.cfbundle; includeInIndex = 0; path = "MyWay-IOSTests.xctest"; sourceTree = BUILT_PRODUCTS_DIR; };
		69A2F4221B7B71AC00EC07D1 /* Info.plist */ = {isa = PBXFileReference; lastKnownFileType = text.plist.xml; path = Info.plist; sourceTree = "<group>"; };
		69A2F4231B7B71AC00EC07D1 /* MyWay_IOSTests.swift */ = {isa = PBXFileReference; lastKnownFileType = sourcecode.swift; path = MyWay_IOSTests.swift; sourceTree = "<group>"; };
		69A2F42D1B7C5BC300EC07D1 /* ManageDriver.swift */ = {isa = PBXFileReference; fileEncoding = 4; lastKnownFileType = sourcecode.swift; path = ManageDriver.swift; sourceTree = "<group>"; };
/* End PBXFileReference section */

/* Begin PBXFrameworksBuildPhase section */
		69A2F4051B7B71AA00EC07D1 /* Frameworks */ = {
			isa = PBXFrameworksBuildPhase;
			buildActionMask = 2147483647;
			files = (
			);
			runOnlyForDeploymentPostprocessing = 0;
		};
		69A2F41A1B7B71AC00EC07D1 /* Frameworks */ = {
			isa = PBXFrameworksBuildPhase;
			buildActionMask = 2147483647;
			files = (
			);
			runOnlyForDeploymentPostprocessing = 0;
		};
/* End PBXFrameworksBuildPhase section */

/* Begin PBXGroup section */
		69A2F3FF1B7B71A900EC07D1 = {
			isa = PBXGroup;
			children = (
				69A2F40A1B7B71AB00EC07D1 /* MyWay-IOS */,
				69A2F4201B7B71AC00EC07D1 /* MyWay-IOSTests */,
				69A2F4091B7B71AA00EC07D1 /* Products */,
			);
			sourceTree = "<group>";
		};
		69A2F4091B7B71AA00EC07D1 /* Products */ = {
			isa = PBXGroup;
			children = (
				69A2F4081B7B71AA00EC07D1 /* MyWay-IOS.app */,
				69A2F41D1B7B71AC00EC07D1 /* MyWay-IOSTests.xctest */,
			);
			name = Products;
			sourceTree = "<group>";
		};
		69A2F40A1B7B71AB00EC07D1 /* MyWay-IOS */ = {
			isa = PBXGroup;
			children = (
				69A2F40D1B7B71AB00EC07D1 /* AppDelegate.swift */,
				69A2F40F1B7B71AB00EC07D1 /* ViewController.swift */,
				69A2F4111B7B71AB00EC07D1 /* Main.storyboard */,
				69A2F4141B7B71AB00EC07D1 /* Images.xcassets */,
				69A2F4161B7B71AB00EC07D1 /* LaunchScreen.xib */,
				69A2F40B1B7B71AB00EC07D1 /* Supporting Files */,
				69A2F42D1B7C5BC300EC07D1 /* ManageDriver.swift */,
				696692AD1B7C71D300EA0B56 /* DailyRoute.swift */,
				696692AF1B7C739100EA0B56 /* DailyRouteViewController.swift */,
			);
			path = "MyWay-IOS";
			sourceTree = "<group>";
		};
		69A2F40B1B7B71AB00EC07D1 /* Supporting Files */ = {
			isa = PBXGroup;
			children = (
				69A2F40C1B7B71AB00EC07D1 /* Info.plist */,
			);
			name = "Supporting Files";
			sourceTree = "<group>";
		};
		69A2F4201B7B71AC00EC07D1 /* MyWay-IOSTests */ = {
			isa = PBXGroup;
			children = (
				69A2F4231B7B71AC00EC07D1 /* MyWay_IOSTests.swift */,
				69A2F4211B7B71AC00EC07D1 /* Supporting Files */,
			);
			path = "MyWay-IOSTests";
			sourceTree = "<group>";
		};
		69A2F4211B7B71AC00EC07D1 /* Supporting Files */ = {
			isa = PBXGroup;
			children = (
				69A2F4221B7B71AC00EC07D1 /* Info.plist */,
			);
			name = "Supporting Files";
			sourceTree = "<group>";
		};
/* End PBXGroup section */

/* Begin PBXNativeTarget section */
		69A2F4071B7B71AA00EC07D1 /* MyWay-IOS */ = {
			isa = PBXNativeTarget;
			buildConfigurationList = 69A2F4271B7B71AC00EC07D1 /* Build configuration list for PBXNativeTarget "MyWay-IOS" */;
			buildPhases = (
				69A2F4041B7B71AA00EC07D1 /* Sources */,
				69A2F4051B7B71AA00EC07D1 /* Frameworks */,
				69A2F4061B7B71AA00EC07D1 /* Resources */,
			);
			buildRules = (
			);
			dependencies = (
			);
			name = "MyWay-IOS";
			productName = "MyWay-IOS";
			productReference = 69A2F4081B7B71AA00EC07D1 /* MyWay-IOS.app */;
			productType = "com.apple.product-type.application";
		};
		69A2F41C1B7B71AC00EC07D1 /* MyWay-IOSTests */ = {
			isa = PBXNativeTarget;
			buildConfigurationList = 69A2F42A1B7B71AC00EC07D1 /* Build configuration list for PBXNativeTarget "MyWay-IOSTests" */;
			buildPhases = (
				69A2F4191B7B71AC00EC07D1 /* Sources */,
				69A2F41A1B7B71AC00EC07D1 /* Frameworks */,
				69A2F41B1B7B71AC00EC07D1 /* Resources */,
			);
			buildRules = (
			);
			dependencies = (
				69A2F41F1B7B71AC00EC07D1 /* PBXTargetDependency */,
			);
			name = "MyWay-IOSTests";
			productName = "MyWay-IOSTests";
			productReference = 69A2F41D1B7B71AC00EC07D1 /* MyWay-IOSTests.xctest */;
			productType = "com.apple.product-type.bundle.unit-test";
		};
/* End PBXNativeTarget section */

/* Begin PBXProject section */
		69A2F4001B7B71A900EC07D1 /* Project object */ = {
			isa = PBXProject;
			attributes = {
				LastUpgradeCheck = 0610;
				ORGANIZATIONNAME = PIFSS;
				TargetAttributes = {
					69A2F4071B7B71AA00EC07D1 = {
						CreatedOnToolsVersion = 6.1.1;
					};
					69A2F41C1B7B71AC00EC07D1 = {
						CreatedOnToolsVersion = 6.1.1;
						TestTargetID = 69A2F4071B7B71AA00EC07D1;
					};
				};
			};
			buildConfigurationList = 69A2F4031B7B71AA00EC07D1 /* Build configuration list for PBXProject "MyWay-IOS" */;
			compatibilityVersion = "Xcode 3.2";
			developmentRegion = English;
			hasScannedForEncodings = 0;
			knownRegions = (
				en,
				Base,
			);
			mainGroup = 69A2F3FF1B7B71A900EC07D1;
			productRefGroup = 69A2F4091B7B71AA00EC07D1 /* Products */;
			projectDirPath = "";
			projectRoot = "";
			targets = (
				69A2F4071B7B71AA00EC07D1 /* MyWay-IOS */,
				69A2F41C1B7B71AC00EC07D1 /* MyWay-IOSTests */,
			);
		};
/* End PBXProject section */

/* Begin PBXResourcesBuildPhase section */
		69A2F4061B7B71AA00EC07D1 /* Resources */ = {
			isa = PBXResourcesBuildPhase;
			buildActionMask = 2147483647;
			files = (
				69A2F4131B7B71AB00EC07D1 /* Main.storyboard in Resources */,
				69A2F4181B7B71AB00EC07D1 /* LaunchScreen.xib in Resources */,
				69A2F4151B7B71AB00EC07D1 /* Images.xcassets in Resources */,
			);
			runOnlyForDeploymentPostprocessing = 0;
		};
		69A2F41B1B7B71AC00EC07D1 /* Resources */ = {
			isa = PBXResourcesBuildPhase;
			buildActionMask = 2147483647;
			files = (
			);
			runOnlyForDeploymentPostprocessing = 0;
		};
/* End PBXResourcesBuildPhase section */

/* Begin PBXSourcesBuildPhase section */
		69A2F4041B7B71AA00EC07D1 /* Sources */ = {
			isa = PBXSourcesBuildPhase;
			buildActionMask = 2147483647;
			files = (
				69A2F4101B7B71AB00EC07D1 /* ViewController.swift in Sources */,
				696692AE1B7C71D300EA0B56 /* DailyRoute.swift in Sources */,
				69A2F40E1B7B71AB00EC07D1 /* AppDelegate.swift in Sources */,
				696692B01B7C739100EA0B56 /* DailyRouteViewController.swift in Sources */,
				69A2F42E1B7C5BC300EC07D1 /* ManageDriver.swift in Sources */,
			);
			runOnlyForDeploymentPostprocessing = 0;
		};
		69A2F4191B7B71AC00EC07D1 /* Sources */ = {
			isa = PBXSourcesBuildPhase;
			buildActionMask = 2147483647;
			files = (
				69A2F4241B7B71AC00EC07D1 /* MyWay_IOSTests.swift in Sources */,
			);
			runOnlyForDeploymentPostprocessing = 0;
		};
/* End PBXSourcesBuildPhase section */

/* Begin PBXTargetDependency section */
		69A2F41F1B7B71AC00EC07D1 /* PBXTargetDependency */ = {
			isa = PBXTargetDependency;
			target = 69A2F4071B7B71AA00EC07D1 /* MyWay-IOS */;
			targetProxy = 69A2F41E1B7B71AC00EC07D1 /* PBXContainerItemProxy */;
		};
/* End PBXTargetDependency section */

/* Begin PBXVariantGroup section */
		69A2F4111B7B71AB00EC07D1 /* Main.storyboard */ = {
			isa = PBXVariantGroup;
			children = (
				69A2F4121B7B71AB00EC07D1 /* Base */,
			);
			name = Main.storyboard;
			sourceTree = "<group>";
		};
		69A2F4161B7B71AB00EC07D1 /* LaunchScreen.xib */ = {
			isa = PBXVariantGroup;
			children = (
				69A2F4171B7B71AB00EC07D1 /* Base */,
			);
			name = LaunchScreen.xib;
			sourceTree = "<group>";
		};
/* End PBXVariantGroup section */

/* Begin XCBuildConfiguration section */
		69A2F4251B7B71AC00EC07D1 /* Debug */ = {
			isa = XCBuildConfiguration;
			buildSettings = {
				ALWAYS_SEARCH_USER_PATHS = NO;
				CLANG_CXX_LANGUAGE_STANDARD = "gnu++0x";
				CLANG_CXX_LIBRARY = "libc++";
				CLANG_ENABLE_MODULES = YES;
				CLANG_ENABLE_OBJC_ARC = YES;
				CLANG_WARN_BOOL_CONVERSION = YES;
				CLANG_WARN_CONSTANT_CONVERSION = YES;
				CLANG_WARN_DIRECT_OBJC_ISA_USAGE = YES_ERROR;
				CLANG_WARN_EMPTY_BODY = YES;
				CLANG_WARN_ENUM_CONVERSION = YES;
				CLANG_WARN_INT_CONVERSION = YES;
				CLANG_WARN_OBJC_ROOT_CLASS = YES_ERROR;
				CLANG_WARN_UNREACHABLE_CODE = YES;
				CLANG_WARN__DUPLICATE_METHOD_MATCH = YES;
				"CODE_SIGN_IDENTITY[sdk=iphoneos*]" = "iPhone Developer";
				COPY_PHASE_STRIP = NO;
				ENABLE_STRICT_OBJC_MSGSEND = YES;
				GCC_C_LANGUAGE_STANDARD = gnu99;
				GCC_DYNAMIC_NO_PIC = NO;
				GCC_OPTIMIZATION_LEVEL = 0;
				GCC_PREPROCESSOR_DEFINITIONS = (
					"DEBUG=1",
					"$(inherited)",
				);
				GCC_SYMBOLS_PRIVATE_EXTERN = NO;
				GCC_WARN_64_TO_32_BIT_CONVERSION = YES;
				GCC_WARN_ABOUT_RETURN_TYPE = YES_ERROR;
				GCC_WARN_UNDECLARED_SELECTOR = YES;
				GCC_WARN_UNINITIALIZED_AUTOS = YES_AGGRESSIVE;
				GCC_WARN_UNUSED_FUNCTION = YES;
				GCC_WARN_UNUSED_VARIABLE = YES;
				IPHONEOS_DEPLOYMENT_TARGET = 8.1;
				MTL_ENABLE_DEBUG_INFO = YES;
				ONLY_ACTIVE_ARCH = YES;
				SDKROOT = iphoneos;
				SWIFT_OPTIMIZATION_LEVEL = "-Onone";
			};
			name = Debug;
		};
		69A2F4261B7B71AC00EC07D1 /* Release */ = {
			isa = XCBuildConfiguration;
			buildSettings = {
				ALWAYS_SEARCH_USER_PATHS = NO;
				CLANG_CXX_LANGUAGE_STANDARD = "gnu++0x";
				CLANG_CXX_LIBRARY = "libc++";
				CLANG_ENABLE_MODULES = YES;
				CLANG_ENABLE_OBJC_ARC = YES;
				CLANG_WARN_BOOL_CONVERSION = YES;
				CLANG_WARN_CONSTANT_CONVERSION = YES;
				CLANG_WARN_DIRECT_OBJC_ISA_USAGE = YES_ERROR;
				CLANG_WARN_EMPTY_BODY = YES;
				CLANG_WARN_ENUM_CONVERSION = YES;
				CLANG_WARN_INT_CONVERSION = YES;
				CLANG_WARN_OBJC_ROOT_CLASS = YES_ERROR;
				CLANG_WARN_UNREACHABLE_CODE = YES;
				CLANG_WARN__DUPLICATE_METHOD_MATCH = YES;
				"CODE_SIGN_IDENTITY[sdk=iphoneos*]" = "iPhone Developer";
				COPY_PHASE_STRIP = YES;
				ENABLE_NS_ASSERTIONS = NO;
				ENABLE_STRICT_OBJC_MSGSEND = YES;
				GCC_C_LANGUAGE_STANDARD = gnu99;
				GCC_WARN_64_TO_32_BIT_CONVERSION = YES;
				GCC_WARN_ABOUT_RETURN_TYPE = YES_ERROR;
				GCC_WARN_UNDECLARED_SELECTOR = YES;
				GCC_WARN_UNINITIALIZED_AUTOS = YES_AGGRESSIVE;
				GCC_WARN_UNUSED_FUNCTION = YES;
				GCC_WARN_UNUSED_VARIABLE = YES;
				IPHONEOS_DEPLOYMENT_TARGET = 8.1;
				MTL_ENABLE_DEBUG_INFO = NO;
				SDKROOT = iphoneos;
				VALIDATE_PRODUCT = YES;
			};
			name = Release;
		};
		69A2F4281B7B71AC00EC07D1 /* Debug */ = {
			isa = XCBuildConfiguration;
			buildSettings = {
				ASSETCATALOG_COMPILER_APPICON_NAME = AppIcon;
				INFOPLIST_FILE = "MyWay-IOS/Info.plist";
				LD_RUNPATH_SEARCH_PATHS = "$(inherited) @executable_path/Frameworks";
				PRODUCT_NAME = "$(TARGET_NAME)";
			};
			name = Debug;
		};
		69A2F4291B7B71AC00EC07D1 /* Release */ = {
			isa = XCBuildConfiguration;
			buildSettings = {
				ASSETCATALOG_COMPILER_APPICON_NAME = AppIcon;
				INFOPLIST_FILE = "MyWay-IOS/Info.plist";
				LD_RUNPATH_SEARCH_PATHS = "$(inherited) @executable_path/Frameworks";
				PRODUCT_NAME = "$(TARGET_NAME)";
			};
			name = Release;
		};
		69A2F42B1B7B71AC00EC07D1 /* Debug */ = {
			isa = XCBuildConfiguration;
			buildSettings = {
				BUNDLE_LOADER = "$(TEST_HOST)";
				FRAMEWORK_SEARCH_PATHS = (
					"$(SDKROOT)/Developer/Library/Frameworks",
					"$(inherited)",
				);
				GCC_PREPROCESSOR_DEFINITIONS = (
					"DEBUG=1",
					"$(inherited)",
				);
				INFOPLIST_FILE = "MyWay-IOSTests/Info.plist";
				LD_RUNPATH_SEARCH_PATHS = "$(inherited) @executable_path/Frameworks @loader_path/Frameworks";
				PRODUCT_NAME = "$(TARGET_NAME)";
				TEST_HOST = "$(BUILT_PRODUCTS_DIR)/MyWay-IOS.app/MyWay-IOS";
			};
			name = Debug;
		};
		69A2F42C1B7B71AC00EC07D1 /* Release */ = {
			isa = XCBuildConfiguration;
			buildSettings = {
				BUNDLE_LOADER = "$(TEST_HOST)";
				FRAMEWORK_SEARCH_PATHS = (
					"$(SDKROOT)/Developer/Library/Frameworks",
					"$(inherited)",
				);
				INFOPLIST_FILE = "MyWay-IOSTests/Info.plist";
				LD_RUNPATH_SEARCH_PATHS = "$(inherited) @executable_path/Frameworks @loader_path/Frameworks";
				PRODUCT_NAME = "$(TARGET_NAME)";
				TEST_HOST = "$(BUILT_PRODUCTS_DIR)/MyWay-IOS.app/MyWay-IOS";
			};
			name = Release;
		};
/* End XCBuildConfiguration section */

/* Begin XCConfigurationList section */
		69A2F4031B7B71AA00EC07D1 /* Build configuration list for PBXProject "MyWay-IOS" */ = {
			isa = XCConfigurationList;
			buildConfigurations = (
				69A2F4251B7B71AC00EC07D1 /* Debug */,
				69A2F4261B7B71AC00EC07D1 /* Release */,
			);
			defaultConfigurationIsVisible = 0;
			defaultConfigurationName = Release;
		};
		69A2F4271B7B71AC00EC07D1 /* Build configuration list for PBXNativeTarget "MyWay-IOS" */ = {
			isa = XCConfigurationList;
			buildConfigurations = (
				69A2F4281B7B71AC00EC07D1 /* Debug */,
				69A2F4291B7B71AC00EC07D1 /* Release */,
			);
			defaultConfigurationIsVisible = 0;
			defaultConfigurationName = Release;
		};
		69A2F42A1B7B71AC00EC07D1 /* Build configuration list for PBXNativeTarget "MyWay-IOSTests" */ = {
			isa = XCConfigurationList;
			buildConfigurations = (
				69A2F42B1B7B71AC00EC07D1 /* Debug */,
				69A2F42C1B7B71AC00EC07D1 /* Release */,
			);
			defaultConfigurationIsVisible = 0;
			defaultConfigurationName = Release;
		};
/* End XCConfigurationList section */
	};
	rootObject = 69A2F4001B7B71A900EC07D1 /* Project object */;
}
